
Microsoft Visual Studio Solution File, Format Version 12.00
# Visual Studio Version 16
VisualStudioVersion = 16.0.30709.132
MinimumVisualStudioVersion = 10.0.40219.1
Project("{2150E333-8FDC-42A3-9474-1A3956D46DE8}") = "Base", "Base", "{0201EFA2-2CDD-4743-96AA-4963D4A02D35}"
EndProject
Project("{2150E333-8FDC-42A3-9474-1A3956D46DE8}") = "DataStores", "DataStores", "{1C6C4DCE-5900-4893-97FD-7F922149F2B4}"
EndProject
Project("{2150E333-8FDC-42A3-9474-1A3956D46DE8}") = "Iqt", "Iqt", "{51B459D5-8041-4123-9E72-390D5F01F50E}"
EndProject
Project("{2150E333-8FDC-42A3-9474-1A3956D46DE8}") = "Modules", "Modules", "{099097AA-1111-4037-AE3D-DE123BDFE894}"
EndProject
Project("{2150E333-8FDC-42A3-9474-1A3956D46DE8}") = "Source", "Source", "{D0DAA8F7-0320-4C43-965E-81185165F9E1}"
EndProject
Project("{9A19103F-16F7-4668-BE54-9A1E7A4F7556}") = "FeawThings", "..\FeawThings.Base\FeawThings\FeawThings.csproj", "{3AF0DCC6-505B-43F7-AD9E-A543FACBEB9F}"
EndProject
Project("{9A19103F-16F7-4668-BE54-9A1E7A4F7556}") = "FeawThings.Web.Site", "FeawThings.Web.Site\FeawThings.Web.Site.csproj", "{B7F4FEE1-1046-4E24-B734-AF4343BF3710}"
EndProject
Project("{9A19103F-16F7-4668-BE54-9A1E7A4F7556}") = "FeawThings.Web.Admin", "FeawThings.Web.Admin\FeawThings.Web.Admin.csproj", "{57BD96D8-27F3-4EFD-BFE0-8A16DE1FF5FB}"
EndProject
Project("{9A19103F-16F7-4668-BE54-9A1E7A4F7556}") = "FeawThings.Web.Api", "FeawThings.Web.Api\FeawThings.Web.Api.csproj", "{E9B409E7-2205-45BE-8811-353BE279374E}"
EndProject
Project("{9A19103F-16F7-4668-BE54-9A1E7A4F7556}") = "FeawThings.Web.Clients", "FeawThings.Web.Clients\FeawThings.Web.Clients.csproj", "{E0A9E381-2BB5-433D-9E00-02C3757CA577}"
EndProject
Project("{9A19103F-16F7-4668-BE54-9A1E7A4F7556}") = "FeawThings.Web.Identity", "FeawThings.Web.Identity\FeawThings.Web.Identity.csproj", "{1E1675E3-18DC-4ACE-AD96-CDF0378CCC94}"
EndProject
Project("{9A19103F-16F7-4668-BE54-9A1E7A4F7556}") = "Iqt.Base", "..\..\..\IqtFramework\Iqt.Base\Iqt.Base.csproj", "{8BEB6E31-A164-4467-A57E-62C2EBA3A4F1}"
EndProject
Project("{9A19103F-16F7-4668-BE54-9A1E7A4F7556}") = "Iqt.Web", "..\..\..\IqtFramework\Iqt.Web\Iqt.Web.csproj", "{6D198E40-9DC4-4683-B82B-B5A21B84689D}"
EndProject
Project("{2150E333-8FDC-42A3-9474-1A3956D46DE8}") = "Identity", "Identity", "{86E509FF-BA87-4B28-B0B3-B8DAD972748C}"
EndProject
Project("{9A19103F-16F7-4668-BE54-9A1E7A4F7556}") = "Identity.Base", "..\..\..\Modules\Identity\Identity.Base\Identity.Base.csproj", "{C14B0EDA-D7C6-4626-A305-F7FB5FADBC58}"
EndProject
Project("{9A19103F-16F7-4668-BE54-9A1E7A4F7556}") = "FeawThings.Web.Datastore", "FeawThings.Web.Datastore\FeawThings.Web.Datastore.csproj", "{9BD65710-21E9-48EF-8A3B-C0A3DBB7B6DA}"
EndProject
Project("{2150E333-8FDC-42A3-9474-1A3956D46DE8}") = "Troubleshooting", "Troubleshooting", "{CEA0488E-FE0B-49DB-8A1B-3F569D3A9AA9}"
EndProject
Project("{9A19103F-16F7-4668-BE54-9A1E7A4F7556}") = "Troubleshooting.Base", "..\..\..\Modules\Troubleshooting\Troubleshooting.Base\Troubleshooting.Base.csproj", "{44C27F0E-BAD2-46E9-AE4E-2D9257A4F8CC}"
EndProject
Project("{9A19103F-16F7-4668-BE54-9A1E7A4F7556}") = "Troubleshooting.Core", "..\..\..\Modules\Troubleshooting\Troubleshooting.Core\Troubleshooting.Core.csproj", "{6C917392-3712-44A1-8646-2388E96FB36F}"
EndProject
Project("{2150E333-8FDC-42A3-9474-1A3956D46DE8}") = "Services", "Services", "{6D4A0BF5-5C46-4F94-816F-935340C1B52D}"
EndProject
Project("{9A19103F-16F7-4668-BE54-9A1E7A4F7556}") = "Services.Base", "..\..\..\Modules\Services\Services.Base\Services.Base.csproj", "{D319DBD2-0B50-477F-85F4-8E568E012094}"
EndProject
Project("{9A19103F-16F7-4668-BE54-9A1E7A4F7556}") = "Services.Core", "..\..\..\Modules\Services\Services.Core\Services.Core.csproj", "{BA255D9F-191A-42A9-AEDF-8B42054CE918}"
EndProject
Project("{9A19103F-16F7-4668-BE54-9A1E7A4F7556}") = "Blogging.Base", "..\..\..\Modules\Blogging\Blogging.Base\Blogging.Base.csproj", "{7A12E38E-1754-4BCA-83B5-53F7F303DCC0}"
EndProject
Project("{2150E333-8FDC-42A3-9474-1A3956D46DE8}") = "Blogging", "Blogging", "{EFD515CF-477E-4686-95F7-099FA896B102}"
EndProject
Project("{9A19103F-16F7-4668-BE54-9A1E7A4F7556}") = "Blogging.Core", "..\..\..\Modules\Blogging\Blogging.Core\Blogging.Core.csproj", "{7894A5EF-B5AE-4BBE-9B69-324596266D34}"
EndProject
Project("{2150E333-8FDC-42A3-9474-1A3956D46DE8}") = "Customers", "Customers", "{9F212C1A-7C40-4960-8555-393065FD035E}"
EndProject
Project("{9A19103F-16F7-4668-BE54-9A1E7A4F7556}") = "Customers.Base", "..\..\..\Modules\Customers\Customers.Base\Customers.Base.csproj", "{1073D34B-9179-452F-B682-C350CAA17B78}"
EndProject
Project("{9A19103F-16F7-4668-BE54-9A1E7A4F7556}") = "Customers.Core", "..\..\..\Modules\Customers\Customers.Core\Customers.Core.csproj", "{BFFFA9B4-3392-445D-ADB2-6E05F7643FF6}"
EndProject
Project("{9A19103F-16F7-4668-BE54-9A1E7A4F7556}") = "FeawThings.Web", "..\FeawThings.Base\FeawThings.Web\FeawThings.Web.csproj", "{004C79FF-29C1-4999-9C07-2F6E684F29D2}"
EndProject
Project("{2150E333-8FDC-42A3-9474-1A3956D46DE8}") = "Mailing", "Mailing", "{1F7E8A36-056D-481B-AA73-B6256E00E8E1}"
EndProject
Project("{9A19103F-16F7-4668-BE54-9A1E7A4F7556}") = "Mailing.Base", "..\..\..\Modules\Mailing\Mailing.Base\Mailing.Base.csproj", "{40C6FE5A-44C1-423C-88F6-529B42056550}"
EndProject
Project("{2150E333-8FDC-42A3-9474-1A3956D46DE8}") = "Shopping", "Shopping", "{8237171F-F322-41EF-9628-E683C7727A38}"
EndProject
Project("{9A19103F-16F7-4668-BE54-9A1E7A4F7556}") = "Shopping.Base", "..\..\..\Modules\Shopping\Shopping.Base\Shopping.Base.csproj", "{683D5291-A9F9-4B1C-8735-AEF92F45C429}"
EndProject
Project("{9A19103F-16F7-4668-BE54-9A1E7A4F7556}") = "Shopping.Core", "..\..\..\Modules\Shopping\Shopping.Core\Shopping.Core.csproj", "{93A8D31A-24D6-41A7-9999-22B0FBC33BD3}"
EndProject
Project("{2150E333-8FDC-42A3-9474-1A3956D46DE8}") = "Products", "Products", "{2451C3B6-7F94-4F44-A45A-301D0C2DAFB8}"
EndProject
Project("{9A19103F-16F7-4668-BE54-9A1E7A4F7556}") = "Products.Base", "..\..\..\Modules\Products\Products.Base\Products.Base.csproj", "{EEE718CE-E8D7-4546-8074-360979E6502C}"
EndProject
Project("{9A19103F-16F7-4668-BE54-9A1E7A4F7556}") = "Products.Core", "..\..\..\Modules\Products\Products.Core\Products.Core.csproj", "{2CB47E6A-5883-40F8-B39A-DCC0AE96B186}"
EndProject
Project("{2150E333-8FDC-42A3-9474-1A3956D46DE8}") = "Feedback", "Feedback", "{20211D09-5227-49FC-81C4-27F9CC96F206}"
EndProject
Project("{9A19103F-16F7-4668-BE54-9A1E7A4F7556}") = "Feedback.Base", "..\..\..\Modules\Feedback\Feedback.Base\Feedback.Base.csproj", "{DE7CF7EC-AA35-4076-A32F-95B4BD8BF67F}"
EndProject
Project("{9A19103F-16F7-4668-BE54-9A1E7A4F7556}") = "Feedback.Core", "..\..\..\Modules\Feedback\Feedback.Core\Feedback.Core.csproj", "{1042756C-76F2-4853-B947-6EF24B8AE4A3}"
EndProject
Project("{2150E333-8FDC-42A3-9474-1A3956D46DE8}") = "Grouping", "Grouping", "{1CC3D249-8308-402A-8D5A-A0F62B3A77DF}"
EndProject
Project("{9A19103F-16F7-4668-BE54-9A1E7A4F7556}") = "Grouping.Base", "..\..\..\Modules\Grouping\Grouping.Base\Grouping.Base.csproj", "{2C99F53E-90A6-4D27-929F-EA8D32EAA7F2}"
EndProject
Project("{9A19103F-16F7-4668-BE54-9A1E7A4F7556}") = "Grouping.Core", "..\..\..\Modules\Grouping\Grouping.Core\Grouping.Core.csproj", "{853911F8-4AC4-4451-846D-BC6AD85B8468}"
EndProject
Global
	GlobalSection(SolutionConfigurationPlatforms) = preSolution
		Debug|Any CPU = Debug|Any CPU
		Release|Any CPU = Release|Any CPU
	EndGlobalSection
	GlobalSection(ProjectConfigurationPlatforms) = postSolution
		{3AF0DCC6-505B-43F7-AD9E-A543FACBEB9F}.Debug|Any CPU.ActiveCfg = Debug|Any CPU
		{3AF0DCC6-505B-43F7-AD9E-A543FACBEB9F}.Debug|Any CPU.Build.0 = Debug|Any CPU
		{3AF0DCC6-505B-43F7-AD9E-A543FACBEB9F}.Release|Any CPU.ActiveCfg = Release|Any CPU
		{3AF0DCC6-505B-43F7-AD9E-A543FACBEB9F}.Release|Any CPU.Build.0 = Release|Any CPU
		{B7F4FEE1-1046-4E24-B734-AF4343BF3710}.Debug|Any CPU.ActiveCfg = Debug|Any CPU
		{B7F4FEE1-1046-4E24-B734-AF4343BF3710}.Debug|Any CPU.Build.0 = Debug|Any CPU
		{B7F4FEE1-1046-4E24-B734-AF4343BF3710}.Release|Any CPU.ActiveCfg = Release|Any CPU
		{B7F4FEE1-1046-4E24-B734-AF4343BF3710}.Release|Any CPU.Build.0 = Release|Any CPU
		{57BD96D8-27F3-4EFD-BFE0-8A16DE1FF5FB}.Debug|Any CPU.ActiveCfg = Debug|Any CPU
		{57BD96D8-27F3-4EFD-BFE0-8A16DE1FF5FB}.Debug|Any CPU.Build.0 = Debug|Any CPU
		{57BD96D8-27F3-4EFD-BFE0-8A16DE1FF5FB}.Release|Any CPU.ActiveCfg = Release|Any CPU
		{57BD96D8-27F3-4EFD-BFE0-8A16DE1FF5FB}.Release|Any CPU.Build.0 = Release|Any CPU
		{E9B409E7-2205-45BE-8811-353BE279374E}.Debug|Any CPU.ActiveCfg = Debug|Any CPU
		{E9B409E7-2205-45BE-8811-353BE279374E}.Debug|Any CPU.Build.0 = Debug|Any CPU
		{E9B409E7-2205-45BE-8811-353BE279374E}.Release|Any CPU.ActiveCfg = Release|Any CPU
		{E9B409E7-2205-45BE-8811-353BE279374E}.Release|Any CPU.Build.0 = Release|Any CPU
		{E0A9E381-2BB5-433D-9E00-02C3757CA577}.Debug|Any CPU.ActiveCfg = Debug|Any CPU
		{E0A9E381-2BB5-433D-9E00-02C3757CA577}.Debug|Any CPU.Build.0 = Debug|Any CPU
		{E0A9E381-2BB5-433D-9E00-02C3757CA577}.Release|Any CPU.ActiveCfg = Release|Any CPU
		{E0A9E381-2BB5-433D-9E00-02C3757CA577}.Release|Any CPU.Build.0 = Release|Any CPU
		{1E1675E3-18DC-4ACE-AD96-CDF0378CCC94}.Debug|Any CPU.ActiveCfg = Debug|Any CPU
		{1E1675E3-18DC-4ACE-AD96-CDF0378CCC94}.Debug|Any CPU.Build.0 = Debug|Any CPU
		{1E1675E3-18DC-4ACE-AD96-CDF0378CCC94}.Release|Any CPU.ActiveCfg = Release|Any CPU
		{1E1675E3-18DC-4ACE-AD96-CDF0378CCC94}.Release|Any CPU.Build.0 = Release|Any CPU
		{8BEB6E31-A164-4467-A57E-62C2EBA3A4F1}.Debug|Any CPU.ActiveCfg = Debug|Any CPU
		{8BEB6E31-A164-4467-A57E-62C2EBA3A4F1}.Debug|Any CPU.Build.0 = Debug|Any CPU
		{8BEB6E31-A164-4467-A57E-62C2EBA3A4F1}.Release|Any CPU.ActiveCfg = Release|Any CPU
		{8BEB6E31-A164-4467-A57E-62C2EBA3A4F1}.Release|Any CPU.Build.0 = Release|Any CPU
		{6D198E40-9DC4-4683-B82B-B5A21B84689D}.Debug|Any CPU.ActiveCfg = Debug|Any CPU
		{6D198E40-9DC4-4683-B82B-B5A21B84689D}.Debug|Any CPU.Build.0 = Debug|Any CPU
		{6D198E40-9DC4-4683-B82B-B5A21B84689D}.Release|Any CPU.ActiveCfg = Release|Any CPU
		{6D198E40-9DC4-4683-B82B-B5A21B84689D}.Release|Any CPU.Build.0 = Release|Any CPU
		{C14B0EDA-D7C6-4626-A305-F7FB5FADBC58}.Debug|Any CPU.ActiveCfg = Debug|Any CPU
		{C14B0EDA-D7C6-4626-A305-F7FB5FADBC58}.Debug|Any CPU.Build.0 = Debug|Any CPU
		{C14B0EDA-D7C6-4626-A305-F7FB5FADBC58}.Release|Any CPU.ActiveCfg = Release|Any CPU
		{C14B0EDA-D7C6-4626-A305-F7FB5FADBC58}.Release|Any CPU.Build.0 = Release|Any CPU
		{9BD65710-21E9-48EF-8A3B-C0A3DBB7B6DA}.Debug|Any CPU.ActiveCfg = Debug|Any CPU
		{9BD65710-21E9-48EF-8A3B-C0A3DBB7B6DA}.Debug|Any CPU.Build.0 = Debug|Any CPU
		{9BD65710-21E9-48EF-8A3B-C0A3DBB7B6DA}.Release|Any CPU.ActiveCfg = Release|Any CPU
		{9BD65710-21E9-48EF-8A3B-C0A3DBB7B6DA}.Release|Any CPU.Build.0 = Release|Any CPU
		{44C27F0E-BAD2-46E9-AE4E-2D9257A4F8CC}.Debug|Any CPU.ActiveCfg = Debug|Any CPU
		{44C27F0E-BAD2-46E9-AE4E-2D9257A4F8CC}.Debug|Any CPU.Build.0 = Debug|Any CPU
		{44C27F0E-BAD2-46E9-AE4E-2D9257A4F8CC}.Release|Any CPU.ActiveCfg = Release|Any CPU
		{44C27F0E-BAD2-46E9-AE4E-2D9257A4F8CC}.Release|Any CPU.Build.0 = Release|Any CPU
		{6C917392-3712-44A1-8646-2388E96FB36F}.Debug|Any CPU.ActiveCfg = Debug|Any CPU
		{6C917392-3712-44A1-8646-2388E96FB36F}.Debug|Any CPU.Build.0 = Debug|Any CPU
		{6C917392-3712-44A1-8646-2388E96FB36F}.Release|Any CPU.ActiveCfg = Release|Any CPU
		{6C917392-3712-44A1-8646-2388E96FB36F}.Release|Any CPU.Build.0 = Release|Any CPU
		{D319DBD2-0B50-477F-85F4-8E568E012094}.Debug|Any CPU.ActiveCfg = Debug|Any CPU
		{D319DBD2-0B50-477F-85F4-8E568E012094}.Debug|Any CPU.Build.0 = Debug|Any CPU
		{D319DBD2-0B50-477F-85F4-8E568E012094}.Release|Any CPU.ActiveCfg = Release|Any CPU
		{D319DBD2-0B50-477F-85F4-8E568E012094}.Release|Any CPU.Build.0 = Release|Any CPU
		{BA255D9F-191A-42A9-AEDF-8B42054CE918}.Debug|Any CPU.ActiveCfg = Debug|Any CPU
		{BA255D9F-191A-42A9-AEDF-8B42054CE918}.Debug|Any CPU.Build.0 = Debug|Any CPU
		{BA255D9F-191A-42A9-AEDF-8B42054CE918}.Release|Any CPU.ActiveCfg = Release|Any CPU
		{BA255D9F-191A-42A9-AEDF-8B42054CE918}.Release|Any CPU.Build.0 = Release|Any CPU
		{7A12E38E-1754-4BCA-83B5-53F7F303DCC0}.Debug|Any CPU.ActiveCfg = Debug|Any CPU
		{7A12E38E-1754-4BCA-83B5-53F7F303DCC0}.Debug|Any CPU.Build.0 = Debug|Any CPU
		{7A12E38E-1754-4BCA-83B5-53F7F303DCC0}.Release|Any CPU.ActiveCfg = Release|Any CPU
		{7A12E38E-1754-4BCA-83B5-53F7F303DCC0}.Release|Any CPU.Build.0 = Release|Any CPU
		{7894A5EF-B5AE-4BBE-9B69-324596266D34}.Debug|Any CPU.ActiveCfg = Debug|Any CPU
		{7894A5EF-B5AE-4BBE-9B69-324596266D34}.Debug|Any CPU.Build.0 = Debug|Any CPU
		{7894A5EF-B5AE-4BBE-9B69-324596266D34}.Release|Any CPU.ActiveCfg = Release|Any CPU
		{7894A5EF-B5AE-4BBE-9B69-324596266D34}.Release|Any CPU.Build.0 = Release|Any CPU
		{1073D34B-9179-452F-B682-C350CAA17B78}.Debug|Any CPU.ActiveCfg = Debug|Any CPU
		{1073D34B-9179-452F-B682-C350CAA17B78}.Debug|Any CPU.Build.0 = Debug|Any CPU
		{1073D34B-9179-452F-B682-C350CAA17B78}.Release|Any CPU.ActiveCfg = Release|Any CPU
		{1073D34B-9179-452F-B682-C350CAA17B78}.Release|Any CPU.Build.0 = Release|Any CPU
		{BFFFA9B4-3392-445D-ADB2-6E05F7643FF6}.Debug|Any CPU.ActiveCfg = Debug|Any CPU
		{BFFFA9B4-3392-445D-ADB2-6E05F7643FF6}.Debug|Any CPU.Build.0 = Debug|Any CPU
		{BFFFA9B4-3392-445D-ADB2-6E05F7643FF6}.Release|Any CPU.ActiveCfg = Release|Any CPU
		{BFFFA9B4-3392-445D-ADB2-6E05F7643FF6}.Release|Any CPU.Build.0 = Release|Any CPU
		{004C79FF-29C1-4999-9C07-2F6E684F29D2}.Debug|Any CPU.ActiveCfg = Debug|Any CPU
		{004C79FF-29C1-4999-9C07-2F6E684F29D2}.Debug|Any CPU.Build.0 = Debug|Any CPU
		{004C79FF-29C1-4999-9C07-2F6E684F29D2}.Release|Any CPU.ActiveCfg = Release|Any CPU
		{004C79FF-29C1-4999-9C07-2F6E684F29D2}.Release|Any CPU.Build.0 = Release|Any CPU
		{40C6FE5A-44C1-423C-88F6-529B42056550}.Debug|Any CPU.ActiveCfg = Debug|Any CPU
		{40C6FE5A-44C1-423C-88F6-529B42056550}.Debug|Any CPU.Build.0 = Debug|Any CPU
		{40C6FE5A-44C1-423C-88F6-529B42056550}.Release|Any CPU.ActiveCfg = Release|Any CPU
		{40C6FE5A-44C1-423C-88F6-529B42056550}.Release|Any CPU.Build.0 = Release|Any CPU
		{683D5291-A9F9-4B1C-8735-AEF92F45C429}.Debug|Any CPU.ActiveCfg = Debug|Any CPU
		{683D5291-A9F9-4B1C-8735-AEF92F45C429}.Debug|Any CPU.Build.0 = Debug|Any CPU
		{683D5291-A9F9-4B1C-8735-AEF92F45C429}.Release|Any CPU.ActiveCfg = Release|Any CPU
		{683D5291-A9F9-4B1C-8735-AEF92F45C429}.Release|Any CPU.Build.0 = Release|Any CPU
		{93A8D31A-24D6-41A7-9999-22B0FBC33BD3}.Debug|Any CPU.ActiveCfg = Debug|Any CPU
		{93A8D31A-24D6-41A7-9999-22B0FBC33BD3}.Debug|Any CPU.Build.0 = Debug|Any CPU
		{93A8D31A-24D6-41A7-9999-22B0FBC33BD3}.Release|Any CPU.ActiveCfg = Release|Any CPU
		{93A8D31A-24D6-41A7-9999-22B0FBC33BD3}.Release|Any CPU.Build.0 = Release|Any CPU
		{EEE718CE-E8D7-4546-8074-360979E6502C}.Debug|Any CPU.ActiveCfg = Debug|Any CPU
		{EEE718CE-E8D7-4546-8074-360979E6502C}.Debug|Any CPU.Build.0 = Debug|Any CPU
		{EEE718CE-E8D7-4546-8074-360979E6502C}.Release|Any CPU.ActiveCfg = Release|Any CPU
		{EEE718CE-E8D7-4546-8074-360979E6502C}.Release|Any CPU.Build.0 = Release|Any CPU
		{2CB47E6A-5883-40F8-B39A-DCC0AE96B186}.Debug|Any CPU.ActiveCfg = Debug|Any CPU
		{2CB47E6A-5883-40F8-B39A-DCC0AE96B186}.Debug|Any CPU.Build.0 = Debug|Any CPU
		{2CB47E6A-5883-40F8-B39A-DCC0AE96B186}.Release|Any CPU.ActiveCfg = Release|Any CPU
		{2CB47E6A-5883-40F8-B39A-DCC0AE96B186}.Release|Any CPU.Build.0 = Release|Any CPU
		{DE7CF7EC-AA35-4076-A32F-95B4BD8BF67F}.Debug|Any CPU.ActiveCfg = Debug|Any CPU
		{DE7CF7EC-AA35-4076-A32F-95B4BD8BF67F}.Debug|Any CPU.Build.0 = Debug|Any CPU
		{DE7CF7EC-AA35-4076-A32F-95B4BD8BF67F}.Release|Any CPU.ActiveCfg = Release|Any CPU
		{DE7CF7EC-AA35-4076-A32F-95B4BD8BF67F}.Release|Any CPU.Build.0 = Release|Any CPU
		{1042756C-76F2-4853-B947-6EF24B8AE4A3}.Debug|Any CPU.ActiveCfg = Debug|Any CPU
		{1042756C-76F2-4853-B947-6EF24B8AE4A3}.Debug|Any CPU.Build.0 = Debug|Any CPU
		{1042756C-76F2-4853-B947-6EF24B8AE4A3}.Release|Any CPU.ActiveCfg = Release|Any CPU
		{1042756C-76F2-4853-B947-6EF24B8AE4A3}.Release|Any CPU.Build.0 = Release|Any CPU
		{2C99F53E-90A6-4D27-929F-EA8D32EAA7F2}.Debug|Any CPU.ActiveCfg = Debug|Any CPU
		{2C99F53E-90A6-4D27-929F-EA8D32EAA7F2}.Debug|Any CPU.Build.0 = Debug|Any CPU
		{2C99F53E-90A6-4D27-929F-EA8D32EAA7F2}.Release|Any CPU.ActiveCfg = Release|Any CPU
		{2C99F53E-90A6-4D27-929F-EA8D32EAA7F2}.Release|Any CPU.Build.0 = Release|Any CPU
		{853911F8-4AC4-4451-846D-BC6AD85B8468}.Debug|Any CPU.ActiveCfg = Debug|Any CPU
		{853911F8-4AC4-4451-846D-BC6AD85B8468}.Debug|Any CPU.Build.0 = Debug|Any CPU
		{853911F8-4AC4-4451-846D-BC6AD85B8468}.Release|Any CPU.ActiveCfg = Release|Any CPU
		{853911F8-4AC4-4451-846D-BC6AD85B8468}.Release|Any CPU.Build.0 = Release|Any CPU
	EndGlobalSection
	GlobalSection(SolutionProperties) = preSolution
		HideSolutionNode = FALSE
	EndGlobalSection
	GlobalSection(NestedProjects) = preSolution
		{3AF0DCC6-505B-43F7-AD9E-A543FACBEB9F} = {0201EFA2-2CDD-4743-96AA-4963D4A02D35}
		{B7F4FEE1-1046-4E24-B734-AF4343BF3710} = {D0DAA8F7-0320-4C43-965E-81185165F9E1}
		{57BD96D8-27F3-4EFD-BFE0-8A16DE1FF5FB} = {D0DAA8F7-0320-4C43-965E-81185165F9E1}
		{E9B409E7-2205-45BE-8811-353BE279374E} = {D0DAA8F7-0320-4C43-965E-81185165F9E1}
		{E0A9E381-2BB5-433D-9E00-02C3757CA577} = {D0DAA8F7-0320-4C43-965E-81185165F9E1}
		{1E1675E3-18DC-4ACE-AD96-CDF0378CCC94} = {D0DAA8F7-0320-4C43-965E-81185165F9E1}
		{8BEB6E31-A164-4467-A57E-62C2EBA3A4F1} = {51B459D5-8041-4123-9E72-390D5F01F50E}
		{6D198E40-9DC4-4683-B82B-B5A21B84689D} = {51B459D5-8041-4123-9E72-390D5F01F50E}
		{86E509FF-BA87-4B28-B0B3-B8DAD972748C} = {099097AA-1111-4037-AE3D-DE123BDFE894}
		{C14B0EDA-D7C6-4626-A305-F7FB5FADBC58} = {86E509FF-BA87-4B28-B0B3-B8DAD972748C}
		{9BD65710-21E9-48EF-8A3B-C0A3DBB7B6DA} = {1C6C4DCE-5900-4893-97FD-7F922149F2B4}
		{CEA0488E-FE0B-49DB-8A1B-3F569D3A9AA9} = {099097AA-1111-4037-AE3D-DE123BDFE894}
		{44C27F0E-BAD2-46E9-AE4E-2D9257A4F8CC} = {CEA0488E-FE0B-49DB-8A1B-3F569D3A9AA9}
		{6C917392-3712-44A1-8646-2388E96FB36F} = {CEA0488E-FE0B-49DB-8A1B-3F569D3A9AA9}
		{6D4A0BF5-5C46-4F94-816F-935340C1B52D} = {099097AA-1111-4037-AE3D-DE123BDFE894}
		{D319DBD2-0B50-477F-85F4-8E568E012094} = {6D4A0BF5-5C46-4F94-816F-935340C1B52D}
		{BA255D9F-191A-42A9-AEDF-8B42054CE918} = {6D4A0BF5-5C46-4F94-816F-935340C1B52D}
		{7A12E38E-1754-4BCA-83B5-53F7F303DCC0} = {EFD515CF-477E-4686-95F7-099FA896B102}
		{EFD515CF-477E-4686-95F7-099FA896B102} = {099097AA-1111-4037-AE3D-DE123BDFE894}
		{7894A5EF-B5AE-4BBE-9B69-324596266D34} = {EFD515CF-477E-4686-95F7-099FA896B102}
		{9F212C1A-7C40-4960-8555-393065FD035E} = {099097AA-1111-4037-AE3D-DE123BDFE894}
		{1073D34B-9179-452F-B682-C350CAA17B78} = {9F212C1A-7C40-4960-8555-393065FD035E}
		{BFFFA9B4-3392-445D-ADB2-6E05F7643FF6} = {9F212C1A-7C40-4960-8555-393065FD035E}
		{004C79FF-29C1-4999-9C07-2F6E684F29D2} = {0201EFA2-2CDD-4743-96AA-4963D4A02D35}
		{1F7E8A36-056D-481B-AA73-B6256E00E8E1} = {099097AA-1111-4037-AE3D-DE123BDFE894}
		{40C6FE5A-44C1-423C-88F6-529B42056550} = {1F7E8A36-056D-481B-AA73-B6256E00E8E1}
		{8237171F-F322-41EF-9628-E683C7727A38} = {099097AA-1111-4037-AE3D-DE123BDFE894}
		{683D5291-A9F9-4B1C-8735-AEF92F45C429} = {8237171F-F322-41EF-9628-E683C7727A38}
		{93A8D31A-24D6-41A7-9999-22B0FBC33BD3} = {8237171F-F322-41EF-9628-E683C7727A38}
		{2451C3B6-7F94-4F44-A45A-301D0C2DAFB8} = {099097AA-1111-4037-AE3D-DE123BDFE894}
		{EEE718CE-E8D7-4546-8074-360979E6502C} = {2451C3B6-7F94-4F44-A45A-301D0C2DAFB8}
		{2CB47E6A-5883-40F8-B39A-DCC0AE96B186} = {2451C3B6-7F94-4F44-A45A-301D0C2DAFB8}
		{20211D09-5227-49FC-81C4-27F9CC96F206} = {099097AA-1111-4037-AE3D-DE123BDFE894}
		{DE7CF7EC-AA35-4076-A32F-95B4BD8BF67F} = {20211D09-5227-49FC-81C4-27F9CC96F206}
		{1042756C-76F2-4853-B947-6EF24B8AE4A3} = {20211D09-5227-49FC-81C4-27F9CC96F206}
		{1CC3D249-8308-402A-8D5A-A0F62B3A77DF} = {099097AA-1111-4037-AE3D-DE123BDFE894}
		{2C99F53E-90A6-4D27-929F-EA8D32EAA7F2} = {1CC3D249-8308-402A-8D5A-A0F62B3A77DF}
		{853911F8-4AC4-4451-846D-BC6AD85B8468} = {1CC3D249-8308-402A-8D5A-A0F62B3A77DF}
	EndGlobalSection
	GlobalSection(ExtensibilityGlobals) = postSolution
		SolutionGuid = {0EFFBE96-8A8F-445B-9A44-D92B03B761C7}
	EndGlobalSection
EndGlobal
