
Microsoft Visual Studio Solution File, Format Version 12.00
# Visual Studio Version 16
VisualStudioVersion = 16.0.30709.132
MinimumVisualStudioVersion = 10.0.40219.1
Project("{2150E333-8FDC-42A3-9474-1A3956D46DE8}") = "Base", "Base", "{98405A6A-3F63-41F5-B7C0-5F075B3E6784}"
EndProject
Project("{2150E333-8FDC-42A3-9474-1A3956D46DE8}") = "DataStores", "DataStores", "{F883F3D1-CA0D-4567-AE62-E98BDCE5D9E2}"
EndProject
Project("{2150E333-8FDC-42A3-9474-1A3956D46DE8}") = "Iqt", "Iqt", "{9EBE0CC8-E349-4248-B741-BE987C8091C8}"
EndProject
Project("{2150E333-8FDC-42A3-9474-1A3956D46DE8}") = "Modules", "Modules", "{FEA89A04-B339-41D3-B4B8-109CDDB792A0}"
EndProject
Project("{2150E333-8FDC-42A3-9474-1A3956D46DE8}") = "Source", "Source", "{6AA95AA7-F05E-4524-A82E-443FBCD18760}"
EndProject
Project("{9A19103F-16F7-4668-BE54-9A1E7A4F7556}") = "IQTechSolutions.Web.Api", "IQTechSolutions.Web.Api\IQTechSolutions.Web.Api.csproj", "{96CB0396-B1FD-4BD8-81CC-54EC00E00C3E}"
EndProject
Project("{9A19103F-16F7-4668-BE54-9A1E7A4F7556}") = "Iqt.Base", "..\..\..\IqtFramework\Iqt.Base\Iqt.Base.csproj", "{5AD9F8E9-C05F-4FD5-A796-26CAC27D7327}"
EndProject
Project("{9A19103F-16F7-4668-BE54-9A1E7A4F7556}") = "IQTechSolutions.Web.Admin", "IQTechSolutions.Web.Admin\IQTechSolutions.Web.Admin.csproj", "{28A4EA16-920B-40C3-B2A0-D622B7376E77}"
EndProject
Project("{9A19103F-16F7-4668-BE54-9A1E7A4F7556}") = "IQTechSolutions.Web.Site", "IQTechSolutions.Web.Site\IQTechSolutions.Web.Site.csproj", "{0AB63E40-405F-4B36-91BA-9815C08B5E16}"
EndProject
Project("{9A19103F-16F7-4668-BE54-9A1E7A4F7556}") = "IQTechSolutions.Web.Clients", "IQTechSolutions.Web.Clients\IQTechSolutions.Web.Clients.csproj", "{06A610DA-755A-40CC-A050-2CF892D468E1}"
EndProject
Project("{9A19103F-16F7-4668-BE54-9A1E7A4F7556}") = "IQTechSolutions.Web.Social", "IQTechSolutions.Web.Social\IQTechSolutions.Web.Social.csproj", "{4FF45E06-021A-421B-AB18-A69667420B13}"
EndProject
Project("{9A19103F-16F7-4668-BE54-9A1E7A4F7556}") = "IQTechSolutions", "..\IQTechSolutions.Base\IQTechSolutions\IQTechSolutions.csproj", "{B380EF38-FC3D-4AD4-B993-FCFB39798BEF}"
EndProject
Project("{2150E333-8FDC-42A3-9474-1A3956D46DE8}") = "Feedback", "Feedback", "{18DF82CA-BC0B-48EE-AB73-8DE8AB5A6C6C}"
EndProject
Project("{2150E333-8FDC-42A3-9474-1A3956D46DE8}") = "Filing", "Filing", "{7B19AD3F-DE38-45A5-9650-3209E7DE02DF}"
EndProject
Project("{9A19103F-16F7-4668-BE54-9A1E7A4F7556}") = "Filing.Base", "..\..\..\Modules\Filing\Filing.Base\Filing.Base.csproj", "{52BFAED5-3775-4328-AF22-2B33C8C01CF4}"
EndProject
Project("{9A19103F-16F7-4668-BE54-9A1E7A4F7556}") = "Filing.Core", "..\..\..\Modules\Filing\Filing.Core\Filing.Core.csproj", "{81DADDFB-6175-421B-90BF-6DAFD67FA326}"
EndProject
Project("{9A19103F-16F7-4668-BE54-9A1E7A4F7556}") = "Feedback.Base", "..\..\..\Modules\Feedback\Feedback.Base\Feedback.Base.csproj", "{CB710E9E-C2B7-4998-A8BC-460A51A26C15}"
EndProject
Project("{9A19103F-16F7-4668-BE54-9A1E7A4F7556}") = "Feedback.Core", "..\..\..\Modules\Feedback\Feedback.Core\Feedback.Core.csproj", "{1746FA55-4273-4952-8E36-C7A05AFEC46D}"
EndProject
Project("{9A19103F-16F7-4668-BE54-9A1E7A4F7556}") = "IQTechSolutions.Web", "IQTechSolutions.Web\IQTechSolutions.Web.csproj", "{6325B1DC-6E90-410A-B793-140AC66B666C}"
EndProject
Project("{2150E333-8FDC-42A3-9474-1A3956D46DE8}") = "Mailing", "Mailing", "{E1E3C558-07F6-4AEE-BA80-078A5E360DA2}"
EndProject
Project("{9A19103F-16F7-4668-BE54-9A1E7A4F7556}") = "Mailing.Base", "..\..\..\Modules\Mailing\Mailing.Base\Mailing.Base.csproj", "{88258FA2-BEF7-4400-B53E-E7705B3AA401}"
EndProject
Project("{2150E333-8FDC-42A3-9474-1A3956D46DE8}") = "Identity", "Identity", "{7CCC7E58-8CB8-4F21-8936-939FD1572E1F}"
EndProject
Project("{9A19103F-16F7-4668-BE54-9A1E7A4F7556}") = "Identity.Base", "..\..\..\Modules\Identity\Identity.Base\Identity.Base.csproj", "{E208DC46-3B6E-4BA5-8704-2C926B37CAE9}"
EndProject
Project("{9A19103F-16F7-4668-BE54-9A1E7A4F7556}") = "IQTechSolutions.DataStores", "IQTechSolutions.DataStores\IQTechSolutions.DataStores.csproj", "{F017BACB-2821-4E0E-9024-84CA28BF717F}"
EndProject
Project("{2150E333-8FDC-42A3-9474-1A3956D46DE8}") = "Blogging", "Blogging", "{C4E0A5D4-BB18-4022-B834-034A904A00D0}"
EndProject
Project("{9A19103F-16F7-4668-BE54-9A1E7A4F7556}") = "Blogging.Base", "..\..\..\Modules\Blogging\Blogging.Base\Blogging.Base.csproj", "{C3694907-E051-4F21-BE01-FFFBCD626276}"
EndProject
Project("{9A19103F-16F7-4668-BE54-9A1E7A4F7556}") = "Blogging.Core", "..\..\..\Modules\Blogging\Blogging.Core\Blogging.Core.csproj", "{0554F548-C08A-492B-B2B2-0B95D29283D9}"
EndProject
Project("{2150E333-8FDC-42A3-9474-1A3956D46DE8}") = "Troubleshooting", "Troubleshooting", "{7ACEFFB9-45DE-477F-9F7E-E2C7135F7900}"
EndProject
Project("{2150E333-8FDC-42A3-9474-1A3956D46DE8}") = "Grouping", "Grouping", "{504C3586-8CF6-4074-B24F-57E684B0C894}"
EndProject
Project("{9A19103F-16F7-4668-BE54-9A1E7A4F7556}") = "Grouping.Base", "..\..\..\Modules\Grouping\Grouping.Base\Grouping.Base.csproj", "{B3E7F0D2-D0A8-42E5-A18F-B8903130D749}"
EndProject
Project("{9A19103F-16F7-4668-BE54-9A1E7A4F7556}") = "Grouping.Core", "..\..\..\Modules\Grouping\Grouping.Core\Grouping.Core.csproj", "{BD86AA89-9967-4ADB-B4ED-594930FFBBF1}"
EndProject
Project("{9A19103F-16F7-4668-BE54-9A1E7A4F7556}") = "Iqt.Web", "..\..\..\IqtFramework\Iqt.Web\Iqt.Web.csproj", "{9E3A1602-0256-487F-A818-94D755F79EF9}"
EndProject
Project("{2150E333-8FDC-42A3-9474-1A3956D46DE8}") = "Projects", "Projects", "{2A5DB4EF-3214-4472-B570-5A1CF122AF91}"
EndProject
Project("{9A19103F-16F7-4668-BE54-9A1E7A4F7556}") = "IQTechSolutions.Web.Identity", "IQTechSolutions.Web.Identity\IQTechSolutions.Web.Identity.csproj", "{AE4CE72D-8E0E-4ECA-B6DE-EC659347002A}"
EndProject
Project("{2150E333-8FDC-42A3-9474-1A3956D46DE8}") = "Products", "Products", "{890125A5-C4C1-417E-A5C2-68CB16FE8C39}"
EndProject
Project("{2150E333-8FDC-42A3-9474-1A3956D46DE8}") = "Services", "Services", "{6AFCCAA4-6AE7-4A54-A8C8-FBC8553CE7F1}"
EndProject
Project("{9A19103F-16F7-4668-BE54-9A1E7A4F7556}") = "Projects.Base", "..\..\..\Modules\Projects\Projects.Base\Projects.Base.csproj", "{E0AA0718-1B20-4386-8DA3-3E00C1A6795C}"
EndProject
Project("{9A19103F-16F7-4668-BE54-9A1E7A4F7556}") = "Projects.Core", "..\..\..\Modules\Projects\Projects.Core\Projects.Core.csproj", "{C2CADEE6-89B8-4B77-9021-289F80A610C9}"
EndProject
Project("{9A19103F-16F7-4668-BE54-9A1E7A4F7556}") = "Services.Base", "..\..\..\Modules\Services\Services.Base\Services.Base.csproj", "{A00D9F58-BEF3-4094-B2AE-E070AA5DE384}"
EndProject
Project("{9A19103F-16F7-4668-BE54-9A1E7A4F7556}") = "Services.Core", "..\..\..\Modules\Services\Services.Core\Services.Core.csproj", "{E705ED49-B171-4947-93E3-C6E443EBB106}"
EndProject
Project("{9A19103F-16F7-4668-BE54-9A1E7A4F7556}") = "Products.Base", "..\..\..\Modules\Products\Products.Base\Products.Base.csproj", "{63176FB4-6414-4D08-8ED9-737921E5BE78}"
EndProject
Project("{9A19103F-16F7-4668-BE54-9A1E7A4F7556}") = "Products.Core", "..\..\..\Modules\Products\Products.Core\Products.Core.csproj", "{937F7CB0-09BC-4CE4-A892-333D47563939}"
EndProject
Project("{9A19103F-16F7-4668-BE54-9A1E7A4F7556}") = "Troubleshooting.Base", "..\..\..\Modules\Troubleshooting\Troubleshooting.Base\Troubleshooting.Base.csproj", "{8BA7B5E0-F4D5-4DC5-86D0-DCB942A93ECB}"
EndProject
Project("{9A19103F-16F7-4668-BE54-9A1E7A4F7556}") = "Troubleshooting.Core", "..\..\..\Modules\Troubleshooting\Troubleshooting.Core\Troubleshooting.Core.csproj", "{59C3239D-EE89-410C-998E-451A72E1B086}"
EndProject
Project("{2150E333-8FDC-42A3-9474-1A3956D46DE8}") = "Customers", "Customers", "{9D499C6C-E06B-4F7E-80FF-ED4A29E48D47}"
EndProject
Project("{9A19103F-16F7-4668-BE54-9A1E7A4F7556}") = "Customers.Base", "..\..\..\Modules\Customers\Customers.Base\Customers.Base.csproj", "{EE3403EA-41DA-4BCB-829E-A4576F8D36CD}"
EndProject
Project("{9A19103F-16F7-4668-BE54-9A1E7A4F7556}") = "Customers.Core", "..\..\..\Modules\Customers\Customers.Core\Customers.Core.csproj", "{F2599BCB-4916-4441-8DDD-9D23FA724D1F}"
EndProject
Project("{2150E333-8FDC-42A3-9474-1A3956D46DE8}") = "Employment", "Employment", "{CE3C206B-864E-4097-AFD3-B243D071C8FF}"
EndProject
Project("{2150E333-8FDC-42A3-9474-1A3956D46DE8}") = "Calendar", "Calendar", "{EB780B0F-E8FE-4727-87D3-2263D92ADC77}"
EndProject
Project("{9A19103F-16F7-4668-BE54-9A1E7A4F7556}") = "Calendar.Base", "..\..\..\Modules\Calendar\Calendar.Base\Calendar.Base.csproj", "{D20F7516-6DEB-4843-9F48-F09917D6B241}"
EndProject
Project("{9A19103F-16F7-4668-BE54-9A1E7A4F7556}") = "Calendar.Core", "..\..\..\Modules\Calendar\Calendar.Core\Calendar.Core.csproj", "{9BF34DC4-693A-4628-8E51-F808E1631E3A}"
EndProject
Project("{2150E333-8FDC-42A3-9474-1A3956D46DE8}") = "Accounting", "Accounting", "{E235BE8E-9679-4940-95FF-41ED473F9CCE}"
EndProject
Project("{9A19103F-16F7-4668-BE54-9A1E7A4F7556}") = "Accounting.Base", "..\..\..\Modules\Accounting\Accounting.Base\Accounting.Base.csproj", "{746806B1-6E02-4CF2-B74B-4554527CF2D8}"
EndProject
Project("{9A19103F-16F7-4668-BE54-9A1E7A4F7556}") = "Accounting.Core", "..\..\..\Modules\Accounting\Accounting.Core\Accounting.Core.csproj", "{49667F32-98C6-4C39-A92E-C1C224E8E7A8}"
EndProject
Project("{2150E333-8FDC-42A3-9474-1A3956D46DE8}") = "Suppliers", "Suppliers", "{6A6D6DC3-4CF9-40C7-876D-00183647F4AD}"
EndProject
Project("{9A19103F-16F7-4668-BE54-9A1E7A4F7556}") = "Suppliers.Core", "..\..\..\Modules\Suppliers\Suppliers.Core\Suppliers.Core.csproj", "{CFC141AF-D049-4E19-965E-630ED3F068A8}"
EndProject
Project("{9A19103F-16F7-4668-BE54-9A1E7A4F7556}") = "Suppliers.Base", "..\..\..\Modules\Suppliers\Suppliers.Base\Suppliers.Base.csproj", "{17DB16F5-DDAF-4EDA-89A7-4206A2891A92}"
EndProject
Project("{2150E333-8FDC-42A3-9474-1A3956D46DE8}") = "InventoryManagement", "InventoryManagement", "{E291574E-1B38-4A5B-978D-A3F1598EE877}"
EndProject
Project("{2150E333-8FDC-42A3-9474-1A3956D46DE8}") = "Sales", "Sales", "{C62E33A7-7D0A-48D3-90A2-82424FA84DA8}"
EndProject
Project("{9A19103F-16F7-4668-BE54-9A1E7A4F7556}") = "Sales.Base", "..\..\..\Modules\Sales\Sales.Base\Sales.Base.csproj", "{1573A7E4-85C3-4915-A0C4-580461726D02}"
EndProject
Project("{9A19103F-16F7-4668-BE54-9A1E7A4F7556}") = "InventoryManagement.Base", "..\..\..\Modules\InventoryManagement\InventoryManagement.Base\InventoryManagement.Base.csproj", "{28629B57-6DBD-4402-A528-15B0610DF77B}"
EndProject
Project("{9A19103F-16F7-4668-BE54-9A1E7A4F7556}") = "InventoryManagement.Core", "..\..\..\Modules\InventoryManagement\InventoryManagement.Core\InventoryManagement.Core.csproj", "{900F0920-09B3-4F62-99D9-187C6461D996}"
EndProject
Project("{9A19103F-16F7-4668-BE54-9A1E7A4F7556}") = "Sales.Core", "..\..\..\Modules\Sales\Sales.Core\Sales.Core.csproj", "{6224BD8E-DAEF-41F9-9B43-E67355ED0EC8}"
EndProject
Global
	GlobalSection(SolutionConfigurationPlatforms) = preSolution
		Debug|Any CPU = Debug|Any CPU
		Release|Any CPU = Release|Any CPU
	EndGlobalSection
	GlobalSection(ProjectConfigurationPlatforms) = postSolution
		{96CB0396-B1FD-4BD8-81CC-54EC00E00C3E}.Debug|Any CPU.ActiveCfg = Debug|Any CPU
		{96CB0396-B1FD-4BD8-81CC-54EC00E00C3E}.Debug|Any CPU.Build.0 = Debug|Any CPU
		{96CB0396-B1FD-4BD8-81CC-54EC00E00C3E}.Release|Any CPU.ActiveCfg = Release|Any CPU
		{96CB0396-B1FD-4BD8-81CC-54EC00E00C3E}.Release|Any CPU.Build.0 = Release|Any CPU
		{5AD9F8E9-C05F-4FD5-A796-26CAC27D7327}.Debug|Any CPU.ActiveCfg = Debug|Any CPU
		{5AD9F8E9-C05F-4FD5-A796-26CAC27D7327}.Debug|Any CPU.Build.0 = Debug|Any CPU
		{5AD9F8E9-C05F-4FD5-A796-26CAC27D7327}.Release|Any CPU.ActiveCfg = Release|Any CPU
		{5AD9F8E9-C05F-4FD5-A796-26CAC27D7327}.Release|Any CPU.Build.0 = Release|Any CPU
		{28A4EA16-920B-40C3-B2A0-D622B7376E77}.Debug|Any CPU.ActiveCfg = Debug|Any CPU
		{28A4EA16-920B-40C3-B2A0-D622B7376E77}.Debug|Any CPU.Build.0 = Debug|Any CPU
		{28A4EA16-920B-40C3-B2A0-D622B7376E77}.Release|Any CPU.ActiveCfg = Release|Any CPU
		{28A4EA16-920B-40C3-B2A0-D622B7376E77}.Release|Any CPU.Build.0 = Release|Any CPU
		{0AB63E40-405F-4B36-91BA-9815C08B5E16}.Debug|Any CPU.ActiveCfg = Debug|Any CPU
		{0AB63E40-405F-4B36-91BA-9815C08B5E16}.Debug|Any CPU.Build.0 = Debug|Any CPU
		{0AB63E40-405F-4B36-91BA-9815C08B5E16}.Release|Any CPU.ActiveCfg = Release|Any CPU
		{0AB63E40-405F-4B36-91BA-9815C08B5E16}.Release|Any CPU.Build.0 = Release|Any CPU
		{06A610DA-755A-40CC-A050-2CF892D468E1}.Debug|Any CPU.ActiveCfg = Debug|Any CPU
		{06A610DA-755A-40CC-A050-2CF892D468E1}.Debug|Any CPU.Build.0 = Debug|Any CPU
		{06A610DA-755A-40CC-A050-2CF892D468E1}.Release|Any CPU.ActiveCfg = Release|Any CPU
		{06A610DA-755A-40CC-A050-2CF892D468E1}.Release|Any CPU.Build.0 = Release|Any CPU
		{4FF45E06-021A-421B-AB18-A69667420B13}.Debug|Any CPU.ActiveCfg = Debug|Any CPU
		{4FF45E06-021A-421B-AB18-A69667420B13}.Debug|Any CPU.Build.0 = Debug|Any CPU
		{4FF45E06-021A-421B-AB18-A69667420B13}.Release|Any CPU.ActiveCfg = Release|Any CPU
		{4FF45E06-021A-421B-AB18-A69667420B13}.Release|Any CPU.Build.0 = Release|Any CPU
		{B380EF38-FC3D-4AD4-B993-FCFB39798BEF}.Debug|Any CPU.ActiveCfg = Debug|Any CPU
		{B380EF38-FC3D-4AD4-B993-FCFB39798BEF}.Debug|Any CPU.Build.0 = Debug|Any CPU
		{B380EF38-FC3D-4AD4-B993-FCFB39798BEF}.Release|Any CPU.ActiveCfg = Release|Any CPU
		{B380EF38-FC3D-4AD4-B993-FCFB39798BEF}.Release|Any CPU.Build.0 = Release|Any CPU
		{52BFAED5-3775-4328-AF22-2B33C8C01CF4}.Debug|Any CPU.ActiveCfg = Debug|Any CPU
		{52BFAED5-3775-4328-AF22-2B33C8C01CF4}.Debug|Any CPU.Build.0 = Debug|Any CPU
		{52BFAED5-3775-4328-AF22-2B33C8C01CF4}.Release|Any CPU.ActiveCfg = Release|Any CPU
		{52BFAED5-3775-4328-AF22-2B33C8C01CF4}.Release|Any CPU.Build.0 = Release|Any CPU
		{81DADDFB-6175-421B-90BF-6DAFD67FA326}.Debug|Any CPU.ActiveCfg = Debug|Any CPU
		{81DADDFB-6175-421B-90BF-6DAFD67FA326}.Debug|Any CPU.Build.0 = Debug|Any CPU
		{81DADDFB-6175-421B-90BF-6DAFD67FA326}.Release|Any CPU.ActiveCfg = Release|Any CPU
		{81DADDFB-6175-421B-90BF-6DAFD67FA326}.Release|Any CPU.Build.0 = Release|Any CPU
		{CB710E9E-C2B7-4998-A8BC-460A51A26C15}.Debug|Any CPU.ActiveCfg = Debug|Any CPU
		{CB710E9E-C2B7-4998-A8BC-460A51A26C15}.Debug|Any CPU.Build.0 = Debug|Any CPU
		{CB710E9E-C2B7-4998-A8BC-460A51A26C15}.Release|Any CPU.ActiveCfg = Release|Any CPU
		{CB710E9E-C2B7-4998-A8BC-460A51A26C15}.Release|Any CPU.Build.0 = Release|Any CPU
		{1746FA55-4273-4952-8E36-C7A05AFEC46D}.Debug|Any CPU.ActiveCfg = Debug|Any CPU
		{1746FA55-4273-4952-8E36-C7A05AFEC46D}.Debug|Any CPU.Build.0 = Debug|Any CPU
		{1746FA55-4273-4952-8E36-C7A05AFEC46D}.Release|Any CPU.ActiveCfg = Release|Any CPU
		{1746FA55-4273-4952-8E36-C7A05AFEC46D}.Release|Any CPU.Build.0 = Release|Any CPU
		{6325B1DC-6E90-410A-B793-140AC66B666C}.Debug|Any CPU.ActiveCfg = Debug|Any CPU
		{6325B1DC-6E90-410A-B793-140AC66B666C}.Debug|Any CPU.Build.0 = Debug|Any CPU
		{6325B1DC-6E90-410A-B793-140AC66B666C}.Release|Any CPU.ActiveCfg = Release|Any CPU
		{6325B1DC-6E90-410A-B793-140AC66B666C}.Release|Any CPU.Build.0 = Release|Any CPU
		{88258FA2-BEF7-4400-B53E-E7705B3AA401}.Debug|Any CPU.ActiveCfg = Debug|Any CPU
		{88258FA2-BEF7-4400-B53E-E7705B3AA401}.Debug|Any CPU.Build.0 = Debug|Any CPU
		{88258FA2-BEF7-4400-B53E-E7705B3AA401}.Release|Any CPU.ActiveCfg = Release|Any CPU
		{88258FA2-BEF7-4400-B53E-E7705B3AA401}.Release|Any CPU.Build.0 = Release|Any CPU
		{E208DC46-3B6E-4BA5-8704-2C926B37CAE9}.Debug|Any CPU.ActiveCfg = Debug|Any CPU
		{E208DC46-3B6E-4BA5-8704-2C926B37CAE9}.Debug|Any CPU.Build.0 = Debug|Any CPU
		{E208DC46-3B6E-4BA5-8704-2C926B37CAE9}.Release|Any CPU.ActiveCfg = Release|Any CPU
		{E208DC46-3B6E-4BA5-8704-2C926B37CAE9}.Release|Any CPU.Build.0 = Release|Any CPU
		{F017BACB-2821-4E0E-9024-84CA28BF717F}.Debug|Any CPU.ActiveCfg = Debug|Any CPU
		{F017BACB-2821-4E0E-9024-84CA28BF717F}.Debug|Any CPU.Build.0 = Debug|Any CPU
		{F017BACB-2821-4E0E-9024-84CA28BF717F}.Release|Any CPU.ActiveCfg = Release|Any CPU
		{F017BACB-2821-4E0E-9024-84CA28BF717F}.Release|Any CPU.Build.0 = Release|Any CPU
		{C3694907-E051-4F21-BE01-FFFBCD626276}.Debug|Any CPU.ActiveCfg = Debug|Any CPU
		{C3694907-E051-4F21-BE01-FFFBCD626276}.Debug|Any CPU.Build.0 = Debug|Any CPU
		{C3694907-E051-4F21-BE01-FFFBCD626276}.Release|Any CPU.ActiveCfg = Release|Any CPU
		{C3694907-E051-4F21-BE01-FFFBCD626276}.Release|Any CPU.Build.0 = Release|Any CPU
		{0554F548-C08A-492B-B2B2-0B95D29283D9}.Debug|Any CPU.ActiveCfg = Debug|Any CPU
		{0554F548-C08A-492B-B2B2-0B95D29283D9}.Debug|Any CPU.Build.0 = Debug|Any CPU
		{0554F548-C08A-492B-B2B2-0B95D29283D9}.Release|Any CPU.ActiveCfg = Release|Any CPU
		{0554F548-C08A-492B-B2B2-0B95D29283D9}.Release|Any CPU.Build.0 = Release|Any CPU
		{B3E7F0D2-D0A8-42E5-A18F-B8903130D749}.Debug|Any CPU.ActiveCfg = Debug|Any CPU
		{B3E7F0D2-D0A8-42E5-A18F-B8903130D749}.Debug|Any CPU.Build.0 = Debug|Any CPU
		{B3E7F0D2-D0A8-42E5-A18F-B8903130D749}.Release|Any CPU.ActiveCfg = Release|Any CPU
		{B3E7F0D2-D0A8-42E5-A18F-B8903130D749}.Release|Any CPU.Build.0 = Release|Any CPU
		{BD86AA89-9967-4ADB-B4ED-594930FFBBF1}.Debug|Any CPU.ActiveCfg = Debug|Any CPU
		{BD86AA89-9967-4ADB-B4ED-594930FFBBF1}.Debug|Any CPU.Build.0 = Debug|Any CPU
		{BD86AA89-9967-4ADB-B4ED-594930FFBBF1}.Release|Any CPU.ActiveCfg = Release|Any CPU
		{BD86AA89-9967-4ADB-B4ED-594930FFBBF1}.Release|Any CPU.Build.0 = Release|Any CPU
		{9E3A1602-0256-487F-A818-94D755F79EF9}.Debug|Any CPU.ActiveCfg = Debug|Any CPU
		{9E3A1602-0256-487F-A818-94D755F79EF9}.Debug|Any CPU.Build.0 = Debug|Any CPU
		{9E3A1602-0256-487F-A818-94D755F79EF9}.Release|Any CPU.ActiveCfg = Release|Any CPU
		{9E3A1602-0256-487F-A818-94D755F79EF9}.Release|Any CPU.Build.0 = Release|Any CPU
		{AE4CE72D-8E0E-4ECA-B6DE-EC659347002A}.Debug|Any CPU.ActiveCfg = Debug|Any CPU
		{AE4CE72D-8E0E-4ECA-B6DE-EC659347002A}.Debug|Any CPU.Build.0 = Debug|Any CPU
		{AE4CE72D-8E0E-4ECA-B6DE-EC659347002A}.Release|Any CPU.ActiveCfg = Release|Any CPU
		{AE4CE72D-8E0E-4ECA-B6DE-EC659347002A}.Release|Any CPU.Build.0 = Release|Any CPU
		{E0AA0718-1B20-4386-8DA3-3E00C1A6795C}.Debug|Any CPU.ActiveCfg = Debug|Any CPU
		{E0AA0718-1B20-4386-8DA3-3E00C1A6795C}.Debug|Any CPU.Build.0 = Debug|Any CPU
		{E0AA0718-1B20-4386-8DA3-3E00C1A6795C}.Release|Any CPU.ActiveCfg = Release|Any CPU
		{E0AA0718-1B20-4386-8DA3-3E00C1A6795C}.Release|Any CPU.Build.0 = Release|Any CPU
		{C2CADEE6-89B8-4B77-9021-289F80A610C9}.Debug|Any CPU.ActiveCfg = Debug|Any CPU
		{C2CADEE6-89B8-4B77-9021-289F80A610C9}.Debug|Any CPU.Build.0 = Debug|Any CPU
		{C2CADEE6-89B8-4B77-9021-289F80A610C9}.Release|Any CPU.ActiveCfg = Release|Any CPU
		{C2CADEE6-89B8-4B77-9021-289F80A610C9}.Release|Any CPU.Build.0 = Release|Any CPU
		{A00D9F58-BEF3-4094-B2AE-E070AA5DE384}.Debug|Any CPU.ActiveCfg = Debug|Any CPU
		{A00D9F58-BEF3-4094-B2AE-E070AA5DE384}.Debug|Any CPU.Build.0 = Debug|Any CPU
		{A00D9F58-BEF3-4094-B2AE-E070AA5DE384}.Release|Any CPU.ActiveCfg = Release|Any CPU
		{A00D9F58-BEF3-4094-B2AE-E070AA5DE384}.Release|Any CPU.Build.0 = Release|Any CPU
		{E705ED49-B171-4947-93E3-C6E443EBB106}.Debug|Any CPU.ActiveCfg = Debug|Any CPU
		{E705ED49-B171-4947-93E3-C6E443EBB106}.Debug|Any CPU.Build.0 = Debug|Any CPU
		{E705ED49-B171-4947-93E3-C6E443EBB106}.Release|Any CPU.ActiveCfg = Release|Any CPU
		{E705ED49-B171-4947-93E3-C6E443EBB106}.Release|Any CPU.Build.0 = Release|Any CPU
		{63176FB4-6414-4D08-8ED9-737921E5BE78}.Debug|Any CPU.ActiveCfg = Debug|Any CPU
		{63176FB4-6414-4D08-8ED9-737921E5BE78}.Debug|Any CPU.Build.0 = Debug|Any CPU
		{63176FB4-6414-4D08-8ED9-737921E5BE78}.Release|Any CPU.ActiveCfg = Release|Any CPU
		{63176FB4-6414-4D08-8ED9-737921E5BE78}.Release|Any CPU.Build.0 = Release|Any CPU
		{937F7CB0-09BC-4CE4-A892-333D47563939}.Debug|Any CPU.ActiveCfg = Debug|Any CPU
		{937F7CB0-09BC-4CE4-A892-333D47563939}.Debug|Any CPU.Build.0 = Debug|Any CPU
		{937F7CB0-09BC-4CE4-A892-333D47563939}.Release|Any CPU.ActiveCfg = Release|Any CPU
		{937F7CB0-09BC-4CE4-A892-333D47563939}.Release|Any CPU.Build.0 = Release|Any CPU
		{8BA7B5E0-F4D5-4DC5-86D0-DCB942A93ECB}.Debug|Any CPU.ActiveCfg = Debug|Any CPU
		{8BA7B5E0-F4D5-4DC5-86D0-DCB942A93ECB}.Debug|Any CPU.Build.0 = Debug|Any CPU
		{8BA7B5E0-F4D5-4DC5-86D0-DCB942A93ECB}.Release|Any CPU.ActiveCfg = Release|Any CPU
		{8BA7B5E0-F4D5-4DC5-86D0-DCB942A93ECB}.Release|Any CPU.Build.0 = Release|Any CPU
		{59C3239D-EE89-410C-998E-451A72E1B086}.Debug|Any CPU.ActiveCfg = Debug|Any CPU
		{59C3239D-EE89-410C-998E-451A72E1B086}.Debug|Any CPU.Build.0 = Debug|Any CPU
		{59C3239D-EE89-410C-998E-451A72E1B086}.Release|Any CPU.ActiveCfg = Release|Any CPU
		{59C3239D-EE89-410C-998E-451A72E1B086}.Release|Any CPU.Build.0 = Release|Any CPU
		{EE3403EA-41DA-4BCB-829E-A4576F8D36CD}.Debug|Any CPU.ActiveCfg = Debug|Any CPU
		{EE3403EA-41DA-4BCB-829E-A4576F8D36CD}.Debug|Any CPU.Build.0 = Debug|Any CPU
		{EE3403EA-41DA-4BCB-829E-A4576F8D36CD}.Release|Any CPU.ActiveCfg = Release|Any CPU
		{EE3403EA-41DA-4BCB-829E-A4576F8D36CD}.Release|Any CPU.Build.0 = Release|Any CPU
		{F2599BCB-4916-4441-8DDD-9D23FA724D1F}.Debug|Any CPU.ActiveCfg = Debug|Any CPU
		{F2599BCB-4916-4441-8DDD-9D23FA724D1F}.Debug|Any CPU.Build.0 = Debug|Any CPU
		{F2599BCB-4916-4441-8DDD-9D23FA724D1F}.Release|Any CPU.ActiveCfg = Release|Any CPU
		{F2599BCB-4916-4441-8DDD-9D23FA724D1F}.Release|Any CPU.Build.0 = Release|Any CPU
		{D20F7516-6DEB-4843-9F48-F09917D6B241}.Debug|Any CPU.ActiveCfg = Debug|Any CPU
		{D20F7516-6DEB-4843-9F48-F09917D6B241}.Debug|Any CPU.Build.0 = Debug|Any CPU
		{D20F7516-6DEB-4843-9F48-F09917D6B241}.Release|Any CPU.ActiveCfg = Release|Any CPU
		{D20F7516-6DEB-4843-9F48-F09917D6B241}.Release|Any CPU.Build.0 = Release|Any CPU
		{9BF34DC4-693A-4628-8E51-F808E1631E3A}.Debug|Any CPU.ActiveCfg = Debug|Any CPU
		{9BF34DC4-693A-4628-8E51-F808E1631E3A}.Debug|Any CPU.Build.0 = Debug|Any CPU
		{9BF34DC4-693A-4628-8E51-F808E1631E3A}.Release|Any CPU.ActiveCfg = Release|Any CPU
		{9BF34DC4-693A-4628-8E51-F808E1631E3A}.Release|Any CPU.Build.0 = Release|Any CPU
		{746806B1-6E02-4CF2-B74B-4554527CF2D8}.Debug|Any CPU.ActiveCfg = Debug|Any CPU
		{746806B1-6E02-4CF2-B74B-4554527CF2D8}.Debug|Any CPU.Build.0 = Debug|Any CPU
		{746806B1-6E02-4CF2-B74B-4554527CF2D8}.Release|Any CPU.ActiveCfg = Release|Any CPU
		{746806B1-6E02-4CF2-B74B-4554527CF2D8}.Release|Any CPU.Build.0 = Release|Any CPU
		{49667F32-98C6-4C39-A92E-C1C224E8E7A8}.Debug|Any CPU.ActiveCfg = Debug|Any CPU
		{49667F32-98C6-4C39-A92E-C1C224E8E7A8}.Debug|Any CPU.Build.0 = Debug|Any CPU
		{49667F32-98C6-4C39-A92E-C1C224E8E7A8}.Release|Any CPU.ActiveCfg = Release|Any CPU
		{49667F32-98C6-4C39-A92E-C1C224E8E7A8}.Release|Any CPU.Build.0 = Release|Any CPU
		{CFC141AF-D049-4E19-965E-630ED3F068A8}.Debug|Any CPU.ActiveCfg = Debug|Any CPU
		{CFC141AF-D049-4E19-965E-630ED3F068A8}.Debug|Any CPU.Build.0 = Debug|Any CPU
		{CFC141AF-D049-4E19-965E-630ED3F068A8}.Release|Any CPU.ActiveCfg = Release|Any CPU
		{CFC141AF-D049-4E19-965E-630ED3F068A8}.Release|Any CPU.Build.0 = Release|Any CPU
		{17DB16F5-DDAF-4EDA-89A7-4206A2891A92}.Debug|Any CPU.ActiveCfg = Debug|Any CPU
		{17DB16F5-DDAF-4EDA-89A7-4206A2891A92}.Debug|Any CPU.Build.0 = Debug|Any CPU
		{17DB16F5-DDAF-4EDA-89A7-4206A2891A92}.Release|Any CPU.ActiveCfg = Release|Any CPU
		{17DB16F5-DDAF-4EDA-89A7-4206A2891A92}.Release|Any CPU.Build.0 = Release|Any CPU
		{1573A7E4-85C3-4915-A0C4-580461726D02}.Debug|Any CPU.ActiveCfg = Debug|Any CPU
		{1573A7E4-85C3-4915-A0C4-580461726D02}.Debug|Any CPU.Build.0 = Debug|Any CPU
		{1573A7E4-85C3-4915-A0C4-580461726D02}.Release|Any CPU.ActiveCfg = Release|Any CPU
		{1573A7E4-85C3-4915-A0C4-580461726D02}.Release|Any CPU.Build.0 = Release|Any CPU
		{28629B57-6DBD-4402-A528-15B0610DF77B}.Debug|Any CPU.ActiveCfg = Debug|Any CPU
		{28629B57-6DBD-4402-A528-15B0610DF77B}.Debug|Any CPU.Build.0 = Debug|Any CPU
		{28629B57-6DBD-4402-A528-15B0610DF77B}.Release|Any CPU.ActiveCfg = Release|Any CPU
		{28629B57-6DBD-4402-A528-15B0610DF77B}.Release|Any CPU.Build.0 = Release|Any CPU
		{900F0920-09B3-4F62-99D9-187C6461D996}.Debug|Any CPU.ActiveCfg = Debug|Any CPU
		{900F0920-09B3-4F62-99D9-187C6461D996}.Debug|Any CPU.Build.0 = Debug|Any CPU
		{900F0920-09B3-4F62-99D9-187C6461D996}.Release|Any CPU.ActiveCfg = Release|Any CPU
		{900F0920-09B3-4F62-99D9-187C6461D996}.Release|Any CPU.Build.0 = Release|Any CPU
		{6224BD8E-DAEF-41F9-9B43-E67355ED0EC8}.Debug|Any CPU.ActiveCfg = Debug|Any CPU
		{6224BD8E-DAEF-41F9-9B43-E67355ED0EC8}.Debug|Any CPU.Build.0 = Debug|Any CPU
		{6224BD8E-DAEF-41F9-9B43-E67355ED0EC8}.Release|Any CPU.ActiveCfg = Release|Any CPU
		{6224BD8E-DAEF-41F9-9B43-E67355ED0EC8}.Release|Any CPU.Build.0 = Release|Any CPU
	EndGlobalSection
	GlobalSection(SolutionProperties) = preSolution
		HideSolutionNode = FALSE
	EndGlobalSection
	GlobalSection(NestedProjects) = preSolution
		{96CB0396-B1FD-4BD8-81CC-54EC00E00C3E} = {6AA95AA7-F05E-4524-A82E-443FBCD18760}
		{5AD9F8E9-C05F-4FD5-A796-26CAC27D7327} = {9EBE0CC8-E349-4248-B741-BE987C8091C8}
		{28A4EA16-920B-40C3-B2A0-D622B7376E77} = {6AA95AA7-F05E-4524-A82E-443FBCD18760}
		{0AB63E40-405F-4B36-91BA-9815C08B5E16} = {6AA95AA7-F05E-4524-A82E-443FBCD18760}
		{06A610DA-755A-40CC-A050-2CF892D468E1} = {6AA95AA7-F05E-4524-A82E-443FBCD18760}
		{4FF45E06-021A-421B-AB18-A69667420B13} = {6AA95AA7-F05E-4524-A82E-443FBCD18760}
		{B380EF38-FC3D-4AD4-B993-FCFB39798BEF} = {98405A6A-3F63-41F5-B7C0-5F075B3E6784}
		{18DF82CA-BC0B-48EE-AB73-8DE8AB5A6C6C} = {FEA89A04-B339-41D3-B4B8-109CDDB792A0}
		{7B19AD3F-DE38-45A5-9650-3209E7DE02DF} = {FEA89A04-B339-41D3-B4B8-109CDDB792A0}
		{52BFAED5-3775-4328-AF22-2B33C8C01CF4} = {7B19AD3F-DE38-45A5-9650-3209E7DE02DF}
		{81DADDFB-6175-421B-90BF-6DAFD67FA326} = {7B19AD3F-DE38-45A5-9650-3209E7DE02DF}
		{CB710E9E-C2B7-4998-A8BC-460A51A26C15} = {18DF82CA-BC0B-48EE-AB73-8DE8AB5A6C6C}
		{1746FA55-4273-4952-8E36-C7A05AFEC46D} = {18DF82CA-BC0B-48EE-AB73-8DE8AB5A6C6C}
		{6325B1DC-6E90-410A-B793-140AC66B666C} = {98405A6A-3F63-41F5-B7C0-5F075B3E6784}
		{E1E3C558-07F6-4AEE-BA80-078A5E360DA2} = {FEA89A04-B339-41D3-B4B8-109CDDB792A0}
		{88258FA2-BEF7-4400-B53E-E7705B3AA401} = {E1E3C558-07F6-4AEE-BA80-078A5E360DA2}
		{7CCC7E58-8CB8-4F21-8936-939FD1572E1F} = {FEA89A04-B339-41D3-B4B8-109CDDB792A0}
		{E208DC46-3B6E-4BA5-8704-2C926B37CAE9} = {7CCC7E58-8CB8-4F21-8936-939FD1572E1F}
		{F017BACB-2821-4E0E-9024-84CA28BF717F} = {F883F3D1-CA0D-4567-AE62-E98BDCE5D9E2}
		{C4E0A5D4-BB18-4022-B834-034A904A00D0} = {FEA89A04-B339-41D3-B4B8-109CDDB792A0}
		{C3694907-E051-4F21-BE01-FFFBCD626276} = {C4E0A5D4-BB18-4022-B834-034A904A00D0}
		{0554F548-C08A-492B-B2B2-0B95D29283D9} = {C4E0A5D4-BB18-4022-B834-034A904A00D0}
		{7ACEFFB9-45DE-477F-9F7E-E2C7135F7900} = {FEA89A04-B339-41D3-B4B8-109CDDB792A0}
		{504C3586-8CF6-4074-B24F-57E684B0C894} = {FEA89A04-B339-41D3-B4B8-109CDDB792A0}
		{B3E7F0D2-D0A8-42E5-A18F-B8903130D749} = {504C3586-8CF6-4074-B24F-57E684B0C894}
		{BD86AA89-9967-4ADB-B4ED-594930FFBBF1} = {504C3586-8CF6-4074-B24F-57E684B0C894}
		{9E3A1602-0256-487F-A818-94D755F79EF9} = {9EBE0CC8-E349-4248-B741-BE987C8091C8}
		{2A5DB4EF-3214-4472-B570-5A1CF122AF91} = {FEA89A04-B339-41D3-B4B8-109CDDB792A0}
		{AE4CE72D-8E0E-4ECA-B6DE-EC659347002A} = {6AA95AA7-F05E-4524-A82E-443FBCD18760}
		{890125A5-C4C1-417E-A5C2-68CB16FE8C39} = {FEA89A04-B339-41D3-B4B8-109CDDB792A0}
		{6AFCCAA4-6AE7-4A54-A8C8-FBC8553CE7F1} = {FEA89A04-B339-41D3-B4B8-109CDDB792A0}
		{E0AA0718-1B20-4386-8DA3-3E00C1A6795C} = {2A5DB4EF-3214-4472-B570-5A1CF122AF91}
		{C2CADEE6-89B8-4B77-9021-289F80A610C9} = {2A5DB4EF-3214-4472-B570-5A1CF122AF91}
		{A00D9F58-BEF3-4094-B2AE-E070AA5DE384} = {6AFCCAA4-6AE7-4A54-A8C8-FBC8553CE7F1}
		{E705ED49-B171-4947-93E3-C6E443EBB106} = {6AFCCAA4-6AE7-4A54-A8C8-FBC8553CE7F1}
		{63176FB4-6414-4D08-8ED9-737921E5BE78} = {890125A5-C4C1-417E-A5C2-68CB16FE8C39}
		{937F7CB0-09BC-4CE4-A892-333D47563939} = {890125A5-C4C1-417E-A5C2-68CB16FE8C39}
		{8BA7B5E0-F4D5-4DC5-86D0-DCB942A93ECB} = {7ACEFFB9-45DE-477F-9F7E-E2C7135F7900}
		{59C3239D-EE89-410C-998E-451A72E1B086} = {7ACEFFB9-45DE-477F-9F7E-E2C7135F7900}
		{9D499C6C-E06B-4F7E-80FF-ED4A29E48D47} = {FEA89A04-B339-41D3-B4B8-109CDDB792A0}
		{EE3403EA-41DA-4BCB-829E-A4576F8D36CD} = {9D499C6C-E06B-4F7E-80FF-ED4A29E48D47}
		{F2599BCB-4916-4441-8DDD-9D23FA724D1F} = {9D499C6C-E06B-4F7E-80FF-ED4A29E48D47}
		{CE3C206B-864E-4097-AFD3-B243D071C8FF} = {FEA89A04-B339-41D3-B4B8-109CDDB792A0}
		{EB780B0F-E8FE-4727-87D3-2263D92ADC77} = {FEA89A04-B339-41D3-B4B8-109CDDB792A0}
		{D20F7516-6DEB-4843-9F48-F09917D6B241} = {EB780B0F-E8FE-4727-87D3-2263D92ADC77}
		{9BF34DC4-693A-4628-8E51-F808E1631E3A} = {EB780B0F-E8FE-4727-87D3-2263D92ADC77}
		{E235BE8E-9679-4940-95FF-41ED473F9CCE} = {FEA89A04-B339-41D3-B4B8-109CDDB792A0}
		{746806B1-6E02-4CF2-B74B-4554527CF2D8} = {E235BE8E-9679-4940-95FF-41ED473F9CCE}
		{49667F32-98C6-4C39-A92E-C1C224E8E7A8} = {E235BE8E-9679-4940-95FF-41ED473F9CCE}
		{6A6D6DC3-4CF9-40C7-876D-00183647F4AD} = {FEA89A04-B339-41D3-B4B8-109CDDB792A0}
		{CFC141AF-D049-4E19-965E-630ED3F068A8} = {6A6D6DC3-4CF9-40C7-876D-00183647F4AD}
		{17DB16F5-DDAF-4EDA-89A7-4206A2891A92} = {6A6D6DC3-4CF9-40C7-876D-00183647F4AD}
		{E291574E-1B38-4A5B-978D-A3F1598EE877} = {FEA89A04-B339-41D3-B4B8-109CDDB792A0}
		{C62E33A7-7D0A-48D3-90A2-82424FA84DA8} = {FEA89A04-B339-41D3-B4B8-109CDDB792A0}
		{1573A7E4-85C3-4915-A0C4-580461726D02} = {C62E33A7-7D0A-48D3-90A2-82424FA84DA8}
		{28629B57-6DBD-4402-A528-15B0610DF77B} = {E291574E-1B38-4A5B-978D-A3F1598EE877}
		{900F0920-09B3-4F62-99D9-187C6461D996} = {E291574E-1B38-4A5B-978D-A3F1598EE877}
		{6224BD8E-DAEF-41F9-9B43-E67355ED0EC8} = {C62E33A7-7D0A-48D3-90A2-82424FA84DA8}
	EndGlobalSection
	GlobalSection(ExtensibilityGlobals) = postSolution
		SolutionGuid = {6E1309AB-B6F9-4880-8C27-B0B5DC1E9BF9}
	EndGlobalSection
EndGlobal
