
Microsoft Visual Studio Solution File, Format Version 12.00
# Visual Studio Version 16
VisualStudioVersion = 16.0.31205.134
MinimumVisualStudioVersion = 10.0.40219.1
Project("{FAE04EC0-301F-11D3-BF4B-00C04F79EFBC}") = "CryptoWeb", "CryptoWeb\CryptoWeb.csproj", "{D39B4FAE-D149-4229-80AF-79D8582A1E7E}"
EndProject
Global
	GlobalSection(SolutionConfigurationPlatforms) = preSolution
		Debug|Any CPU = Debug|Any CPU
		Release|Any CPU = Release|Any CPU
	EndGlobalSection
	GlobalSection(ProjectConfigurationPlatforms) = postSolution
		{D39B4FAE-D149-4229-80AF-79D8582A1E7E}.Debug|Any CPU.ActiveCfg = Debug|Any CPU
		{D39B4FAE-D149-4229-80AF-79D8582A1E7E}.Debug|Any CPU.Build.0 = Debug|Any CPU
		{D39B4FAE-D149-4229-80AF-79D8582A1E7E}.Release|Any CPU.ActiveCfg = Release|Any CPU
		{D39B4FAE-D149-4229-80AF-79D8582A1E7E}.Release|Any CPU.Build.0 = Release|Any CPU
	EndGlobalSection
	GlobalSection(SolutionProperties) = preSolution
		HideSolutionNode = FALSE
	EndGlobalSection
	GlobalSection(ExtensibilityGlobals) = postSolution
		SolutionGuid = {4EBE6370-934C-4B8F-BDFD-CD6E1B522396}
	EndGlobalSection
EndGlobal
