
Microsoft Visual Studio Solution File, Format Version 12.00
# Visual Studio Version 16
VisualStudioVersion = 16.0.30804.86
MinimumVisualStudioVersion = 10.0.40219.1
Project("{FAE04EC0-301F-11D3-BF4B-00C04F79EFBC}") = "SeleniumTestApp", "SeleniumTestApp\SeleniumTestApp.csproj", "{03D97769-9D9B-40E0-8F73-46683518F1D1}"
EndProject
Project("{2150E333-8FDC-42A3-9474-1A3956D46DE8}") = "Desktop", "Desktop", "{194B0AA7-3C6A-4410-B032-6FC9B3785378}"
EndProject
Project("{2150E333-8FDC-42A3-9474-1A3956D46DE8}") = "Console", "Console", "{88C7CAA6-D74B-4D07-8A5D-54AA3BFEF6BE}"
EndProject
Project("{FAE04EC0-301F-11D3-BF4B-00C04F79EFBC}") = "ExcelImportClient", "ExcelImportClient\ExcelImportClient.csproj", "{A4FFDC49-8AE1-4950-9ADA-C8EE7D5948F8}"
EndProject
Global
	GlobalSection(SolutionConfigurationPlatforms) = preSolution
		Debug|Any CPU = Debug|Any CPU
		Release|Any CPU = Release|Any CPU
	EndGlobalSection
	GlobalSection(ProjectConfigurationPlatforms) = postSolution
		{03D97769-9D9B-40E0-8F73-46683518F1D1}.Debug|Any CPU.ActiveCfg = Debug|Any CPU
		{03D97769-9D9B-40E0-8F73-46683518F1D1}.Debug|Any CPU.Build.0 = Debug|Any CPU
		{03D97769-9D9B-40E0-8F73-46683518F1D1}.Release|Any CPU.ActiveCfg = Release|Any CPU
		{03D97769-9D9B-40E0-8F73-46683518F1D1}.Release|Any CPU.Build.0 = Release|Any CPU
		{A4FFDC49-8AE1-4950-9ADA-C8EE7D5948F8}.Debug|Any CPU.ActiveCfg = Debug|Any CPU
		{A4FFDC49-8AE1-4950-9ADA-C8EE7D5948F8}.Debug|Any CPU.Build.0 = Debug|Any CPU
		{A4FFDC49-8AE1-4950-9ADA-C8EE7D5948F8}.Release|Any CPU.ActiveCfg = Release|Any CPU
		{A4FFDC49-8AE1-4950-9ADA-C8EE7D5948F8}.Release|Any CPU.Build.0 = Release|Any CPU
	EndGlobalSection
	GlobalSection(SolutionProperties) = preSolution
		HideSolutionNode = FALSE
	EndGlobalSection
	GlobalSection(NestedProjects) = preSolution
		{03D97769-9D9B-40E0-8F73-46683518F1D1} = {88C7CAA6-D74B-4D07-8A5D-54AA3BFEF6BE}
		{A4FFDC49-8AE1-4950-9ADA-C8EE7D5948F8} = {194B0AA7-3C6A-4410-B032-6FC9B3785378}
	EndGlobalSection
	GlobalSection(ExtensibilityGlobals) = postSolution
		SolutionGuid = {FD60044B-486F-47E3-9317-6E24E46CD826}
	EndGlobalSection
EndGlobal
