
Microsoft Visual Studio Solution File, Format Version 12.00
# Visual Studio Version 16
VisualStudioVersion = 16.0.30709.132
MinimumVisualStudioVersion = 10.0.40219.1
Project("{2150E333-8FDC-42A3-9474-1A3956D46DE8}") = "Source", "Source", "{F1E17C4A-0693-472A-B338-EAB410AA8FCF}"
EndProject
Project("{FAE04EC0-301F-11D3-BF4B-00C04F79EFBC}") = "IQTechSolutions.Mobile.Android", "IQTechSolutions.Mobile\IQTechSolutions.Mobile.Android\IQTechSolutions.Mobile.Android.csproj", "{295EA431-2745-49AA-9B91-55020349BC1E}"
EndProject
Project("{FAE04EC0-301F-11D3-BF4B-00C04F79EFBC}") = "IQTechSolutions.Mobile.iOS", "IQTechSolutions.Mobile\IQTechSolutions.Mobile.iOS\IQTechSolutions.Mobile.iOS.csproj", "{2078A247-D71A-4B38-B9FA-2D5C7FCFD7E2}"
EndProject
Project("{FAE04EC0-301F-11D3-BF4B-00C04F79EFBC}") = "IQTechSolutions.Mobile", "IQTechSolutions.Mobile\IQTechSolutions.Mobile\IQTechSolutions.Mobile.csproj", "{71BB641C-6C0E-470A-8D7B-9FFF808891A6}"
EndProject
Project("{2150E333-8FDC-42A3-9474-1A3956D46DE8}") = "Base", "Base", "{044FF1EF-D60D-4F02-A937-38F8F1897268}"
EndProject
Project("{2150E333-8FDC-42A3-9474-1A3956D46DE8}") = "Modules", "Modules", "{83870CE6-3350-417D-8858-5C3982F12A5E}"
EndProject
Global
	GlobalSection(SolutionConfigurationPlatforms) = preSolution
		Debug|Any CPU = Debug|Any CPU
		Debug|iPhone = Debug|iPhone
		Debug|iPhoneSimulator = Debug|iPhoneSimulator
		Release|Any CPU = Release|Any CPU
		Release|iPhone = Release|iPhone
		Release|iPhoneSimulator = Release|iPhoneSimulator
	EndGlobalSection
	GlobalSection(ProjectConfigurationPlatforms) = postSolution
		{295EA431-2745-49AA-9B91-55020349BC1E}.Debug|Any CPU.ActiveCfg = Debug|Any CPU
		{295EA431-2745-49AA-9B91-55020349BC1E}.Debug|Any CPU.Build.0 = Debug|Any CPU
		{295EA431-2745-49AA-9B91-55020349BC1E}.Debug|Any CPU.Deploy.0 = Debug|Any CPU
		{295EA431-2745-49AA-9B91-55020349BC1E}.Debug|iPhone.ActiveCfg = Debug|Any CPU
		{295EA431-2745-49AA-9B91-55020349BC1E}.Debug|iPhone.Build.0 = Debug|Any CPU
		{295EA431-2745-49AA-9B91-55020349BC1E}.Debug|iPhone.Deploy.0 = Debug|Any CPU
		{295EA431-2745-49AA-9B91-55020349BC1E}.Debug|iPhoneSimulator.ActiveCfg = Debug|Any CPU
		{295EA431-2745-49AA-9B91-55020349BC1E}.Debug|iPhoneSimulator.Build.0 = Debug|Any CPU
		{295EA431-2745-49AA-9B91-55020349BC1E}.Debug|iPhoneSimulator.Deploy.0 = Debug|Any CPU
		{295EA431-2745-49AA-9B91-55020349BC1E}.Release|Any CPU.ActiveCfg = Release|Any CPU
		{295EA431-2745-49AA-9B91-55020349BC1E}.Release|Any CPU.Build.0 = Release|Any CPU
		{295EA431-2745-49AA-9B91-55020349BC1E}.Release|Any CPU.Deploy.0 = Release|Any CPU
		{295EA431-2745-49AA-9B91-55020349BC1E}.Release|iPhone.ActiveCfg = Release|Any CPU
		{295EA431-2745-49AA-9B91-55020349BC1E}.Release|iPhone.Build.0 = Release|Any CPU
		{295EA431-2745-49AA-9B91-55020349BC1E}.Release|iPhone.Deploy.0 = Release|Any CPU
		{295EA431-2745-49AA-9B91-55020349BC1E}.Release|iPhoneSimulator.ActiveCfg = Release|Any CPU
		{295EA431-2745-49AA-9B91-55020349BC1E}.Release|iPhoneSimulator.Build.0 = Release|Any CPU
		{295EA431-2745-49AA-9B91-55020349BC1E}.Release|iPhoneSimulator.Deploy.0 = Release|Any CPU
		{2078A247-D71A-4B38-B9FA-2D5C7FCFD7E2}.Debug|Any CPU.ActiveCfg = Debug|iPhoneSimulator
		{2078A247-D71A-4B38-B9FA-2D5C7FCFD7E2}.Debug|iPhone.ActiveCfg = Debug|iPhone
		{2078A247-D71A-4B38-B9FA-2D5C7FCFD7E2}.Debug|iPhone.Build.0 = Debug|iPhone
		{2078A247-D71A-4B38-B9FA-2D5C7FCFD7E2}.Debug|iPhoneSimulator.ActiveCfg = Debug|iPhoneSimulator
		{2078A247-D71A-4B38-B9FA-2D5C7FCFD7E2}.Debug|iPhoneSimulator.Build.0 = Debug|iPhoneSimulator
		{2078A247-D71A-4B38-B9FA-2D5C7FCFD7E2}.Release|Any CPU.ActiveCfg = Release|iPhoneSimulator
		{2078A247-D71A-4B38-B9FA-2D5C7FCFD7E2}.Release|iPhone.ActiveCfg = Release|iPhone
		{2078A247-D71A-4B38-B9FA-2D5C7FCFD7E2}.Release|iPhone.Build.0 = Release|iPhone
		{2078A247-D71A-4B38-B9FA-2D5C7FCFD7E2}.Release|iPhoneSimulator.ActiveCfg = Release|iPhoneSimulator
		{2078A247-D71A-4B38-B9FA-2D5C7FCFD7E2}.Release|iPhoneSimulator.Build.0 = Release|iPhoneSimulator
		{71BB641C-6C0E-470A-8D7B-9FFF808891A6}.Debug|Any CPU.ActiveCfg = Debug|Any CPU
		{71BB641C-6C0E-470A-8D7B-9FFF808891A6}.Debug|Any CPU.Build.0 = Debug|Any CPU
		{71BB641C-6C0E-470A-8D7B-9FFF808891A6}.Debug|iPhone.ActiveCfg = Debug|Any CPU
		{71BB641C-6C0E-470A-8D7B-9FFF808891A6}.Debug|iPhone.Build.0 = Debug|Any CPU
		{71BB641C-6C0E-470A-8D7B-9FFF808891A6}.Debug|iPhoneSimulator.ActiveCfg = Debug|Any CPU
		{71BB641C-6C0E-470A-8D7B-9FFF808891A6}.Debug|iPhoneSimulator.Build.0 = Debug|Any CPU
		{71BB641C-6C0E-470A-8D7B-9FFF808891A6}.Release|Any CPU.ActiveCfg = Release|Any CPU
		{71BB641C-6C0E-470A-8D7B-9FFF808891A6}.Release|Any CPU.Build.0 = Release|Any CPU
		{71BB641C-6C0E-470A-8D7B-9FFF808891A6}.Release|iPhone.ActiveCfg = Release|Any CPU
		{71BB641C-6C0E-470A-8D7B-9FFF808891A6}.Release|iPhone.Build.0 = Release|Any CPU
		{71BB641C-6C0E-470A-8D7B-9FFF808891A6}.Release|iPhoneSimulator.ActiveCfg = Release|Any CPU
		{71BB641C-6C0E-470A-8D7B-9FFF808891A6}.Release|iPhoneSimulator.Build.0 = Release|Any CPU
	EndGlobalSection
	GlobalSection(SolutionProperties) = preSolution
		HideSolutionNode = FALSE
	EndGlobalSection
	GlobalSection(NestedProjects) = preSolution
		{295EA431-2745-49AA-9B91-55020349BC1E} = {F1E17C4A-0693-472A-B338-EAB410AA8FCF}
		{2078A247-D71A-4B38-B9FA-2D5C7FCFD7E2} = {F1E17C4A-0693-472A-B338-EAB410AA8FCF}
		{71BB641C-6C0E-470A-8D7B-9FFF808891A6} = {F1E17C4A-0693-472A-B338-EAB410AA8FCF}
	EndGlobalSection
	GlobalSection(ExtensibilityGlobals) = postSolution
		SolutionGuid = {4C8F474B-88A1-4F09-BBD7-05E28AB1DD1F}
	EndGlobalSection
EndGlobal
