
Microsoft Visual Studio Solution File, Format Version 12.00
# Visual Studio Version 16
VisualStudioVersion = 16.0.30709.132
MinimumVisualStudioVersion = 10.0.40219.1
Project("{2150E333-8FDC-42A3-9474-1A3956D46DE8}") = "Source", "Source", "{13490F76-012B-4F23-B1AB-11FE0CBD2265}"
EndProject
Project("{2150E333-8FDC-42A3-9474-1A3956D46DE8}") = "Base", "Base", "{E1808899-EEF6-4B85-BE1B-330D4F0DDB2A}"
EndProject
Project("{2150E333-8FDC-42A3-9474-1A3956D46DE8}") = "Modules", "Modules", "{469B9EAD-4138-4D2A-A7D0-5D6C4ABAD8F2}"
EndProject
Project("{2150E333-8FDC-42A3-9474-1A3956D46DE8}") = "Iqt", "Iqt", "{D30BE693-CBD2-47FC-B162-50ACD8D9F19F}"
EndProject
Project("{9A19103F-16F7-4668-BE54-9A1E7A4F7556}") = "Iqt.Base", "..\..\..\IqtFramework\Iqt.Base\Iqt.Base.csproj", "{62848B16-D528-44DA-B2BD-2F23F328B2D4}"
EndProject
Project("{2150E333-8FDC-42A3-9474-1A3956D46DE8}") = "Troubleshooting", "Troubleshooting", "{49C6EB33-CF0E-4E48-9464-B2C4230ED5E9}"
EndProject
Project("{2150E333-8FDC-42A3-9474-1A3956D46DE8}") = "Filing", "Filing", "{8024C8B0-C275-4563-8596-8988E0FC038A}"
EndProject
Project("{2150E333-8FDC-42A3-9474-1A3956D46DE8}") = "Grouping", "Grouping", "{4391DB3C-EE77-4DB0-BE42-C5221AC3D514}"
EndProject
Project("{9A19103F-16F7-4668-BE54-9A1E7A4F7556}") = "Grouping.Base", "..\..\..\Modules\Grouping\Grouping.Base\Grouping.Base.csproj", "{11B614ED-2303-4220-BDCC-4A111592AFDB}"
EndProject
Project("{9A19103F-16F7-4668-BE54-9A1E7A4F7556}") = "Grouping.Core", "..\..\..\Modules\Grouping\Grouping.Core\Grouping.Core.csproj", "{CDC38581-76C9-4D2F-B721-F45CFB3231AF}"
EndProject
Project("{9A19103F-16F7-4668-BE54-9A1E7A4F7556}") = "Troubleshooting.Core", "..\..\..\Modules\Troubleshooting\Troubleshooting.Core\Troubleshooting.Core.csproj", "{E884F97B-6668-42CE-821E-9F3E1C60826F}"
EndProject
Project("{9A19103F-16F7-4668-BE54-9A1E7A4F7556}") = "Troubleshooting.Base", "..\..\..\Modules\Troubleshooting\Troubleshooting.Base\Troubleshooting.Base.csproj", "{E3057396-85D3-440D-858E-AC63CFF1476A}"
EndProject
Project("{9A19103F-16F7-4668-BE54-9A1E7A4F7556}") = "Filing.Base", "..\..\..\Modules\Filing\Filing.Base\Filing.Base.csproj", "{2B95FF0D-9EEC-4F5A-8876-0DC4FBC70527}"
EndProject
Project("{9A19103F-16F7-4668-BE54-9A1E7A4F7556}") = "Filing.Core", "..\..\..\Modules\Filing\Filing.Core\Filing.Core.csproj", "{62BEB778-36B0-47D1-A8E3-1E35D23A34FB}"
EndProject
Project("{9A19103F-16F7-4668-BE54-9A1E7A4F7556}") = "Metsi.Web.Api", "Metsi.Web.Api\Metsi.Web.Api.csproj", "{0AF631B1-24C3-4806-9791-4A47FFEF6DA7}"
EndProject
Project("{9A19103F-16F7-4668-BE54-9A1E7A4F7556}") = "Metsi.Web.Datastore", "Metsi.Web.Datastore\Metsi.Web.Datastore.csproj", "{D99C1232-9960-47D3-8730-D812FD32C5BD}"
EndProject
Project("{2150E333-8FDC-42A3-9474-1A3956D46DE8}") = "DataStores", "DataStores", "{CBAC4CF3-E1F4-4919-A7D4-1E479FE4859D}"
EndProject
Project("{2150E333-8FDC-42A3-9474-1A3956D46DE8}") = "Identity", "Identity", "{7E38186B-7B6D-4394-ADC2-F1429F4F0724}"
EndProject
Project("{9A19103F-16F7-4668-BE54-9A1E7A4F7556}") = "Identity.Base", "..\..\..\Modules\Identity\Identity.Base\Identity.Base.csproj", "{4373D02A-EC32-41F2-9317-1247E634E476}"
EndProject
Project("{2150E333-8FDC-42A3-9474-1A3956D46DE8}") = "Social", "Social", "{E09C6C41-DCA7-4DED-B0C2-093098AAD8C9}"
EndProject
Project("{9A19103F-16F7-4668-BE54-9A1E7A4F7556}") = "Social.Base", "..\..\..\Modules\Social\Social.Base\Social.Base.csproj", "{E7BFF0AB-DCC8-404D-819F-723E092EFAAA}"
EndProject
Project("{9A19103F-16F7-4668-BE54-9A1E7A4F7556}") = "Metsi.Web.Site", "Metsi.Web.Site\Metsi.Web.Site.csproj", "{A1A47B37-AB94-436F-B1B6-CD475846BE9A}"
EndProject
Project("{9A19103F-16F7-4668-BE54-9A1E7A4F7556}") = "Metsi.Web.Training", "Metsi.Web.Training\Metsi.Web.Training.csproj", "{C59D5188-9A48-46CA-A713-62C2D377952C}"
EndProject
Project("{9A19103F-16F7-4668-BE54-9A1E7A4F7556}") = "Metsi.Web.Admin", "Metsi.Web.Admin\Metsi.Web.Admin.csproj", "{414BD37C-657D-4601-A5AB-32DD0A1976DE}"
EndProject
Project("{9A19103F-16F7-4668-BE54-9A1E7A4F7556}") = "Metsi.Web.Identity", "Metsi.Web.Identity\Metsi.Web.Identity.csproj", "{43442C4C-7969-4D28-9082-00D8469B52B8}"
EndProject
Project("{9A19103F-16F7-4668-BE54-9A1E7A4F7556}") = "Metsi", "..\Metsi.Base\Metsi\Metsi.csproj", "{604CA6F7-126C-406C-B41B-23798CB1F721}"
EndProject
Project("{2150E333-8FDC-42A3-9474-1A3956D46DE8}") = "Feedback", "Feedback", "{774FDC75-5D7B-4CEB-AE9A-47A9CBDE02AB}"
EndProject
Project("{9A19103F-16F7-4668-BE54-9A1E7A4F7556}") = "Feedback.Base", "..\..\..\Modules\Feedback\Feedback.Base\Feedback.Base.csproj", "{5909A23B-ED84-4B6B-BBFE-AC79E3C84D92}"
EndProject
Project("{9A19103F-16F7-4668-BE54-9A1E7A4F7556}") = "Feedback.Core", "..\..\..\Modules\Feedback\Feedback.Core\Feedback.Core.csproj", "{EA67E530-F92B-4F67-9D20-C3D56942F209}"
EndProject
Project("{2150E333-8FDC-42A3-9474-1A3956D46DE8}") = "Blogging", "Blogging", "{4691AE74-2836-4708-A102-9A10E12FFAD1}"
EndProject
Project("{9A19103F-16F7-4668-BE54-9A1E7A4F7556}") = "Blogging.Base", "..\..\..\Modules\Blogging\Blogging.Base\Blogging.Base.csproj", "{B139A1E9-33B6-43A1-942C-2C0C64FEF3DD}"
EndProject
Project("{9A19103F-16F7-4668-BE54-9A1E7A4F7556}") = "Blogging.Core", "..\..\..\Modules\Blogging\Blogging.Core\Blogging.Core.csproj", "{E1169D6B-6DD9-422E-99C0-D3B087DFEC8D}"
EndProject
Project("{2150E333-8FDC-42A3-9474-1A3956D46DE8}") = "Customers", "Customers", "{D35C3F59-79EB-44E3-89BD-8281C7E47FDB}"
EndProject
Project("{9A19103F-16F7-4668-BE54-9A1E7A4F7556}") = "Customers.Base", "..\..\..\Modules\Customers\Customers.Base\Customers.Base.csproj", "{F80FA8F8-1C33-44D0-9D4B-EF169F0FD3B4}"
EndProject
Project("{9A19103F-16F7-4668-BE54-9A1E7A4F7556}") = "Customers.Core", "..\..\..\Modules\Customers\Customers.Core\Customers.Core.csproj", "{4145486D-CD33-4DE0-AB4E-604F5CBBB8AD}"
EndProject
Project("{2150E333-8FDC-42A3-9474-1A3956D46DE8}") = "Messaging", "Messaging", "{9FA9834C-BFF4-4341-82FF-7830FA4E93AC}"
EndProject
Project("{9A19103F-16F7-4668-BE54-9A1E7A4F7556}") = "Messaging.Base", "..\..\..\Modules\Messaging\Messaging.Base\Messaging.Base.csproj", "{66AC7D5E-2976-47BC-9E41-83C45612D6C0}"
EndProject
Project("{9A19103F-16F7-4668-BE54-9A1E7A4F7556}") = "Messaging.Core", "..\..\..\Modules\Messaging\Messaging.Core\Messaging.Core.csproj", "{60C34B87-4DDD-4EF4-9672-E2A836748EF0}"
EndProject
Project("{2150E333-8FDC-42A3-9474-1A3956D46DE8}") = "Gallery", "Gallery", "{FADED071-D1A0-4D76-B014-D2C7EA20AB35}"
EndProject
Project("{9A19103F-16F7-4668-BE54-9A1E7A4F7556}") = "Gallery.Base", "..\..\..\Modules\Gallery\Gallery.Base\Gallery.Base.csproj", "{681AE1DE-C92F-4939-96E2-A47B01473CF5}"
EndProject
Project("{9A19103F-16F7-4668-BE54-9A1E7A4F7556}") = "Gallery.Core", "..\..\..\Modules\Gallery\Gallery.Core\Gallery.Core.csproj", "{0D357639-97D3-47BF-AE42-AEFEFCE9DC73}"
EndProject
Project("{2150E333-8FDC-42A3-9474-1A3956D46DE8}") = "Employment", "Employment", "{FF6A7C7C-1581-4649-800F-EA3C1B2BA5CD}"
EndProject
Project("{9A19103F-16F7-4668-BE54-9A1E7A4F7556}") = "Employment.Base", "..\..\..\Modules\Employment\Employment.Base\Employment.Base.csproj", "{6E534ED2-7425-4653-AF40-FBEA6BDBA8D2}"
EndProject
Project("{9A19103F-16F7-4668-BE54-9A1E7A4F7556}") = "Employment.Core", "..\..\..\Modules\Employment\Employment.Core\Employment.Core.csproj", "{E57E8E3A-47B1-4B49-962F-4F84316C650B}"
EndProject
Project("{2150E333-8FDC-42A3-9474-1A3956D46DE8}") = "Services", "Services", "{6A53356F-2E58-450E-A4C8-AEDC06ACB158}"
EndProject
Project("{9A19103F-16F7-4668-BE54-9A1E7A4F7556}") = "Services.Base", "..\..\..\Modules\Services\Services.Base\Services.Base.csproj", "{63A2DB28-C1C1-4FB6-97B6-7D85E091369A}"
EndProject
Project("{9A19103F-16F7-4668-BE54-9A1E7A4F7556}") = "Services.Core", "..\..\..\Modules\Services\Services.Core\Services.Core.csproj", "{FE858429-ECE0-4175-8489-16C4E10BC5C1}"
EndProject
Project("{2150E333-8FDC-42A3-9474-1A3956D46DE8}") = "Education", "Education", "{51B593EC-86A1-408B-8E1F-32DDDB1011DE}"
EndProject
Project("{9A19103F-16F7-4668-BE54-9A1E7A4F7556}") = "Education.Base", "..\..\..\Modules\Education\Education.Base\Education.Base.csproj", "{BE748381-72A8-4186-B9F1-D7F3981A29DA}"
EndProject
Project("{9A19103F-16F7-4668-BE54-9A1E7A4F7556}") = "Education.Core", "..\..\..\Modules\Education\Education.Core\Education.Core.csproj", "{27D399C0-562D-4480-8D12-F5646D938A5C}"
EndProject
Project("{9A19103F-16F7-4668-BE54-9A1E7A4F7556}") = "Metsi.Web", "..\Metsi.Base\Metsi.Web\Metsi.Web.csproj", "{E41B52D4-F7CE-49E8-9CA0-79B40751F225}"
EndProject
Project("{2150E333-8FDC-42A3-9474-1A3956D46DE8}") = "Mailing", "Mailing", "{CC539824-E2D7-45CD-87DB-815189937A93}"
EndProject
Project("{9A19103F-16F7-4668-BE54-9A1E7A4F7556}") = "Mailing.Base", "..\..\..\Modules\Mailing\Mailing.Base\Mailing.Base.csproj", "{4CB83E03-F253-4BD6-9932-F7BFE90AB7A1}"
EndProject
Project("{2150E333-8FDC-42A3-9474-1A3956D46DE8}") = "Calendar", "Calendar", "{030D5B61-5663-465C-A573-BEB7E7C5A52A}"
EndProject
Project("{9A19103F-16F7-4668-BE54-9A1E7A4F7556}") = "Calendar.Base", "..\..\..\Modules\Calendar\Calendar.Base\Calendar.Base.csproj", "{2876CF64-8E82-4A27-ADF7-46F07D0DBF91}"
EndProject
Project("{9A19103F-16F7-4668-BE54-9A1E7A4F7556}") = "Calendar.Core", "..\..\..\Modules\Calendar\Calendar.Core\Calendar.Core.csproj", "{9B06A714-3D7D-4167-B985-CE3DE924A058}"
EndProject
Project("{2150E333-8FDC-42A3-9474-1A3956D46DE8}") = "Projects", "Projects", "{2E23FB0E-E431-4FA2-B2EF-758C4A4E0708}"
EndProject
Project("{9A19103F-16F7-4668-BE54-9A1E7A4F7556}") = "Projects.Base", "..\..\..\Modules\Projects\Projects.Base\Projects.Base.csproj", "{8C9F02F3-4C7F-44F0-8383-2C4658F687BD}"
EndProject
Project("{9A19103F-16F7-4668-BE54-9A1E7A4F7556}") = "Projects.Core", "..\..\..\Modules\Projects\Projects.Core\Projects.Core.csproj", "{1B068AEE-94E1-4FDE-8A1E-E35D7C9F8DAC}"
EndProject
Project("{9A19103F-16F7-4668-BE54-9A1E7A4F7556}") = "Iqt.Web", "..\..\..\IqtFramework\Iqt.Web\Iqt.Web.csproj", "{9BE7E42D-904F-4C37-9ACC-4002288BA2CF}"
EndProject
Global
	GlobalSection(SolutionConfigurationPlatforms) = preSolution
		Debug|Any CPU = Debug|Any CPU
		Release|Any CPU = Release|Any CPU
	EndGlobalSection
	GlobalSection(ProjectConfigurationPlatforms) = postSolution
		{62848B16-D528-44DA-B2BD-2F23F328B2D4}.Debug|Any CPU.ActiveCfg = Debug|Any CPU
		{62848B16-D528-44DA-B2BD-2F23F328B2D4}.Debug|Any CPU.Build.0 = Debug|Any CPU
		{62848B16-D528-44DA-B2BD-2F23F328B2D4}.Release|Any CPU.ActiveCfg = Release|Any CPU
		{62848B16-D528-44DA-B2BD-2F23F328B2D4}.Release|Any CPU.Build.0 = Release|Any CPU
		{11B614ED-2303-4220-BDCC-4A111592AFDB}.Debug|Any CPU.ActiveCfg = Debug|Any CPU
		{11B614ED-2303-4220-BDCC-4A111592AFDB}.Debug|Any CPU.Build.0 = Debug|Any CPU
		{11B614ED-2303-4220-BDCC-4A111592AFDB}.Release|Any CPU.ActiveCfg = Release|Any CPU
		{11B614ED-2303-4220-BDCC-4A111592AFDB}.Release|Any CPU.Build.0 = Release|Any CPU
		{CDC38581-76C9-4D2F-B721-F45CFB3231AF}.Debug|Any CPU.ActiveCfg = Debug|Any CPU
		{CDC38581-76C9-4D2F-B721-F45CFB3231AF}.Debug|Any CPU.Build.0 = Debug|Any CPU
		{CDC38581-76C9-4D2F-B721-F45CFB3231AF}.Release|Any CPU.ActiveCfg = Release|Any CPU
		{CDC38581-76C9-4D2F-B721-F45CFB3231AF}.Release|Any CPU.Build.0 = Release|Any CPU
		{E884F97B-6668-42CE-821E-9F3E1C60826F}.Debug|Any CPU.ActiveCfg = Debug|Any CPU
		{E884F97B-6668-42CE-821E-9F3E1C60826F}.Debug|Any CPU.Build.0 = Debug|Any CPU
		{E884F97B-6668-42CE-821E-9F3E1C60826F}.Release|Any CPU.ActiveCfg = Release|Any CPU
		{E884F97B-6668-42CE-821E-9F3E1C60826F}.Release|Any CPU.Build.0 = Release|Any CPU
		{E3057396-85D3-440D-858E-AC63CFF1476A}.Debug|Any CPU.ActiveCfg = Debug|Any CPU
		{E3057396-85D3-440D-858E-AC63CFF1476A}.Debug|Any CPU.Build.0 = Debug|Any CPU
		{E3057396-85D3-440D-858E-AC63CFF1476A}.Release|Any CPU.ActiveCfg = Release|Any CPU
		{E3057396-85D3-440D-858E-AC63CFF1476A}.Release|Any CPU.Build.0 = Release|Any CPU
		{2B95FF0D-9EEC-4F5A-8876-0DC4FBC70527}.Debug|Any CPU.ActiveCfg = Debug|Any CPU
		{2B95FF0D-9EEC-4F5A-8876-0DC4FBC70527}.Debug|Any CPU.Build.0 = Debug|Any CPU
		{2B95FF0D-9EEC-4F5A-8876-0DC4FBC70527}.Release|Any CPU.ActiveCfg = Release|Any CPU
		{2B95FF0D-9EEC-4F5A-8876-0DC4FBC70527}.Release|Any CPU.Build.0 = Release|Any CPU
		{62BEB778-36B0-47D1-A8E3-1E35D23A34FB}.Debug|Any CPU.ActiveCfg = Debug|Any CPU
		{62BEB778-36B0-47D1-A8E3-1E35D23A34FB}.Debug|Any CPU.Build.0 = Debug|Any CPU
		{62BEB778-36B0-47D1-A8E3-1E35D23A34FB}.Release|Any CPU.ActiveCfg = Release|Any CPU
		{62BEB778-36B0-47D1-A8E3-1E35D23A34FB}.Release|Any CPU.Build.0 = Release|Any CPU
		{0AF631B1-24C3-4806-9791-4A47FFEF6DA7}.Debug|Any CPU.ActiveCfg = Debug|Any CPU
		{0AF631B1-24C3-4806-9791-4A47FFEF6DA7}.Debug|Any CPU.Build.0 = Debug|Any CPU
		{0AF631B1-24C3-4806-9791-4A47FFEF6DA7}.Release|Any CPU.ActiveCfg = Release|Any CPU
		{0AF631B1-24C3-4806-9791-4A47FFEF6DA7}.Release|Any CPU.Build.0 = Release|Any CPU
		{D99C1232-9960-47D3-8730-D812FD32C5BD}.Debug|Any CPU.ActiveCfg = Debug|Any CPU
		{D99C1232-9960-47D3-8730-D812FD32C5BD}.Debug|Any CPU.Build.0 = Debug|Any CPU
		{D99C1232-9960-47D3-8730-D812FD32C5BD}.Release|Any CPU.ActiveCfg = Release|Any CPU
		{D99C1232-9960-47D3-8730-D812FD32C5BD}.Release|Any CPU.Build.0 = Release|Any CPU
		{4373D02A-EC32-41F2-9317-1247E634E476}.Debug|Any CPU.ActiveCfg = Debug|Any CPU
		{4373D02A-EC32-41F2-9317-1247E634E476}.Debug|Any CPU.Build.0 = Debug|Any CPU
		{4373D02A-EC32-41F2-9317-1247E634E476}.Release|Any CPU.ActiveCfg = Release|Any CPU
		{4373D02A-EC32-41F2-9317-1247E634E476}.Release|Any CPU.Build.0 = Release|Any CPU
		{E7BFF0AB-DCC8-404D-819F-723E092EFAAA}.Debug|Any CPU.ActiveCfg = Debug|Any CPU
		{E7BFF0AB-DCC8-404D-819F-723E092EFAAA}.Debug|Any CPU.Build.0 = Debug|Any CPU
		{E7BFF0AB-DCC8-404D-819F-723E092EFAAA}.Release|Any CPU.ActiveCfg = Release|Any CPU
		{E7BFF0AB-DCC8-404D-819F-723E092EFAAA}.Release|Any CPU.Build.0 = Release|Any CPU
		{A1A47B37-AB94-436F-B1B6-CD475846BE9A}.Debug|Any CPU.ActiveCfg = Debug|Any CPU
		{A1A47B37-AB94-436F-B1B6-CD475846BE9A}.Debug|Any CPU.Build.0 = Debug|Any CPU
		{A1A47B37-AB94-436F-B1B6-CD475846BE9A}.Release|Any CPU.ActiveCfg = Release|Any CPU
		{A1A47B37-AB94-436F-B1B6-CD475846BE9A}.Release|Any CPU.Build.0 = Release|Any CPU
		{C59D5188-9A48-46CA-A713-62C2D377952C}.Debug|Any CPU.ActiveCfg = Debug|Any CPU
		{C59D5188-9A48-46CA-A713-62C2D377952C}.Debug|Any CPU.Build.0 = Debug|Any CPU
		{C59D5188-9A48-46CA-A713-62C2D377952C}.Release|Any CPU.ActiveCfg = Release|Any CPU
		{C59D5188-9A48-46CA-A713-62C2D377952C}.Release|Any CPU.Build.0 = Release|Any CPU
		{414BD37C-657D-4601-A5AB-32DD0A1976DE}.Debug|Any CPU.ActiveCfg = Debug|Any CPU
		{414BD37C-657D-4601-A5AB-32DD0A1976DE}.Debug|Any CPU.Build.0 = Debug|Any CPU
		{414BD37C-657D-4601-A5AB-32DD0A1976DE}.Release|Any CPU.ActiveCfg = Release|Any CPU
		{414BD37C-657D-4601-A5AB-32DD0A1976DE}.Release|Any CPU.Build.0 = Release|Any CPU
		{43442C4C-7969-4D28-9082-00D8469B52B8}.Debug|Any CPU.ActiveCfg = Debug|Any CPU
		{43442C4C-7969-4D28-9082-00D8469B52B8}.Debug|Any CPU.Build.0 = Debug|Any CPU
		{43442C4C-7969-4D28-9082-00D8469B52B8}.Release|Any CPU.ActiveCfg = Release|Any CPU
		{43442C4C-7969-4D28-9082-00D8469B52B8}.Release|Any CPU.Build.0 = Release|Any CPU
		{604CA6F7-126C-406C-B41B-23798CB1F721}.Debug|Any CPU.ActiveCfg = Debug|Any CPU
		{604CA6F7-126C-406C-B41B-23798CB1F721}.Debug|Any CPU.Build.0 = Debug|Any CPU
		{604CA6F7-126C-406C-B41B-23798CB1F721}.Release|Any CPU.ActiveCfg = Release|Any CPU
		{604CA6F7-126C-406C-B41B-23798CB1F721}.Release|Any CPU.Build.0 = Release|Any CPU
		{5909A23B-ED84-4B6B-BBFE-AC79E3C84D92}.Debug|Any CPU.ActiveCfg = Debug|Any CPU
		{5909A23B-ED84-4B6B-BBFE-AC79E3C84D92}.Debug|Any CPU.Build.0 = Debug|Any CPU
		{5909A23B-ED84-4B6B-BBFE-AC79E3C84D92}.Release|Any CPU.ActiveCfg = Release|Any CPU
		{5909A23B-ED84-4B6B-BBFE-AC79E3C84D92}.Release|Any CPU.Build.0 = Release|Any CPU
		{EA67E530-F92B-4F67-9D20-C3D56942F209}.Debug|Any CPU.ActiveCfg = Debug|Any CPU
		{EA67E530-F92B-4F67-9D20-C3D56942F209}.Debug|Any CPU.Build.0 = Debug|Any CPU
		{EA67E530-F92B-4F67-9D20-C3D56942F209}.Release|Any CPU.ActiveCfg = Release|Any CPU
		{EA67E530-F92B-4F67-9D20-C3D56942F209}.Release|Any CPU.Build.0 = Release|Any CPU
		{B139A1E9-33B6-43A1-942C-2C0C64FEF3DD}.Debug|Any CPU.ActiveCfg = Debug|Any CPU
		{B139A1E9-33B6-43A1-942C-2C0C64FEF3DD}.Debug|Any CPU.Build.0 = Debug|Any CPU
		{B139A1E9-33B6-43A1-942C-2C0C64FEF3DD}.Release|Any CPU.ActiveCfg = Release|Any CPU
		{B139A1E9-33B6-43A1-942C-2C0C64FEF3DD}.Release|Any CPU.Build.0 = Release|Any CPU
		{E1169D6B-6DD9-422E-99C0-D3B087DFEC8D}.Debug|Any CPU.ActiveCfg = Debug|Any CPU
		{E1169D6B-6DD9-422E-99C0-D3B087DFEC8D}.Debug|Any CPU.Build.0 = Debug|Any CPU
		{E1169D6B-6DD9-422E-99C0-D3B087DFEC8D}.Release|Any CPU.ActiveCfg = Release|Any CPU
		{E1169D6B-6DD9-422E-99C0-D3B087DFEC8D}.Release|Any CPU.Build.0 = Release|Any CPU
		{F80FA8F8-1C33-44D0-9D4B-EF169F0FD3B4}.Debug|Any CPU.ActiveCfg = Debug|Any CPU
		{F80FA8F8-1C33-44D0-9D4B-EF169F0FD3B4}.Debug|Any CPU.Build.0 = Debug|Any CPU
		{F80FA8F8-1C33-44D0-9D4B-EF169F0FD3B4}.Release|Any CPU.ActiveCfg = Release|Any CPU
		{F80FA8F8-1C33-44D0-9D4B-EF169F0FD3B4}.Release|Any CPU.Build.0 = Release|Any CPU
		{4145486D-CD33-4DE0-AB4E-604F5CBBB8AD}.Debug|Any CPU.ActiveCfg = Debug|Any CPU
		{4145486D-CD33-4DE0-AB4E-604F5CBBB8AD}.Debug|Any CPU.Build.0 = Debug|Any CPU
		{4145486D-CD33-4DE0-AB4E-604F5CBBB8AD}.Release|Any CPU.ActiveCfg = Release|Any CPU
		{4145486D-CD33-4DE0-AB4E-604F5CBBB8AD}.Release|Any CPU.Build.0 = Release|Any CPU
		{66AC7D5E-2976-47BC-9E41-83C45612D6C0}.Debug|Any CPU.ActiveCfg = Debug|Any CPU
		{66AC7D5E-2976-47BC-9E41-83C45612D6C0}.Debug|Any CPU.Build.0 = Debug|Any CPU
		{66AC7D5E-2976-47BC-9E41-83C45612D6C0}.Release|Any CPU.ActiveCfg = Release|Any CPU
		{66AC7D5E-2976-47BC-9E41-83C45612D6C0}.Release|Any CPU.Build.0 = Release|Any CPU
		{60C34B87-4DDD-4EF4-9672-E2A836748EF0}.Debug|Any CPU.ActiveCfg = Debug|Any CPU
		{60C34B87-4DDD-4EF4-9672-E2A836748EF0}.Debug|Any CPU.Build.0 = Debug|Any CPU
		{60C34B87-4DDD-4EF4-9672-E2A836748EF0}.Release|Any CPU.ActiveCfg = Release|Any CPU
		{60C34B87-4DDD-4EF4-9672-E2A836748EF0}.Release|Any CPU.Build.0 = Release|Any CPU
		{681AE1DE-C92F-4939-96E2-A47B01473CF5}.Debug|Any CPU.ActiveCfg = Debug|Any CPU
		{681AE1DE-C92F-4939-96E2-A47B01473CF5}.Debug|Any CPU.Build.0 = Debug|Any CPU
		{681AE1DE-C92F-4939-96E2-A47B01473CF5}.Release|Any CPU.ActiveCfg = Release|Any CPU
		{681AE1DE-C92F-4939-96E2-A47B01473CF5}.Release|Any CPU.Build.0 = Release|Any CPU
		{0D357639-97D3-47BF-AE42-AEFEFCE9DC73}.Debug|Any CPU.ActiveCfg = Debug|Any CPU
		{0D357639-97D3-47BF-AE42-AEFEFCE9DC73}.Debug|Any CPU.Build.0 = Debug|Any CPU
		{0D357639-97D3-47BF-AE42-AEFEFCE9DC73}.Release|Any CPU.ActiveCfg = Release|Any CPU
		{0D357639-97D3-47BF-AE42-AEFEFCE9DC73}.Release|Any CPU.Build.0 = Release|Any CPU
		{6E534ED2-7425-4653-AF40-FBEA6BDBA8D2}.Debug|Any CPU.ActiveCfg = Debug|Any CPU
		{6E534ED2-7425-4653-AF40-FBEA6BDBA8D2}.Debug|Any CPU.Build.0 = Debug|Any CPU
		{6E534ED2-7425-4653-AF40-FBEA6BDBA8D2}.Release|Any CPU.ActiveCfg = Release|Any CPU
		{6E534ED2-7425-4653-AF40-FBEA6BDBA8D2}.Release|Any CPU.Build.0 = Release|Any CPU
		{E57E8E3A-47B1-4B49-962F-4F84316C650B}.Debug|Any CPU.ActiveCfg = Debug|Any CPU
		{E57E8E3A-47B1-4B49-962F-4F84316C650B}.Debug|Any CPU.Build.0 = Debug|Any CPU
		{E57E8E3A-47B1-4B49-962F-4F84316C650B}.Release|Any CPU.ActiveCfg = Release|Any CPU
		{E57E8E3A-47B1-4B49-962F-4F84316C650B}.Release|Any CPU.Build.0 = Release|Any CPU
		{63A2DB28-C1C1-4FB6-97B6-7D85E091369A}.Debug|Any CPU.ActiveCfg = Debug|Any CPU
		{63A2DB28-C1C1-4FB6-97B6-7D85E091369A}.Debug|Any CPU.Build.0 = Debug|Any CPU
		{63A2DB28-C1C1-4FB6-97B6-7D85E091369A}.Release|Any CPU.ActiveCfg = Release|Any CPU
		{63A2DB28-C1C1-4FB6-97B6-7D85E091369A}.Release|Any CPU.Build.0 = Release|Any CPU
		{FE858429-ECE0-4175-8489-16C4E10BC5C1}.Debug|Any CPU.ActiveCfg = Debug|Any CPU
		{FE858429-ECE0-4175-8489-16C4E10BC5C1}.Debug|Any CPU.Build.0 = Debug|Any CPU
		{FE858429-ECE0-4175-8489-16C4E10BC5C1}.Release|Any CPU.ActiveCfg = Release|Any CPU
		{FE858429-ECE0-4175-8489-16C4E10BC5C1}.Release|Any CPU.Build.0 = Release|Any CPU
		{BE748381-72A8-4186-B9F1-D7F3981A29DA}.Debug|Any CPU.ActiveCfg = Debug|Any CPU
		{BE748381-72A8-4186-B9F1-D7F3981A29DA}.Debug|Any CPU.Build.0 = Debug|Any CPU
		{BE748381-72A8-4186-B9F1-D7F3981A29DA}.Release|Any CPU.ActiveCfg = Release|Any CPU
		{BE748381-72A8-4186-B9F1-D7F3981A29DA}.Release|Any CPU.Build.0 = Release|Any CPU
		{27D399C0-562D-4480-8D12-F5646D938A5C}.Debug|Any CPU.ActiveCfg = Debug|Any CPU
		{27D399C0-562D-4480-8D12-F5646D938A5C}.Debug|Any CPU.Build.0 = Debug|Any CPU
		{27D399C0-562D-4480-8D12-F5646D938A5C}.Release|Any CPU.ActiveCfg = Release|Any CPU
		{27D399C0-562D-4480-8D12-F5646D938A5C}.Release|Any CPU.Build.0 = Release|Any CPU
		{E41B52D4-F7CE-49E8-9CA0-79B40751F225}.Debug|Any CPU.ActiveCfg = Debug|Any CPU
		{E41B52D4-F7CE-49E8-9CA0-79B40751F225}.Debug|Any CPU.Build.0 = Debug|Any CPU
		{E41B52D4-F7CE-49E8-9CA0-79B40751F225}.Release|Any CPU.ActiveCfg = Release|Any CPU
		{E41B52D4-F7CE-49E8-9CA0-79B40751F225}.Release|Any CPU.Build.0 = Release|Any CPU
		{4CB83E03-F253-4BD6-9932-F7BFE90AB7A1}.Debug|Any CPU.ActiveCfg = Debug|Any CPU
		{4CB83E03-F253-4BD6-9932-F7BFE90AB7A1}.Debug|Any CPU.Build.0 = Debug|Any CPU
		{4CB83E03-F253-4BD6-9932-F7BFE90AB7A1}.Release|Any CPU.ActiveCfg = Release|Any CPU
		{4CB83E03-F253-4BD6-9932-F7BFE90AB7A1}.Release|Any CPU.Build.0 = Release|Any CPU
		{2876CF64-8E82-4A27-ADF7-46F07D0DBF91}.Debug|Any CPU.ActiveCfg = Debug|Any CPU
		{2876CF64-8E82-4A27-ADF7-46F07D0DBF91}.Debug|Any CPU.Build.0 = Debug|Any CPU
		{2876CF64-8E82-4A27-ADF7-46F07D0DBF91}.Release|Any CPU.ActiveCfg = Release|Any CPU
		{2876CF64-8E82-4A27-ADF7-46F07D0DBF91}.Release|Any CPU.Build.0 = Release|Any CPU
		{9B06A714-3D7D-4167-B985-CE3DE924A058}.Debug|Any CPU.ActiveCfg = Debug|Any CPU
		{9B06A714-3D7D-4167-B985-CE3DE924A058}.Debug|Any CPU.Build.0 = Debug|Any CPU
		{9B06A714-3D7D-4167-B985-CE3DE924A058}.Release|Any CPU.ActiveCfg = Release|Any CPU
		{9B06A714-3D7D-4167-B985-CE3DE924A058}.Release|Any CPU.Build.0 = Release|Any CPU
		{8C9F02F3-4C7F-44F0-8383-2C4658F687BD}.Debug|Any CPU.ActiveCfg = Debug|Any CPU
		{8C9F02F3-4C7F-44F0-8383-2C4658F687BD}.Debug|Any CPU.Build.0 = Debug|Any CPU
		{8C9F02F3-4C7F-44F0-8383-2C4658F687BD}.Release|Any CPU.ActiveCfg = Release|Any CPU
		{8C9F02F3-4C7F-44F0-8383-2C4658F687BD}.Release|Any CPU.Build.0 = Release|Any CPU
		{1B068AEE-94E1-4FDE-8A1E-E35D7C9F8DAC}.Debug|Any CPU.ActiveCfg = Debug|Any CPU
		{1B068AEE-94E1-4FDE-8A1E-E35D7C9F8DAC}.Debug|Any CPU.Build.0 = Debug|Any CPU
		{1B068AEE-94E1-4FDE-8A1E-E35D7C9F8DAC}.Release|Any CPU.ActiveCfg = Release|Any CPU
		{1B068AEE-94E1-4FDE-8A1E-E35D7C9F8DAC}.Release|Any CPU.Build.0 = Release|Any CPU
		{9BE7E42D-904F-4C37-9ACC-4002288BA2CF}.Debug|Any CPU.ActiveCfg = Debug|Any CPU
		{9BE7E42D-904F-4C37-9ACC-4002288BA2CF}.Debug|Any CPU.Build.0 = Debug|Any CPU
		{9BE7E42D-904F-4C37-9ACC-4002288BA2CF}.Release|Any CPU.ActiveCfg = Release|Any CPU
		{9BE7E42D-904F-4C37-9ACC-4002288BA2CF}.Release|Any CPU.Build.0 = Release|Any CPU
	EndGlobalSection
	GlobalSection(SolutionProperties) = preSolution
		HideSolutionNode = FALSE
	EndGlobalSection
	GlobalSection(NestedProjects) = preSolution
		{62848B16-D528-44DA-B2BD-2F23F328B2D4} = {D30BE693-CBD2-47FC-B162-50ACD8D9F19F}
		{49C6EB33-CF0E-4E48-9464-B2C4230ED5E9} = {469B9EAD-4138-4D2A-A7D0-5D6C4ABAD8F2}
		{8024C8B0-C275-4563-8596-8988E0FC038A} = {469B9EAD-4138-4D2A-A7D0-5D6C4ABAD8F2}
		{4391DB3C-EE77-4DB0-BE42-C5221AC3D514} = {469B9EAD-4138-4D2A-A7D0-5D6C4ABAD8F2}
		{11B614ED-2303-4220-BDCC-4A111592AFDB} = {4391DB3C-EE77-4DB0-BE42-C5221AC3D514}
		{CDC38581-76C9-4D2F-B721-F45CFB3231AF} = {4391DB3C-EE77-4DB0-BE42-C5221AC3D514}
		{E884F97B-6668-42CE-821E-9F3E1C60826F} = {49C6EB33-CF0E-4E48-9464-B2C4230ED5E9}
		{E3057396-85D3-440D-858E-AC63CFF1476A} = {49C6EB33-CF0E-4E48-9464-B2C4230ED5E9}
		{2B95FF0D-9EEC-4F5A-8876-0DC4FBC70527} = {8024C8B0-C275-4563-8596-8988E0FC038A}
		{62BEB778-36B0-47D1-A8E3-1E35D23A34FB} = {8024C8B0-C275-4563-8596-8988E0FC038A}
		{0AF631B1-24C3-4806-9791-4A47FFEF6DA7} = {13490F76-012B-4F23-B1AB-11FE0CBD2265}
		{D99C1232-9960-47D3-8730-D812FD32C5BD} = {CBAC4CF3-E1F4-4919-A7D4-1E479FE4859D}
		{7E38186B-7B6D-4394-ADC2-F1429F4F0724} = {469B9EAD-4138-4D2A-A7D0-5D6C4ABAD8F2}
		{4373D02A-EC32-41F2-9317-1247E634E476} = {7E38186B-7B6D-4394-ADC2-F1429F4F0724}
		{E09C6C41-DCA7-4DED-B0C2-093098AAD8C9} = {469B9EAD-4138-4D2A-A7D0-5D6C4ABAD8F2}
		{E7BFF0AB-DCC8-404D-819F-723E092EFAAA} = {E09C6C41-DCA7-4DED-B0C2-093098AAD8C9}
		{A1A47B37-AB94-436F-B1B6-CD475846BE9A} = {13490F76-012B-4F23-B1AB-11FE0CBD2265}
		{C59D5188-9A48-46CA-A713-62C2D377952C} = {13490F76-012B-4F23-B1AB-11FE0CBD2265}
		{414BD37C-657D-4601-A5AB-32DD0A1976DE} = {13490F76-012B-4F23-B1AB-11FE0CBD2265}
		{43442C4C-7969-4D28-9082-00D8469B52B8} = {13490F76-012B-4F23-B1AB-11FE0CBD2265}
		{604CA6F7-126C-406C-B41B-23798CB1F721} = {E1808899-EEF6-4B85-BE1B-330D4F0DDB2A}
		{774FDC75-5D7B-4CEB-AE9A-47A9CBDE02AB} = {469B9EAD-4138-4D2A-A7D0-5D6C4ABAD8F2}
		{5909A23B-ED84-4B6B-BBFE-AC79E3C84D92} = {774FDC75-5D7B-4CEB-AE9A-47A9CBDE02AB}
		{EA67E530-F92B-4F67-9D20-C3D56942F209} = {774FDC75-5D7B-4CEB-AE9A-47A9CBDE02AB}
		{4691AE74-2836-4708-A102-9A10E12FFAD1} = {469B9EAD-4138-4D2A-A7D0-5D6C4ABAD8F2}
		{B139A1E9-33B6-43A1-942C-2C0C64FEF3DD} = {4691AE74-2836-4708-A102-9A10E12FFAD1}
		{E1169D6B-6DD9-422E-99C0-D3B087DFEC8D} = {4691AE74-2836-4708-A102-9A10E12FFAD1}
		{D35C3F59-79EB-44E3-89BD-8281C7E47FDB} = {469B9EAD-4138-4D2A-A7D0-5D6C4ABAD8F2}
		{F80FA8F8-1C33-44D0-9D4B-EF169F0FD3B4} = {D35C3F59-79EB-44E3-89BD-8281C7E47FDB}
		{4145486D-CD33-4DE0-AB4E-604F5CBBB8AD} = {D35C3F59-79EB-44E3-89BD-8281C7E47FDB}
		{9FA9834C-BFF4-4341-82FF-7830FA4E93AC} = {469B9EAD-4138-4D2A-A7D0-5D6C4ABAD8F2}
		{66AC7D5E-2976-47BC-9E41-83C45612D6C0} = {9FA9834C-BFF4-4341-82FF-7830FA4E93AC}
		{60C34B87-4DDD-4EF4-9672-E2A836748EF0} = {9FA9834C-BFF4-4341-82FF-7830FA4E93AC}
		{FADED071-D1A0-4D76-B014-D2C7EA20AB35} = {469B9EAD-4138-4D2A-A7D0-5D6C4ABAD8F2}
		{681AE1DE-C92F-4939-96E2-A47B01473CF5} = {FADED071-D1A0-4D76-B014-D2C7EA20AB35}
		{0D357639-97D3-47BF-AE42-AEFEFCE9DC73} = {FADED071-D1A0-4D76-B014-D2C7EA20AB35}
		{FF6A7C7C-1581-4649-800F-EA3C1B2BA5CD} = {469B9EAD-4138-4D2A-A7D0-5D6C4ABAD8F2}
		{6E534ED2-7425-4653-AF40-FBEA6BDBA8D2} = {FF6A7C7C-1581-4649-800F-EA3C1B2BA5CD}
		{E57E8E3A-47B1-4B49-962F-4F84316C650B} = {FF6A7C7C-1581-4649-800F-EA3C1B2BA5CD}
		{6A53356F-2E58-450E-A4C8-AEDC06ACB158} = {469B9EAD-4138-4D2A-A7D0-5D6C4ABAD8F2}
		{63A2DB28-C1C1-4FB6-97B6-7D85E091369A} = {6A53356F-2E58-450E-A4C8-AEDC06ACB158}
		{FE858429-ECE0-4175-8489-16C4E10BC5C1} = {6A53356F-2E58-450E-A4C8-AEDC06ACB158}
		{51B593EC-86A1-408B-8E1F-32DDDB1011DE} = {469B9EAD-4138-4D2A-A7D0-5D6C4ABAD8F2}
		{BE748381-72A8-4186-B9F1-D7F3981A29DA} = {51B593EC-86A1-408B-8E1F-32DDDB1011DE}
		{27D399C0-562D-4480-8D12-F5646D938A5C} = {51B593EC-86A1-408B-8E1F-32DDDB1011DE}
		{E41B52D4-F7CE-49E8-9CA0-79B40751F225} = {E1808899-EEF6-4B85-BE1B-330D4F0DDB2A}
		{CC539824-E2D7-45CD-87DB-815189937A93} = {469B9EAD-4138-4D2A-A7D0-5D6C4ABAD8F2}
		{4CB83E03-F253-4BD6-9932-F7BFE90AB7A1} = {CC539824-E2D7-45CD-87DB-815189937A93}
		{030D5B61-5663-465C-A573-BEB7E7C5A52A} = {469B9EAD-4138-4D2A-A7D0-5D6C4ABAD8F2}
		{2876CF64-8E82-4A27-ADF7-46F07D0DBF91} = {030D5B61-5663-465C-A573-BEB7E7C5A52A}
		{9B06A714-3D7D-4167-B985-CE3DE924A058} = {030D5B61-5663-465C-A573-BEB7E7C5A52A}
		{2E23FB0E-E431-4FA2-B2EF-758C4A4E0708} = {469B9EAD-4138-4D2A-A7D0-5D6C4ABAD8F2}
		{8C9F02F3-4C7F-44F0-8383-2C4658F687BD} = {2E23FB0E-E431-4FA2-B2EF-758C4A4E0708}
		{1B068AEE-94E1-4FDE-8A1E-E35D7C9F8DAC} = {2E23FB0E-E431-4FA2-B2EF-758C4A4E0708}
		{9BE7E42D-904F-4C37-9ACC-4002288BA2CF} = {D30BE693-CBD2-47FC-B162-50ACD8D9F19F}
	EndGlobalSection
	GlobalSection(ExtensibilityGlobals) = postSolution
		SolutionGuid = {FEC86A88-EFDE-4E82-974B-DE4F116761C4}
	EndGlobalSection
EndGlobal
