
Microsoft Visual Studio Solution File, Format Version 12.00
# Visual Studio Version 16
VisualStudioVersion = 16.0.31005.135
MinimumVisualStudioVersion = 10.0.40219.1
Project("{2150E333-8FDC-42A3-9474-1A3956D46DE8}") = "Base", "Base", "{F2476BDB-FB2A-4CDB-BB20-D65791D1C19D}"
EndProject
Project("{2150E333-8FDC-42A3-9474-1A3956D46DE8}") = "DataStores", "DataStores", "{4F344D27-7ED1-49BB-A6FA-BE7451CFD366}"
EndProject
Project("{2150E333-8FDC-42A3-9474-1A3956D46DE8}") = "Iqt", "Iqt", "{F94FE119-58FE-46E1-A643-0C039828BB99}"
EndProject
Project("{2150E333-8FDC-42A3-9474-1A3956D46DE8}") = "Source", "Source", "{946D99E5-AE66-4FA7-94BD-AB73A27AE799}"
EndProject
Project("{9A19103F-16F7-4668-BE54-9A1E7A4F7556}") = "Olympia.Web.Site", "Olympia.Web.Site\Olympia.Web.Site.csproj", "{3FA03739-BFF4-4276-9849-02D8ACBCE75C}"
EndProject
Project("{9A19103F-16F7-4668-BE54-9A1E7A4F7556}") = "Olympia.Web.DataStore", "Olympia.Web.DataStore\Olympia.Web.DataStore.csproj", "{32638AC2-D19F-4616-BDFA-2608584448AA}"
EndProject
Project("{2150E333-8FDC-42A3-9474-1A3956D46DE8}") = "Modules", "Modules", "{74849892-DB6C-49CD-AFE5-7C070FA0935D}"
EndProject
Project("{9A19103F-16F7-4668-BE54-9A1E7A4F7556}") = "Identity.Base", "..\..\Modules\Identity\Identity.Base\Identity.Base.csproj", "{F0715448-14B2-45EA-9D68-41DAE9BEC659}"
EndProject
Project("{2150E333-8FDC-42A3-9474-1A3956D46DE8}") = "Identity", "Identity", "{306DB77B-ED53-4EC4-B773-2CE5BDFD4486}"
EndProject
Project("{2150E333-8FDC-42A3-9474-1A3956D46DE8}") = "Filing", "Filing", "{8EC83E4A-272F-4156-A3D6-756C2DA56FDC}"
EndProject
Project("{9A19103F-16F7-4668-BE54-9A1E7A4F7556}") = "Filing.Core", "..\..\Modules\Filing\Filing.Core\Filing.Core.csproj", "{943970A1-6690-404A-A8D2-F754994017B6}"
EndProject
Project("{9A19103F-16F7-4668-BE54-9A1E7A4F7556}") = "Filing.Base", "..\..\Modules\Filing\Filing.Base\Filing.Base.csproj", "{BFEBB5E6-74BF-47F5-AD74-07BF8797F22C}"
EndProject
Project("{9A19103F-16F7-4668-BE54-9A1E7A4F7556}") = "Iqt.Base", "..\..\IqtFramework\Iqt.Base\Iqt.Base.csproj", "{824A1D9A-F363-4FF2-8199-8AF60CD685EA}"
EndProject
Project("{9A19103F-16F7-4668-BE54-9A1E7A4F7556}") = "Olympia", "Olympia\Olympia.csproj", "{7312E93C-7BB0-46B1-BCF9-D6361CE94AD4}"
EndProject
Project("{9A19103F-16F7-4668-BE54-9A1E7A4F7556}") = "Olympia.Web", "Olympia.Web\Olympia.Web.csproj", "{B3E4D384-A460-4820-9262-69022D197D5C}"
EndProject
Project("{2150E333-8FDC-42A3-9474-1A3956D46DE8}") = "Mailing", "Mailing", "{ADF36B5F-1C86-4EBB-85E7-F111F6FDD54C}"
EndProject
Project("{9A19103F-16F7-4668-BE54-9A1E7A4F7556}") = "Mailing.Base", "..\..\Modules\Mailing\Mailing.Base\Mailing.Base.csproj", "{BA112488-1038-4AE4-90A6-FA2048ED302F}"
EndProject
Project("{2150E333-8FDC-42A3-9474-1A3956D46DE8}") = "Blogging", "Blogging", "{94E4EB22-143A-4913-A4A9-EE7CA5DCED03}"
EndProject
Project("{2150E333-8FDC-42A3-9474-1A3956D46DE8}") = "Customers", "Customers", "{4BD03140-EF8B-4E77-A02A-7DE4F0DA2262}"
EndProject
Project("{9A19103F-16F7-4668-BE54-9A1E7A4F7556}") = "Blogging.Base", "..\..\Modules\Blogging\Blogging.Base\Blogging.Base.csproj", "{5D95B4C9-A9BB-40F7-B60B-E9510EB58D4E}"
EndProject
Project("{9A19103F-16F7-4668-BE54-9A1E7A4F7556}") = "Blogging.Core", "..\..\Modules\Blogging\Blogging.Core\Blogging.Core.csproj", "{9238B88A-6CA8-4BEB-9B5E-1094F567D548}"
EndProject
Project("{9A19103F-16F7-4668-BE54-9A1E7A4F7556}") = "Customers.Base", "..\..\Modules\Customers\Customers.Base\Customers.Base.csproj", "{B286295C-34C5-4E2F-B269-50D126A8CFD4}"
EndProject
Project("{9A19103F-16F7-4668-BE54-9A1E7A4F7556}") = "Customers.Core", "..\..\Modules\Customers\Customers.Core\Customers.Core.csproj", "{1DA240A4-CD96-443B-B01A-338E1E49D7B1}"
EndProject
Project("{2150E333-8FDC-42A3-9474-1A3956D46DE8}") = "Employment", "Employment", "{0414CF0E-7C5B-4E07-98C5-4334C9BA269B}"
EndProject
Project("{2150E333-8FDC-42A3-9474-1A3956D46DE8}") = "Feedback", "Feedback", "{7C768178-BB99-469D-9F2D-3AAE63BA648C}"
EndProject
Project("{2150E333-8FDC-42A3-9474-1A3956D46DE8}") = "Projects", "Projects", "{4EBD5A93-8D1A-4FC6-8BFB-263D8D9F64DC}"
EndProject
Project("{2150E333-8FDC-42A3-9474-1A3956D46DE8}") = "Services", "Services", "{3C222BBA-A367-472C-A90B-9B7A02B25A90}"
EndProject
Project("{2150E333-8FDC-42A3-9474-1A3956D46DE8}") = "Troubleshooting", "Troubleshooting", "{8A236B27-6D7D-499D-86DE-E83AB5DF41D7}"
EndProject
Project("{9A19103F-16F7-4668-BE54-9A1E7A4F7556}") = "Employment.Base", "..\..\Modules\Employment\Employment.Base\Employment.Base.csproj", "{34993C03-C80C-4961-81CE-3B9B0F92F00D}"
EndProject
Project("{9A19103F-16F7-4668-BE54-9A1E7A4F7556}") = "Employment.Core", "..\..\Modules\Employment\Employment.Core\Employment.Core.csproj", "{BA0293FE-D7AB-4B25-A394-D4910E35DF3D}"
EndProject
Project("{9A19103F-16F7-4668-BE54-9A1E7A4F7556}") = "Feedback.Base", "..\..\Modules\Feedback\Feedback.Base\Feedback.Base.csproj", "{D2D160AC-ABD5-4149-867B-41FB119B1944}"
EndProject
Project("{9A19103F-16F7-4668-BE54-9A1E7A4F7556}") = "Feedback.Core", "..\..\Modules\Feedback\Feedback.Core\Feedback.Core.csproj", "{21749DAB-8D5A-40D8-9121-90BB36882ACC}"
EndProject
Project("{2150E333-8FDC-42A3-9474-1A3956D46DE8}") = "Grouping", "Grouping", "{296A17A6-5A1A-4DDD-9962-9A44318EB47A}"
EndProject
Project("{9A19103F-16F7-4668-BE54-9A1E7A4F7556}") = "Grouping.Base", "..\..\Modules\Grouping\Grouping.Base\Grouping.Base.csproj", "{C6289811-6852-4014-A9C7-FDD4476EDE62}"
EndProject
Project("{9A19103F-16F7-4668-BE54-9A1E7A4F7556}") = "Grouping.Core", "..\..\Modules\Grouping\Grouping.Core\Grouping.Core.csproj", "{D767BB0D-DE26-44B1-81F0-663CFED3AB1B}"
EndProject
Project("{9A19103F-16F7-4668-BE54-9A1E7A4F7556}") = "Projects.Base", "..\..\Modules\Projects\Projects.Base\Projects.Base.csproj", "{8E9CC97F-D224-4390-BA49-866D3FD193EE}"
EndProject
Project("{9A19103F-16F7-4668-BE54-9A1E7A4F7556}") = "Projects.Core", "..\..\Modules\Projects\Projects.Core\Projects.Core.csproj", "{F6EECF04-A56C-4A4D-BBB3-624E021A5D98}"
EndProject
Project("{9A19103F-16F7-4668-BE54-9A1E7A4F7556}") = "Services.Base", "..\..\Modules\Services\Services.Base\Services.Base.csproj", "{10D572D2-3994-4E79-83CD-5421FA76A55F}"
EndProject
Project("{9A19103F-16F7-4668-BE54-9A1E7A4F7556}") = "Services.Core", "..\..\Modules\Services\Services.Core\Services.Core.csproj", "{11EF211D-4E73-4729-90FE-2768D6A972A8}"
EndProject
Project("{9A19103F-16F7-4668-BE54-9A1E7A4F7556}") = "Troubleshooting.Base", "..\..\Modules\Troubleshooting\Troubleshooting.Base\Troubleshooting.Base.csproj", "{0C3A939E-6C96-40B6-B7C6-9E2DD5E89B78}"
EndProject
Project("{9A19103F-16F7-4668-BE54-9A1E7A4F7556}") = "Troubleshooting.Core", "..\..\Modules\Troubleshooting\Troubleshooting.Core\Troubleshooting.Core.csproj", "{6FF4FA17-74E8-4C9B-BA81-E77C911DBB99}"
EndProject
Project("{2150E333-8FDC-42A3-9474-1A3956D46DE8}") = "Calender", "Calender", "{05CC2008-A2B3-4711-9F8A-B265B29D7D0B}"
EndProject
Project("{9A19103F-16F7-4668-BE54-9A1E7A4F7556}") = "Calendar.Base", "..\..\Modules\Calendar\Calendar.Base\Calendar.Base.csproj", "{F4F38851-8020-4E36-96A5-C29D9AD08535}"
EndProject
Project("{9A19103F-16F7-4668-BE54-9A1E7A4F7556}") = "Calendar.Core", "..\..\Modules\Calendar\Calendar.Core\Calendar.Core.csproj", "{5EE1D366-9607-476D-A7ED-3111B6306375}"
EndProject
Global
	GlobalSection(SolutionConfigurationPlatforms) = preSolution
		Debug|Any CPU = Debug|Any CPU
		Release|Any CPU = Release|Any CPU
	EndGlobalSection
	GlobalSection(ProjectConfigurationPlatforms) = postSolution
		{3FA03739-BFF4-4276-9849-02D8ACBCE75C}.Debug|Any CPU.ActiveCfg = Debug|Any CPU
		{3FA03739-BFF4-4276-9849-02D8ACBCE75C}.Debug|Any CPU.Build.0 = Debug|Any CPU
		{3FA03739-BFF4-4276-9849-02D8ACBCE75C}.Release|Any CPU.ActiveCfg = Release|Any CPU
		{3FA03739-BFF4-4276-9849-02D8ACBCE75C}.Release|Any CPU.Build.0 = Release|Any CPU
		{32638AC2-D19F-4616-BDFA-2608584448AA}.Debug|Any CPU.ActiveCfg = Debug|Any CPU
		{32638AC2-D19F-4616-BDFA-2608584448AA}.Debug|Any CPU.Build.0 = Debug|Any CPU
		{32638AC2-D19F-4616-BDFA-2608584448AA}.Release|Any CPU.ActiveCfg = Release|Any CPU
		{32638AC2-D19F-4616-BDFA-2608584448AA}.Release|Any CPU.Build.0 = Release|Any CPU
		{F0715448-14B2-45EA-9D68-41DAE9BEC659}.Debug|Any CPU.ActiveCfg = Debug|Any CPU
		{F0715448-14B2-45EA-9D68-41DAE9BEC659}.Debug|Any CPU.Build.0 = Debug|Any CPU
		{F0715448-14B2-45EA-9D68-41DAE9BEC659}.Release|Any CPU.ActiveCfg = Release|Any CPU
		{F0715448-14B2-45EA-9D68-41DAE9BEC659}.Release|Any CPU.Build.0 = Release|Any CPU
		{943970A1-6690-404A-A8D2-F754994017B6}.Debug|Any CPU.ActiveCfg = Debug|Any CPU
		{943970A1-6690-404A-A8D2-F754994017B6}.Debug|Any CPU.Build.0 = Debug|Any CPU
		{943970A1-6690-404A-A8D2-F754994017B6}.Release|Any CPU.ActiveCfg = Release|Any CPU
		{943970A1-6690-404A-A8D2-F754994017B6}.Release|Any CPU.Build.0 = Release|Any CPU
		{BFEBB5E6-74BF-47F5-AD74-07BF8797F22C}.Debug|Any CPU.ActiveCfg = Debug|Any CPU
		{BFEBB5E6-74BF-47F5-AD74-07BF8797F22C}.Debug|Any CPU.Build.0 = Debug|Any CPU
		{BFEBB5E6-74BF-47F5-AD74-07BF8797F22C}.Release|Any CPU.ActiveCfg = Release|Any CPU
		{BFEBB5E6-74BF-47F5-AD74-07BF8797F22C}.Release|Any CPU.Build.0 = Release|Any CPU
		{824A1D9A-F363-4FF2-8199-8AF60CD685EA}.Debug|Any CPU.ActiveCfg = Debug|Any CPU
		{824A1D9A-F363-4FF2-8199-8AF60CD685EA}.Debug|Any CPU.Build.0 = Debug|Any CPU
		{824A1D9A-F363-4FF2-8199-8AF60CD685EA}.Release|Any CPU.ActiveCfg = Release|Any CPU
		{824A1D9A-F363-4FF2-8199-8AF60CD685EA}.Release|Any CPU.Build.0 = Release|Any CPU
		{7312E93C-7BB0-46B1-BCF9-D6361CE94AD4}.Debug|Any CPU.ActiveCfg = Debug|Any CPU
		{7312E93C-7BB0-46B1-BCF9-D6361CE94AD4}.Debug|Any CPU.Build.0 = Debug|Any CPU
		{7312E93C-7BB0-46B1-BCF9-D6361CE94AD4}.Release|Any CPU.ActiveCfg = Release|Any CPU
		{7312E93C-7BB0-46B1-BCF9-D6361CE94AD4}.Release|Any CPU.Build.0 = Release|Any CPU
		{B3E4D384-A460-4820-9262-69022D197D5C}.Debug|Any CPU.ActiveCfg = Debug|Any CPU
		{B3E4D384-A460-4820-9262-69022D197D5C}.Debug|Any CPU.Build.0 = Debug|Any CPU
		{B3E4D384-A460-4820-9262-69022D197D5C}.Release|Any CPU.ActiveCfg = Release|Any CPU
		{B3E4D384-A460-4820-9262-69022D197D5C}.Release|Any CPU.Build.0 = Release|Any CPU
		{BA112488-1038-4AE4-90A6-FA2048ED302F}.Debug|Any CPU.ActiveCfg = Debug|Any CPU
		{BA112488-1038-4AE4-90A6-FA2048ED302F}.Debug|Any CPU.Build.0 = Debug|Any CPU
		{BA112488-1038-4AE4-90A6-FA2048ED302F}.Release|Any CPU.ActiveCfg = Release|Any CPU
		{BA112488-1038-4AE4-90A6-FA2048ED302F}.Release|Any CPU.Build.0 = Release|Any CPU
		{5D95B4C9-A9BB-40F7-B60B-E9510EB58D4E}.Debug|Any CPU.ActiveCfg = Debug|Any CPU
		{5D95B4C9-A9BB-40F7-B60B-E9510EB58D4E}.Debug|Any CPU.Build.0 = Debug|Any CPU
		{5D95B4C9-A9BB-40F7-B60B-E9510EB58D4E}.Release|Any CPU.ActiveCfg = Release|Any CPU
		{5D95B4C9-A9BB-40F7-B60B-E9510EB58D4E}.Release|Any CPU.Build.0 = Release|Any CPU
		{9238B88A-6CA8-4BEB-9B5E-1094F567D548}.Debug|Any CPU.ActiveCfg = Debug|Any CPU
		{9238B88A-6CA8-4BEB-9B5E-1094F567D548}.Debug|Any CPU.Build.0 = Debug|Any CPU
		{9238B88A-6CA8-4BEB-9B5E-1094F567D548}.Release|Any CPU.ActiveCfg = Release|Any CPU
		{9238B88A-6CA8-4BEB-9B5E-1094F567D548}.Release|Any CPU.Build.0 = Release|Any CPU
		{B286295C-34C5-4E2F-B269-50D126A8CFD4}.Debug|Any CPU.ActiveCfg = Debug|Any CPU
		{B286295C-34C5-4E2F-B269-50D126A8CFD4}.Debug|Any CPU.Build.0 = Debug|Any CPU
		{B286295C-34C5-4E2F-B269-50D126A8CFD4}.Release|Any CPU.ActiveCfg = Release|Any CPU
		{B286295C-34C5-4E2F-B269-50D126A8CFD4}.Release|Any CPU.Build.0 = Release|Any CPU
		{1DA240A4-CD96-443B-B01A-338E1E49D7B1}.Debug|Any CPU.ActiveCfg = Debug|Any CPU
		{1DA240A4-CD96-443B-B01A-338E1E49D7B1}.Debug|Any CPU.Build.0 = Debug|Any CPU
		{1DA240A4-CD96-443B-B01A-338E1E49D7B1}.Release|Any CPU.ActiveCfg = Release|Any CPU
		{1DA240A4-CD96-443B-B01A-338E1E49D7B1}.Release|Any CPU.Build.0 = Release|Any CPU
		{34993C03-C80C-4961-81CE-3B9B0F92F00D}.Debug|Any CPU.ActiveCfg = Debug|Any CPU
		{34993C03-C80C-4961-81CE-3B9B0F92F00D}.Debug|Any CPU.Build.0 = Debug|Any CPU
		{34993C03-C80C-4961-81CE-3B9B0F92F00D}.Release|Any CPU.ActiveCfg = Release|Any CPU
		{34993C03-C80C-4961-81CE-3B9B0F92F00D}.Release|Any CPU.Build.0 = Release|Any CPU
		{BA0293FE-D7AB-4B25-A394-D4910E35DF3D}.Debug|Any CPU.ActiveCfg = Debug|Any CPU
		{BA0293FE-D7AB-4B25-A394-D4910E35DF3D}.Debug|Any CPU.Build.0 = Debug|Any CPU
		{BA0293FE-D7AB-4B25-A394-D4910E35DF3D}.Release|Any CPU.ActiveCfg = Release|Any CPU
		{BA0293FE-D7AB-4B25-A394-D4910E35DF3D}.Release|Any CPU.Build.0 = Release|Any CPU
		{D2D160AC-ABD5-4149-867B-41FB119B1944}.Debug|Any CPU.ActiveCfg = Debug|Any CPU
		{D2D160AC-ABD5-4149-867B-41FB119B1944}.Debug|Any CPU.Build.0 = Debug|Any CPU
		{D2D160AC-ABD5-4149-867B-41FB119B1944}.Release|Any CPU.ActiveCfg = Release|Any CPU
		{D2D160AC-ABD5-4149-867B-41FB119B1944}.Release|Any CPU.Build.0 = Release|Any CPU
		{21749DAB-8D5A-40D8-9121-90BB36882ACC}.Debug|Any CPU.ActiveCfg = Debug|Any CPU
		{21749DAB-8D5A-40D8-9121-90BB36882ACC}.Debug|Any CPU.Build.0 = Debug|Any CPU
		{21749DAB-8D5A-40D8-9121-90BB36882ACC}.Release|Any CPU.ActiveCfg = Release|Any CPU
		{21749DAB-8D5A-40D8-9121-90BB36882ACC}.Release|Any CPU.Build.0 = Release|Any CPU
		{C6289811-6852-4014-A9C7-FDD4476EDE62}.Debug|Any CPU.ActiveCfg = Debug|Any CPU
		{C6289811-6852-4014-A9C7-FDD4476EDE62}.Debug|Any CPU.Build.0 = Debug|Any CPU
		{C6289811-6852-4014-A9C7-FDD4476EDE62}.Release|Any CPU.ActiveCfg = Release|Any CPU
		{C6289811-6852-4014-A9C7-FDD4476EDE62}.Release|Any CPU.Build.0 = Release|Any CPU
		{D767BB0D-DE26-44B1-81F0-663CFED3AB1B}.Debug|Any CPU.ActiveCfg = Debug|Any CPU
		{D767BB0D-DE26-44B1-81F0-663CFED3AB1B}.Debug|Any CPU.Build.0 = Debug|Any CPU
		{D767BB0D-DE26-44B1-81F0-663CFED3AB1B}.Release|Any CPU.ActiveCfg = Release|Any CPU
		{D767BB0D-DE26-44B1-81F0-663CFED3AB1B}.Release|Any CPU.Build.0 = Release|Any CPU
		{8E9CC97F-D224-4390-BA49-866D3FD193EE}.Debug|Any CPU.ActiveCfg = Debug|Any CPU
		{8E9CC97F-D224-4390-BA49-866D3FD193EE}.Debug|Any CPU.Build.0 = Debug|Any CPU
		{8E9CC97F-D224-4390-BA49-866D3FD193EE}.Release|Any CPU.ActiveCfg = Release|Any CPU
		{8E9CC97F-D224-4390-BA49-866D3FD193EE}.Release|Any CPU.Build.0 = Release|Any CPU
		{F6EECF04-A56C-4A4D-BBB3-624E021A5D98}.Debug|Any CPU.ActiveCfg = Debug|Any CPU
		{F6EECF04-A56C-4A4D-BBB3-624E021A5D98}.Debug|Any CPU.Build.0 = Debug|Any CPU
		{F6EECF04-A56C-4A4D-BBB3-624E021A5D98}.Release|Any CPU.ActiveCfg = Release|Any CPU
		{F6EECF04-A56C-4A4D-BBB3-624E021A5D98}.Release|Any CPU.Build.0 = Release|Any CPU
		{10D572D2-3994-4E79-83CD-5421FA76A55F}.Debug|Any CPU.ActiveCfg = Debug|Any CPU
		{10D572D2-3994-4E79-83CD-5421FA76A55F}.Debug|Any CPU.Build.0 = Debug|Any CPU
		{10D572D2-3994-4E79-83CD-5421FA76A55F}.Release|Any CPU.ActiveCfg = Release|Any CPU
		{10D572D2-3994-4E79-83CD-5421FA76A55F}.Release|Any CPU.Build.0 = Release|Any CPU
		{11EF211D-4E73-4729-90FE-2768D6A972A8}.Debug|Any CPU.ActiveCfg = Debug|Any CPU
		{11EF211D-4E73-4729-90FE-2768D6A972A8}.Debug|Any CPU.Build.0 = Debug|Any CPU
		{11EF211D-4E73-4729-90FE-2768D6A972A8}.Release|Any CPU.ActiveCfg = Release|Any CPU
		{11EF211D-4E73-4729-90FE-2768D6A972A8}.Release|Any CPU.Build.0 = Release|Any CPU
		{0C3A939E-6C96-40B6-B7C6-9E2DD5E89B78}.Debug|Any CPU.ActiveCfg = Debug|Any CPU
		{0C3A939E-6C96-40B6-B7C6-9E2DD5E89B78}.Debug|Any CPU.Build.0 = Debug|Any CPU
		{0C3A939E-6C96-40B6-B7C6-9E2DD5E89B78}.Release|Any CPU.ActiveCfg = Release|Any CPU
		{0C3A939E-6C96-40B6-B7C6-9E2DD5E89B78}.Release|Any CPU.Build.0 = Release|Any CPU
		{6FF4FA17-74E8-4C9B-BA81-E77C911DBB99}.Debug|Any CPU.ActiveCfg = Debug|Any CPU
		{6FF4FA17-74E8-4C9B-BA81-E77C911DBB99}.Debug|Any CPU.Build.0 = Debug|Any CPU
		{6FF4FA17-74E8-4C9B-BA81-E77C911DBB99}.Release|Any CPU.ActiveCfg = Release|Any CPU
		{6FF4FA17-74E8-4C9B-BA81-E77C911DBB99}.Release|Any CPU.Build.0 = Release|Any CPU
		{F4F38851-8020-4E36-96A5-C29D9AD08535}.Debug|Any CPU.ActiveCfg = Debug|Any CPU
		{F4F38851-8020-4E36-96A5-C29D9AD08535}.Debug|Any CPU.Build.0 = Debug|Any CPU
		{F4F38851-8020-4E36-96A5-C29D9AD08535}.Release|Any CPU.ActiveCfg = Release|Any CPU
		{F4F38851-8020-4E36-96A5-C29D9AD08535}.Release|Any CPU.Build.0 = Release|Any CPU
		{5EE1D366-9607-476D-A7ED-3111B6306375}.Debug|Any CPU.ActiveCfg = Debug|Any CPU
		{5EE1D366-9607-476D-A7ED-3111B6306375}.Debug|Any CPU.Build.0 = Debug|Any CPU
		{5EE1D366-9607-476D-A7ED-3111B6306375}.Release|Any CPU.ActiveCfg = Release|Any CPU
		{5EE1D366-9607-476D-A7ED-3111B6306375}.Release|Any CPU.Build.0 = Release|Any CPU
	EndGlobalSection
	GlobalSection(SolutionProperties) = preSolution
		HideSolutionNode = FALSE
	EndGlobalSection
	GlobalSection(NestedProjects) = preSolution
		{3FA03739-BFF4-4276-9849-02D8ACBCE75C} = {946D99E5-AE66-4FA7-94BD-AB73A27AE799}
		{32638AC2-D19F-4616-BDFA-2608584448AA} = {4F344D27-7ED1-49BB-A6FA-BE7451CFD366}
		{F0715448-14B2-45EA-9D68-41DAE9BEC659} = {306DB77B-ED53-4EC4-B773-2CE5BDFD4486}
		{306DB77B-ED53-4EC4-B773-2CE5BDFD4486} = {74849892-DB6C-49CD-AFE5-7C070FA0935D}
		{8EC83E4A-272F-4156-A3D6-756C2DA56FDC} = {74849892-DB6C-49CD-AFE5-7C070FA0935D}
		{943970A1-6690-404A-A8D2-F754994017B6} = {8EC83E4A-272F-4156-A3D6-756C2DA56FDC}
		{BFEBB5E6-74BF-47F5-AD74-07BF8797F22C} = {8EC83E4A-272F-4156-A3D6-756C2DA56FDC}
		{824A1D9A-F363-4FF2-8199-8AF60CD685EA} = {F94FE119-58FE-46E1-A643-0C039828BB99}
		{7312E93C-7BB0-46B1-BCF9-D6361CE94AD4} = {F2476BDB-FB2A-4CDB-BB20-D65791D1C19D}
		{B3E4D384-A460-4820-9262-69022D197D5C} = {F2476BDB-FB2A-4CDB-BB20-D65791D1C19D}
		{ADF36B5F-1C86-4EBB-85E7-F111F6FDD54C} = {74849892-DB6C-49CD-AFE5-7C070FA0935D}
		{BA112488-1038-4AE4-90A6-FA2048ED302F} = {ADF36B5F-1C86-4EBB-85E7-F111F6FDD54C}
		{94E4EB22-143A-4913-A4A9-EE7CA5DCED03} = {74849892-DB6C-49CD-AFE5-7C070FA0935D}
		{4BD03140-EF8B-4E77-A02A-7DE4F0DA2262} = {74849892-DB6C-49CD-AFE5-7C070FA0935D}
		{5D95B4C9-A9BB-40F7-B60B-E9510EB58D4E} = {94E4EB22-143A-4913-A4A9-EE7CA5DCED03}
		{9238B88A-6CA8-4BEB-9B5E-1094F567D548} = {94E4EB22-143A-4913-A4A9-EE7CA5DCED03}
		{B286295C-34C5-4E2F-B269-50D126A8CFD4} = {4BD03140-EF8B-4E77-A02A-7DE4F0DA2262}
		{1DA240A4-CD96-443B-B01A-338E1E49D7B1} = {4BD03140-EF8B-4E77-A02A-7DE4F0DA2262}
		{0414CF0E-7C5B-4E07-98C5-4334C9BA269B} = {74849892-DB6C-49CD-AFE5-7C070FA0935D}
		{7C768178-BB99-469D-9F2D-3AAE63BA648C} = {74849892-DB6C-49CD-AFE5-7C070FA0935D}
		{4EBD5A93-8D1A-4FC6-8BFB-263D8D9F64DC} = {74849892-DB6C-49CD-AFE5-7C070FA0935D}
		{3C222BBA-A367-472C-A90B-9B7A02B25A90} = {74849892-DB6C-49CD-AFE5-7C070FA0935D}
		{8A236B27-6D7D-499D-86DE-E83AB5DF41D7} = {74849892-DB6C-49CD-AFE5-7C070FA0935D}
		{34993C03-C80C-4961-81CE-3B9B0F92F00D} = {0414CF0E-7C5B-4E07-98C5-4334C9BA269B}
		{BA0293FE-D7AB-4B25-A394-D4910E35DF3D} = {0414CF0E-7C5B-4E07-98C5-4334C9BA269B}
		{D2D160AC-ABD5-4149-867B-41FB119B1944} = {7C768178-BB99-469D-9F2D-3AAE63BA648C}
		{21749DAB-8D5A-40D8-9121-90BB36882ACC} = {7C768178-BB99-469D-9F2D-3AAE63BA648C}
		{296A17A6-5A1A-4DDD-9962-9A44318EB47A} = {74849892-DB6C-49CD-AFE5-7C070FA0935D}
		{C6289811-6852-4014-A9C7-FDD4476EDE62} = {296A17A6-5A1A-4DDD-9962-9A44318EB47A}
		{D767BB0D-DE26-44B1-81F0-663CFED3AB1B} = {296A17A6-5A1A-4DDD-9962-9A44318EB47A}
		{8E9CC97F-D224-4390-BA49-866D3FD193EE} = {4EBD5A93-8D1A-4FC6-8BFB-263D8D9F64DC}
		{F6EECF04-A56C-4A4D-BBB3-624E021A5D98} = {4EBD5A93-8D1A-4FC6-8BFB-263D8D9F64DC}
		{10D572D2-3994-4E79-83CD-5421FA76A55F} = {3C222BBA-A367-472C-A90B-9B7A02B25A90}
		{11EF211D-4E73-4729-90FE-2768D6A972A8} = {3C222BBA-A367-472C-A90B-9B7A02B25A90}
		{0C3A939E-6C96-40B6-B7C6-9E2DD5E89B78} = {8A236B27-6D7D-499D-86DE-E83AB5DF41D7}
		{6FF4FA17-74E8-4C9B-BA81-E77C911DBB99} = {8A236B27-6D7D-499D-86DE-E83AB5DF41D7}
		{05CC2008-A2B3-4711-9F8A-B265B29D7D0B} = {74849892-DB6C-49CD-AFE5-7C070FA0935D}
		{F4F38851-8020-4E36-96A5-C29D9AD08535} = {05CC2008-A2B3-4711-9F8A-B265B29D7D0B}
		{5EE1D366-9607-476D-A7ED-3111B6306375} = {05CC2008-A2B3-4711-9F8A-B265B29D7D0B}
	EndGlobalSection
	GlobalSection(ExtensibilityGlobals) = postSolution
		SolutionGuid = {6DF34C86-8C01-43AA-B4BF-40783943EAB9}
	EndGlobalSection
EndGlobal
