
Microsoft Visual Studio Solution File, Format Version 12.00
# Visual Studio Version 16
VisualStudioVersion = 16.0.31005.135
MinimumVisualStudioVersion = 10.0.40219.1
Project("{9A19103F-16F7-4668-BE54-9A1E7A4F7556}") = "Olympia.Web.Site", "Olympia.Web.Site\Olympia.Web.Site.csproj", "{21219433-7E80-4FF5-ABAE-6C44591ED3FB}"
EndProject
Project("{2150E333-8FDC-42A3-9474-1A3956D46DE8}") = "Source", "Source", "{E56090D6-4C0E-4045-B1D2-421199DDDB66}"
EndProject
Project("{2150E333-8FDC-42A3-9474-1A3956D46DE8}") = "Datastores", "Datastores", "{C42F03A0-5AB9-46AB-B7F6-D73702E6A58B}"
EndProject
Project("{2150E333-8FDC-42A3-9474-1A3956D46DE8}") = "Modules", "Modules", "{6BC60363-99A0-46B8-AF95-889FE432492C}"
EndProject
Project("{2150E333-8FDC-42A3-9474-1A3956D46DE8}") = "Iqt", "Iqt", "{4AE6D957-BCF9-4CF6-8BAF-17019E6AEC65}"
EndProject
Project("{2150E333-8FDC-42A3-9474-1A3956D46DE8}") = "Base", "Base", "{91837669-63D2-477D-9495-479D6D4EEF5D}"
EndProject
Project("{9A19103F-16F7-4668-BE54-9A1E7A4F7556}") = "Olympia", "Olympia\Olympia.csproj", "{1703CD42-88B3-4C79-834B-16BB98E55F90}"
EndProject
Project("{9A19103F-16F7-4668-BE54-9A1E7A4F7556}") = "Olympia.Web", "Olympia.Web\Olympia.Web.csproj", "{912C3399-26E7-449B-B1F6-8513637B1FF2}"
EndProject
Project("{9A19103F-16F7-4668-BE54-9A1E7A4F7556}") = "Olympia.Web.Datastore", "Olympia.Web.Datastore\Olympia.Web.Datastore.csproj", "{AD194F02-B3CC-4092-A6AC-7B34BFE2AF7C}"
EndProject
Project("{9A19103F-16F7-4668-BE54-9A1E7A4F7556}") = "Iqt.Base", "..\..\IqtFramework\Iqt.Base\Iqt.Base.csproj", "{75C63634-E3F8-463C-A2B7-47A92EB6347E}"
EndProject
Project("{9A19103F-16F7-4668-BE54-9A1E7A4F7556}") = "Iqt.Web", "..\..\IqtFramework\Iqt.Web\Iqt.Web.csproj", "{399540D8-B216-465D-A1D7-8D6543D18498}"
EndProject
Project("{2150E333-8FDC-42A3-9474-1A3956D46DE8}") = "Blogging", "Blogging", "{D033D08C-50A4-4819-A0A9-E688D20387A3}"
EndProject
Project("{2150E333-8FDC-42A3-9474-1A3956D46DE8}") = "Customers", "Customers", "{41BBF6E6-9AAD-4683-9500-FD0C55E46F30}"
EndProject
Project("{2150E333-8FDC-42A3-9474-1A3956D46DE8}") = "Employment", "Employment", "{D0634BA7-AE17-4E5C-9E0C-678702327932}"
EndProject
Project("{2150E333-8FDC-42A3-9474-1A3956D46DE8}") = "Grouping", "Grouping", "{F81BFD8A-477D-4CE5-BDE0-6069D1CE5251}"
EndProject
Project("{2150E333-8FDC-42A3-9474-1A3956D46DE8}") = "Identity", "Identity", "{9F16596A-1026-450B-9A07-BCD7E922DE4B}"
EndProject
Project("{2150E333-8FDC-42A3-9474-1A3956D46DE8}") = "Projects", "Projects", "{6B1AB5B4-463D-44A4-8F15-B5FEE6CFCC79}"
EndProject
Project("{2150E333-8FDC-42A3-9474-1A3956D46DE8}") = "Services", "Services", "{BCF0934E-4293-4F7D-A831-376AE7382111}"
EndProject
Project("{2150E333-8FDC-42A3-9474-1A3956D46DE8}") = "Filing", "Filing", "{A8E84828-E928-4020-997F-84B7E805B997}"
EndProject
Project("{2150E333-8FDC-42A3-9474-1A3956D46DE8}") = "Troubleshooting", "Troubleshooting", "{A0AE1DC5-B917-493C-AA08-561276AE48B3}"
EndProject
Project("{9A19103F-16F7-4668-BE54-9A1E7A4F7556}") = "Identity.Base", "..\..\Modules\Identity\Identity.Base\Identity.Base.csproj", "{F24AC2F6-B7E0-423A-BC2C-EB119E359C4F}"
EndProject
Project("{2150E333-8FDC-42A3-9474-1A3956D46DE8}") = "Feedback", "Feedback", "{5AC646AB-53B8-4ACB-A632-777E2EDC6FD5}"
EndProject
Project("{9A19103F-16F7-4668-BE54-9A1E7A4F7556}") = "Feedback.Base", "..\..\Modules\Feedback\Feedback.Base\Feedback.Base.csproj", "{10B039A9-CBE7-49B7-AEA8-81065AB40652}"
EndProject
Project("{9A19103F-16F7-4668-BE54-9A1E7A4F7556}") = "Feedback.Core", "..\..\Modules\Feedback\Feedback.Core\Feedback.Core.csproj", "{04677213-B9C9-4520-9DB9-94E92EC57363}"
EndProject
Project("{9A19103F-16F7-4668-BE54-9A1E7A4F7556}") = "Blogging.Base", "..\..\Modules\Blogging\Blogging.Base\Blogging.Base.csproj", "{FA7D618D-87D8-4030-9BCB-673AE7809306}"
EndProject
Project("{9A19103F-16F7-4668-BE54-9A1E7A4F7556}") = "Blogging.Core", "..\..\Modules\Blogging\Blogging.Core\Blogging.Core.csproj", "{8A8FBB33-86B2-4A92-8A87-C853638E2CB4}"
EndProject
Project("{9A19103F-16F7-4668-BE54-9A1E7A4F7556}") = "Customers.Base", "..\..\Modules\Customers\Customers.Base\Customers.Base.csproj", "{BF825206-A348-489D-A2B1-562B4F45BA2A}"
EndProject
Project("{9A19103F-16F7-4668-BE54-9A1E7A4F7556}") = "Customers.Core", "..\..\Modules\Customers\Customers.Core\Customers.Core.csproj", "{96F39351-4EE5-4E9F-ABCE-16C9C828E83A}"
EndProject
Project("{9A19103F-16F7-4668-BE54-9A1E7A4F7556}") = "Employment.Base", "..\..\Modules\Employment\Employment.Base\Employment.Base.csproj", "{881889F8-F694-4694-9804-B431C4AE4354}"
EndProject
Project("{9A19103F-16F7-4668-BE54-9A1E7A4F7556}") = "Employment.Core", "..\..\Modules\Employment\Employment.Core\Employment.Core.csproj", "{54E5CDD9-C76A-4CDF-B659-8054D422CF10}"
EndProject
Project("{9A19103F-16F7-4668-BE54-9A1E7A4F7556}") = "Filing.Base", "..\..\Modules\Filing\Filing.Base\Filing.Base.csproj", "{F1440D96-620C-4139-ADD0-91CE5DCA8667}"
EndProject
Project("{9A19103F-16F7-4668-BE54-9A1E7A4F7556}") = "Filing.Core", "..\..\Modules\Filing\Filing.Core\Filing.Core.csproj", "{4B02D803-7474-4880-93C4-0017DDD362B4}"
EndProject
Project("{9A19103F-16F7-4668-BE54-9A1E7A4F7556}") = "Grouping.Base", "..\..\Modules\Grouping\Grouping.Base\Grouping.Base.csproj", "{AF653F9E-FC0A-46A0-81D2-81A83C894CCD}"
EndProject
Project("{9A19103F-16F7-4668-BE54-9A1E7A4F7556}") = "Grouping.Core", "..\..\Modules\Grouping\Grouping.Core\Grouping.Core.csproj", "{392C7B8F-6B58-45C9-A7B6-973E9A1342F1}"
EndProject
Project("{9A19103F-16F7-4668-BE54-9A1E7A4F7556}") = "Projects.Base", "..\..\Modules\Projects\Projects.Base\Projects.Base.csproj", "{8B59E356-1012-40DF-BED5-4FE107622C0E}"
EndProject
Project("{9A19103F-16F7-4668-BE54-9A1E7A4F7556}") = "Projects.Core", "..\..\Modules\Projects\Projects.Core\Projects.Core.csproj", "{6ED88172-8A52-4437-87AF-3E13D9BEA266}"
EndProject
Project("{9A19103F-16F7-4668-BE54-9A1E7A4F7556}") = "Services.Base", "..\..\Modules\Services\Services.Base\Services.Base.csproj", "{A23954DC-84A4-4FD6-92B2-5AB8DB543BA2}"
EndProject
Project("{9A19103F-16F7-4668-BE54-9A1E7A4F7556}") = "Services.Core", "..\..\Modules\Services\Services.Core\Services.Core.csproj", "{937C2FB6-B33D-472E-8260-1ACD23DFECD9}"
EndProject
Project("{9A19103F-16F7-4668-BE54-9A1E7A4F7556}") = "Troubleshooting.Base", "..\..\Modules\Troubleshooting\Troubleshooting.Base\Troubleshooting.Base.csproj", "{766FF278-C3A1-45FE-8DA0-396401F03DF5}"
EndProject
Project("{9A19103F-16F7-4668-BE54-9A1E7A4F7556}") = "Troubleshooting.Core", "..\..\Modules\Troubleshooting\Troubleshooting.Core\Troubleshooting.Core.csproj", "{A87A2ACF-2D55-48EA-A25E-0675DC43330A}"
EndProject
Project("{2150E333-8FDC-42A3-9474-1A3956D46DE8}") = "Mailing", "Mailing", "{21DE62EA-D4F3-4E29-8CA0-03F9E4ACE31E}"
EndProject
Project("{9A19103F-16F7-4668-BE54-9A1E7A4F7556}") = "Mailing.Base", "..\..\Modules\Mailing\Mailing.Base\Mailing.Base.csproj", "{794D6822-57EC-4EAC-AD50-19CEB169D6BF}"
EndProject
Global
	GlobalSection(SolutionConfigurationPlatforms) = preSolution
		Debug|Any CPU = Debug|Any CPU
		Release|Any CPU = Release|Any CPU
	EndGlobalSection
	GlobalSection(ProjectConfigurationPlatforms) = postSolution
		{21219433-7E80-4FF5-ABAE-6C44591ED3FB}.Debug|Any CPU.ActiveCfg = Debug|Any CPU
		{21219433-7E80-4FF5-ABAE-6C44591ED3FB}.Debug|Any CPU.Build.0 = Debug|Any CPU
		{21219433-7E80-4FF5-ABAE-6C44591ED3FB}.Release|Any CPU.ActiveCfg = Release|Any CPU
		{21219433-7E80-4FF5-ABAE-6C44591ED3FB}.Release|Any CPU.Build.0 = Release|Any CPU
		{1703CD42-88B3-4C79-834B-16BB98E55F90}.Debug|Any CPU.ActiveCfg = Debug|Any CPU
		{1703CD42-88B3-4C79-834B-16BB98E55F90}.Debug|Any CPU.Build.0 = Debug|Any CPU
		{1703CD42-88B3-4C79-834B-16BB98E55F90}.Release|Any CPU.ActiveCfg = Release|Any CPU
		{1703CD42-88B3-4C79-834B-16BB98E55F90}.Release|Any CPU.Build.0 = Release|Any CPU
		{912C3399-26E7-449B-B1F6-8513637B1FF2}.Debug|Any CPU.ActiveCfg = Debug|Any CPU
		{912C3399-26E7-449B-B1F6-8513637B1FF2}.Debug|Any CPU.Build.0 = Debug|Any CPU
		{912C3399-26E7-449B-B1F6-8513637B1FF2}.Release|Any CPU.ActiveCfg = Release|Any CPU
		{912C3399-26E7-449B-B1F6-8513637B1FF2}.Release|Any CPU.Build.0 = Release|Any CPU
		{AD194F02-B3CC-4092-A6AC-7B34BFE2AF7C}.Debug|Any CPU.ActiveCfg = Debug|Any CPU
		{AD194F02-B3CC-4092-A6AC-7B34BFE2AF7C}.Debug|Any CPU.Build.0 = Debug|Any CPU
		{AD194F02-B3CC-4092-A6AC-7B34BFE2AF7C}.Release|Any CPU.ActiveCfg = Release|Any CPU
		{AD194F02-B3CC-4092-A6AC-7B34BFE2AF7C}.Release|Any CPU.Build.0 = Release|Any CPU
		{75C63634-E3F8-463C-A2B7-47A92EB6347E}.Debug|Any CPU.ActiveCfg = Debug|Any CPU
		{75C63634-E3F8-463C-A2B7-47A92EB6347E}.Debug|Any CPU.Build.0 = Debug|Any CPU
		{75C63634-E3F8-463C-A2B7-47A92EB6347E}.Release|Any CPU.ActiveCfg = Release|Any CPU
		{75C63634-E3F8-463C-A2B7-47A92EB6347E}.Release|Any CPU.Build.0 = Release|Any CPU
		{399540D8-B216-465D-A1D7-8D6543D18498}.Debug|Any CPU.ActiveCfg = Debug|Any CPU
		{399540D8-B216-465D-A1D7-8D6543D18498}.Debug|Any CPU.Build.0 = Debug|Any CPU
		{399540D8-B216-465D-A1D7-8D6543D18498}.Release|Any CPU.ActiveCfg = Release|Any CPU
		{399540D8-B216-465D-A1D7-8D6543D18498}.Release|Any CPU.Build.0 = Release|Any CPU
		{F24AC2F6-B7E0-423A-BC2C-EB119E359C4F}.Debug|Any CPU.ActiveCfg = Debug|Any CPU
		{F24AC2F6-B7E0-423A-BC2C-EB119E359C4F}.Debug|Any CPU.Build.0 = Debug|Any CPU
		{F24AC2F6-B7E0-423A-BC2C-EB119E359C4F}.Release|Any CPU.ActiveCfg = Release|Any CPU
		{F24AC2F6-B7E0-423A-BC2C-EB119E359C4F}.Release|Any CPU.Build.0 = Release|Any CPU
		{10B039A9-CBE7-49B7-AEA8-81065AB40652}.Debug|Any CPU.ActiveCfg = Debug|Any CPU
		{10B039A9-CBE7-49B7-AEA8-81065AB40652}.Debug|Any CPU.Build.0 = Debug|Any CPU
		{10B039A9-CBE7-49B7-AEA8-81065AB40652}.Release|Any CPU.ActiveCfg = Release|Any CPU
		{10B039A9-CBE7-49B7-AEA8-81065AB40652}.Release|Any CPU.Build.0 = Release|Any CPU
		{04677213-B9C9-4520-9DB9-94E92EC57363}.Debug|Any CPU.ActiveCfg = Debug|Any CPU
		{04677213-B9C9-4520-9DB9-94E92EC57363}.Debug|Any CPU.Build.0 = Debug|Any CPU
		{04677213-B9C9-4520-9DB9-94E92EC57363}.Release|Any CPU.ActiveCfg = Release|Any CPU
		{04677213-B9C9-4520-9DB9-94E92EC57363}.Release|Any CPU.Build.0 = Release|Any CPU
		{FA7D618D-87D8-4030-9BCB-673AE7809306}.Debug|Any CPU.ActiveCfg = Debug|Any CPU
		{FA7D618D-87D8-4030-9BCB-673AE7809306}.Debug|Any CPU.Build.0 = Debug|Any CPU
		{FA7D618D-87D8-4030-9BCB-673AE7809306}.Release|Any CPU.ActiveCfg = Release|Any CPU
		{FA7D618D-87D8-4030-9BCB-673AE7809306}.Release|Any CPU.Build.0 = Release|Any CPU
		{8A8FBB33-86B2-4A92-8A87-C853638E2CB4}.Debug|Any CPU.ActiveCfg = Debug|Any CPU
		{8A8FBB33-86B2-4A92-8A87-C853638E2CB4}.Debug|Any CPU.Build.0 = Debug|Any CPU
		{8A8FBB33-86B2-4A92-8A87-C853638E2CB4}.Release|Any CPU.ActiveCfg = Release|Any CPU
		{8A8FBB33-86B2-4A92-8A87-C853638E2CB4}.Release|Any CPU.Build.0 = Release|Any CPU
		{BF825206-A348-489D-A2B1-562B4F45BA2A}.Debug|Any CPU.ActiveCfg = Debug|Any CPU
		{BF825206-A348-489D-A2B1-562B4F45BA2A}.Debug|Any CPU.Build.0 = Debug|Any CPU
		{BF825206-A348-489D-A2B1-562B4F45BA2A}.Release|Any CPU.ActiveCfg = Release|Any CPU
		{BF825206-A348-489D-A2B1-562B4F45BA2A}.Release|Any CPU.Build.0 = Release|Any CPU
		{96F39351-4EE5-4E9F-ABCE-16C9C828E83A}.Debug|Any CPU.ActiveCfg = Debug|Any CPU
		{96F39351-4EE5-4E9F-ABCE-16C9C828E83A}.Debug|Any CPU.Build.0 = Debug|Any CPU
		{96F39351-4EE5-4E9F-ABCE-16C9C828E83A}.Release|Any CPU.ActiveCfg = Release|Any CPU
		{96F39351-4EE5-4E9F-ABCE-16C9C828E83A}.Release|Any CPU.Build.0 = Release|Any CPU
		{881889F8-F694-4694-9804-B431C4AE4354}.Debug|Any CPU.ActiveCfg = Debug|Any CPU
		{881889F8-F694-4694-9804-B431C4AE4354}.Debug|Any CPU.Build.0 = Debug|Any CPU
		{881889F8-F694-4694-9804-B431C4AE4354}.Release|Any CPU.ActiveCfg = Release|Any CPU
		{881889F8-F694-4694-9804-B431C4AE4354}.Release|Any CPU.Build.0 = Release|Any CPU
		{54E5CDD9-C76A-4CDF-B659-8054D422CF10}.Debug|Any CPU.ActiveCfg = Debug|Any CPU
		{54E5CDD9-C76A-4CDF-B659-8054D422CF10}.Debug|Any CPU.Build.0 = Debug|Any CPU
		{54E5CDD9-C76A-4CDF-B659-8054D422CF10}.Release|Any CPU.ActiveCfg = Release|Any CPU
		{54E5CDD9-C76A-4CDF-B659-8054D422CF10}.Release|Any CPU.Build.0 = Release|Any CPU
		{F1440D96-620C-4139-ADD0-91CE5DCA8667}.Debug|Any CPU.ActiveCfg = Debug|Any CPU
		{F1440D96-620C-4139-ADD0-91CE5DCA8667}.Debug|Any CPU.Build.0 = Debug|Any CPU
		{F1440D96-620C-4139-ADD0-91CE5DCA8667}.Release|Any CPU.ActiveCfg = Release|Any CPU
		{F1440D96-620C-4139-ADD0-91CE5DCA8667}.Release|Any CPU.Build.0 = Release|Any CPU
		{4B02D803-7474-4880-93C4-0017DDD362B4}.Debug|Any CPU.ActiveCfg = Debug|Any CPU
		{4B02D803-7474-4880-93C4-0017DDD362B4}.Debug|Any CPU.Build.0 = Debug|Any CPU
		{4B02D803-7474-4880-93C4-0017DDD362B4}.Release|Any CPU.ActiveCfg = Release|Any CPU
		{4B02D803-7474-4880-93C4-0017DDD362B4}.Release|Any CPU.Build.0 = Release|Any CPU
		{AF653F9E-FC0A-46A0-81D2-81A83C894CCD}.Debug|Any CPU.ActiveCfg = Debug|Any CPU
		{AF653F9E-FC0A-46A0-81D2-81A83C894CCD}.Debug|Any CPU.Build.0 = Debug|Any CPU
		{AF653F9E-FC0A-46A0-81D2-81A83C894CCD}.Release|Any CPU.ActiveCfg = Release|Any CPU
		{AF653F9E-FC0A-46A0-81D2-81A83C894CCD}.Release|Any CPU.Build.0 = Release|Any CPU
		{392C7B8F-6B58-45C9-A7B6-973E9A1342F1}.Debug|Any CPU.ActiveCfg = Debug|Any CPU
		{392C7B8F-6B58-45C9-A7B6-973E9A1342F1}.Debug|Any CPU.Build.0 = Debug|Any CPU
		{392C7B8F-6B58-45C9-A7B6-973E9A1342F1}.Release|Any CPU.ActiveCfg = Release|Any CPU
		{392C7B8F-6B58-45C9-A7B6-973E9A1342F1}.Release|Any CPU.Build.0 = Release|Any CPU
		{8B59E356-1012-40DF-BED5-4FE107622C0E}.Debug|Any CPU.ActiveCfg = Debug|Any CPU
		{8B59E356-1012-40DF-BED5-4FE107622C0E}.Debug|Any CPU.Build.0 = Debug|Any CPU
		{8B59E356-1012-40DF-BED5-4FE107622C0E}.Release|Any CPU.ActiveCfg = Release|Any CPU
		{8B59E356-1012-40DF-BED5-4FE107622C0E}.Release|Any CPU.Build.0 = Release|Any CPU
		{6ED88172-8A52-4437-87AF-3E13D9BEA266}.Debug|Any CPU.ActiveCfg = Debug|Any CPU
		{6ED88172-8A52-4437-87AF-3E13D9BEA266}.Debug|Any CPU.Build.0 = Debug|Any CPU
		{6ED88172-8A52-4437-87AF-3E13D9BEA266}.Release|Any CPU.ActiveCfg = Release|Any CPU
		{6ED88172-8A52-4437-87AF-3E13D9BEA266}.Release|Any CPU.Build.0 = Release|Any CPU
		{A23954DC-84A4-4FD6-92B2-5AB8DB543BA2}.Debug|Any CPU.ActiveCfg = Debug|Any CPU
		{A23954DC-84A4-4FD6-92B2-5AB8DB543BA2}.Debug|Any CPU.Build.0 = Debug|Any CPU
		{A23954DC-84A4-4FD6-92B2-5AB8DB543BA2}.Release|Any CPU.ActiveCfg = Release|Any CPU
		{A23954DC-84A4-4FD6-92B2-5AB8DB543BA2}.Release|Any CPU.Build.0 = Release|Any CPU
		{937C2FB6-B33D-472E-8260-1ACD23DFECD9}.Debug|Any CPU.ActiveCfg = Debug|Any CPU
		{937C2FB6-B33D-472E-8260-1ACD23DFECD9}.Debug|Any CPU.Build.0 = Debug|Any CPU
		{937C2FB6-B33D-472E-8260-1ACD23DFECD9}.Release|Any CPU.ActiveCfg = Release|Any CPU
		{937C2FB6-B33D-472E-8260-1ACD23DFECD9}.Release|Any CPU.Build.0 = Release|Any CPU
		{766FF278-C3A1-45FE-8DA0-396401F03DF5}.Debug|Any CPU.ActiveCfg = Debug|Any CPU
		{766FF278-C3A1-45FE-8DA0-396401F03DF5}.Debug|Any CPU.Build.0 = Debug|Any CPU
		{766FF278-C3A1-45FE-8DA0-396401F03DF5}.Release|Any CPU.ActiveCfg = Release|Any CPU
		{766FF278-C3A1-45FE-8DA0-396401F03DF5}.Release|Any CPU.Build.0 = Release|Any CPU
		{A87A2ACF-2D55-48EA-A25E-0675DC43330A}.Debug|Any CPU.ActiveCfg = Debug|Any CPU
		{A87A2ACF-2D55-48EA-A25E-0675DC43330A}.Debug|Any CPU.Build.0 = Debug|Any CPU
		{A87A2ACF-2D55-48EA-A25E-0675DC43330A}.Release|Any CPU.ActiveCfg = Release|Any CPU
		{A87A2ACF-2D55-48EA-A25E-0675DC43330A}.Release|Any CPU.Build.0 = Release|Any CPU
		{794D6822-57EC-4EAC-AD50-19CEB169D6BF}.Debug|Any CPU.ActiveCfg = Debug|Any CPU
		{794D6822-57EC-4EAC-AD50-19CEB169D6BF}.Debug|Any CPU.Build.0 = Debug|Any CPU
		{794D6822-57EC-4EAC-AD50-19CEB169D6BF}.Release|Any CPU.ActiveCfg = Release|Any CPU
		{794D6822-57EC-4EAC-AD50-19CEB169D6BF}.Release|Any CPU.Build.0 = Release|Any CPU
	EndGlobalSection
	GlobalSection(SolutionProperties) = preSolution
		HideSolutionNode = FALSE
	EndGlobalSection
	GlobalSection(NestedProjects) = preSolution
		{21219433-7E80-4FF5-ABAE-6C44591ED3FB} = {E56090D6-4C0E-4045-B1D2-421199DDDB66}
		{1703CD42-88B3-4C79-834B-16BB98E55F90} = {91837669-63D2-477D-9495-479D6D4EEF5D}
		{912C3399-26E7-449B-B1F6-8513637B1FF2} = {91837669-63D2-477D-9495-479D6D4EEF5D}
		{AD194F02-B3CC-4092-A6AC-7B34BFE2AF7C} = {C42F03A0-5AB9-46AB-B7F6-D73702E6A58B}
		{75C63634-E3F8-463C-A2B7-47A92EB6347E} = {4AE6D957-BCF9-4CF6-8BAF-17019E6AEC65}
		{399540D8-B216-465D-A1D7-8D6543D18498} = {4AE6D957-BCF9-4CF6-8BAF-17019E6AEC65}
		{D033D08C-50A4-4819-A0A9-E688D20387A3} = {6BC60363-99A0-46B8-AF95-889FE432492C}
		{41BBF6E6-9AAD-4683-9500-FD0C55E46F30} = {6BC60363-99A0-46B8-AF95-889FE432492C}
		{D0634BA7-AE17-4E5C-9E0C-678702327932} = {6BC60363-99A0-46B8-AF95-889FE432492C}
		{F81BFD8A-477D-4CE5-BDE0-6069D1CE5251} = {6BC60363-99A0-46B8-AF95-889FE432492C}
		{9F16596A-1026-450B-9A07-BCD7E922DE4B} = {6BC60363-99A0-46B8-AF95-889FE432492C}
		{6B1AB5B4-463D-44A4-8F15-B5FEE6CFCC79} = {6BC60363-99A0-46B8-AF95-889FE432492C}
		{BCF0934E-4293-4F7D-A831-376AE7382111} = {6BC60363-99A0-46B8-AF95-889FE432492C}
		{A8E84828-E928-4020-997F-84B7E805B997} = {6BC60363-99A0-46B8-AF95-889FE432492C}
		{A0AE1DC5-B917-493C-AA08-561276AE48B3} = {6BC60363-99A0-46B8-AF95-889FE432492C}
		{F24AC2F6-B7E0-423A-BC2C-EB119E359C4F} = {9F16596A-1026-450B-9A07-BCD7E922DE4B}
		{5AC646AB-53B8-4ACB-A632-777E2EDC6FD5} = {6BC60363-99A0-46B8-AF95-889FE432492C}
		{10B039A9-CBE7-49B7-AEA8-81065AB40652} = {5AC646AB-53B8-4ACB-A632-777E2EDC6FD5}
		{04677213-B9C9-4520-9DB9-94E92EC57363} = {5AC646AB-53B8-4ACB-A632-777E2EDC6FD5}
		{FA7D618D-87D8-4030-9BCB-673AE7809306} = {D033D08C-50A4-4819-A0A9-E688D20387A3}
		{8A8FBB33-86B2-4A92-8A87-C853638E2CB4} = {D033D08C-50A4-4819-A0A9-E688D20387A3}
		{BF825206-A348-489D-A2B1-562B4F45BA2A} = {41BBF6E6-9AAD-4683-9500-FD0C55E46F30}
		{96F39351-4EE5-4E9F-ABCE-16C9C828E83A} = {41BBF6E6-9AAD-4683-9500-FD0C55E46F30}
		{881889F8-F694-4694-9804-B431C4AE4354} = {D0634BA7-AE17-4E5C-9E0C-678702327932}
		{54E5CDD9-C76A-4CDF-B659-8054D422CF10} = {D0634BA7-AE17-4E5C-9E0C-678702327932}
		{F1440D96-620C-4139-ADD0-91CE5DCA8667} = {A8E84828-E928-4020-997F-84B7E805B997}
		{4B02D803-7474-4880-93C4-0017DDD362B4} = {A8E84828-E928-4020-997F-84B7E805B997}
		{AF653F9E-FC0A-46A0-81D2-81A83C894CCD} = {F81BFD8A-477D-4CE5-BDE0-6069D1CE5251}
		{392C7B8F-6B58-45C9-A7B6-973E9A1342F1} = {F81BFD8A-477D-4CE5-BDE0-6069D1CE5251}
		{8B59E356-1012-40DF-BED5-4FE107622C0E} = {6B1AB5B4-463D-44A4-8F15-B5FEE6CFCC79}
		{6ED88172-8A52-4437-87AF-3E13D9BEA266} = {6B1AB5B4-463D-44A4-8F15-B5FEE6CFCC79}
		{A23954DC-84A4-4FD6-92B2-5AB8DB543BA2} = {BCF0934E-4293-4F7D-A831-376AE7382111}
		{937C2FB6-B33D-472E-8260-1ACD23DFECD9} = {BCF0934E-4293-4F7D-A831-376AE7382111}
		{766FF278-C3A1-45FE-8DA0-396401F03DF5} = {A0AE1DC5-B917-493C-AA08-561276AE48B3}
		{A87A2ACF-2D55-48EA-A25E-0675DC43330A} = {A0AE1DC5-B917-493C-AA08-561276AE48B3}
		{21DE62EA-D4F3-4E29-8CA0-03F9E4ACE31E} = {6BC60363-99A0-46B8-AF95-889FE432492C}
		{794D6822-57EC-4EAC-AD50-19CEB169D6BF} = {21DE62EA-D4F3-4E29-8CA0-03F9E4ACE31E}
	EndGlobalSection
	GlobalSection(ExtensibilityGlobals) = postSolution
		SolutionGuid = {19710616-3630-42A6-9C5C-3F4C017D9D4B}
	EndGlobalSection
EndGlobal
