
Microsoft Visual Studio Solution File, Format Version 12.00
# Visual Studio Version 16
VisualStudioVersion = 16.0.30717.126
MinimumVisualStudioVersion = 10.0.40219.1
Project("{2150E333-8FDC-42A3-9474-1A3956D46DE8}") = "Base", "Base", "{CB89D0D3-0FC5-4A03-B215-F9EA39B6BD4A}"
EndProject
Project("{2150E333-8FDC-42A3-9474-1A3956D46DE8}") = "Datastores", "Datastores", "{7342AFF3-8AEE-4B5E-9AC5-57E14DD46C7B}"
EndProject
Project("{2150E333-8FDC-42A3-9474-1A3956D46DE8}") = "Iqt", "Iqt", "{2CA98BF2-8EC5-41A6-9E2E-BD4CBB88758D}"
EndProject
Project("{2150E333-8FDC-42A3-9474-1A3956D46DE8}") = "Modules", "Modules", "{7F1BE1C9-8525-4BCF-9DCC-AE1F7A672B01}"
EndProject
Project("{2150E333-8FDC-42A3-9474-1A3956D46DE8}") = "Source", "Source", "{4E8C5CB7-3C9A-477C-B55E-F9853712CB57}"
EndProject
Project("{FAE04EC0-301F-11D3-BF4B-00C04F79EFBC}") = "KingdomLifestyleMinistries", "KingdomLifestyleMinistries\KingdomLifestyleMinistries.csproj", "{88E38ECC-02C7-4C40-A95C-4BBF46EFD392}"
EndProject
Project("{FAE04EC0-301F-11D3-BF4B-00C04F79EFBC}") = "KingdomLifestyleMinistries.Web", "KingdomLifestyleMinistries.Web\KingdomLifestyleMinistries.Web.csproj", "{2492A5CB-E0F1-4000-B4AC-B5CCA2DC0694}"
EndProject
Project("{FAE04EC0-301F-11D3-BF4B-00C04F79EFBC}") = "KingdomLifestyleMinistries.Datastore", "KingdomLifestyleMinistries.Datastore\KingdomLifestyleMinistries.Datastore.csproj", "{56D54CE6-ACCD-4AB3-BC82-2152E999A567}"
EndProject
Project("{9A19103F-16F7-4668-BE54-9A1E7A4F7556}") = "Iqt.Base", "..\..\IqtFramework\Iqt.Base\Iqt.Base.csproj", "{0AA8E02B-5E34-48E6-9189-768F2E38D4A2}"
EndProject
Project("{FAE04EC0-301F-11D3-BF4B-00C04F79EFBC}") = "KingdomLifestyleMinistries.Web.Site", "KingdomLifestyleMinistries.Web.Site\KingdomLifestyleMinistries.Web.Site.csproj", "{CA2E83B8-86F7-4A78-B3A1-FA7B863BDDBA}"
EndProject
Project("{2150E333-8FDC-42A3-9474-1A3956D46DE8}") = "Blogging", "Blogging", "{F696CBAD-6544-466E-A498-6A366B2BA33E}"
EndProject
Project("{2150E333-8FDC-42A3-9474-1A3956D46DE8}") = "Calender", "Calender", "{4E2C9007-7EC6-4A4A-8CCE-E3696C24B1B2}"
EndProject
Project("{2150E333-8FDC-42A3-9474-1A3956D46DE8}") = "Employment", "Employment", "{47280D74-C47D-45E1-83D4-73793FE1431B}"
EndProject
Project("{2150E333-8FDC-42A3-9474-1A3956D46DE8}") = "Products", "Products", "{39B08844-58A0-4F64-8DD0-35B7794C3937}"
EndProject
Project("{2150E333-8FDC-42A3-9474-1A3956D46DE8}") = "Services", "Services", "{B5044843-E2F5-4029-85C1-CCA71F0EED59}"
EndProject
Project("{2150E333-8FDC-42A3-9474-1A3956D46DE8}") = "Shopping", "Shopping", "{2969A721-DB6C-463F-A3CE-584D5168FF76}"
EndProject
Global
	GlobalSection(SolutionConfigurationPlatforms) = preSolution
		Debug|Any CPU = Debug|Any CPU
		Release|Any CPU = Release|Any CPU
	EndGlobalSection
	GlobalSection(ProjectConfigurationPlatforms) = postSolution
		{88E38ECC-02C7-4C40-A95C-4BBF46EFD392}.Debug|Any CPU.ActiveCfg = Debug|Any CPU
		{88E38ECC-02C7-4C40-A95C-4BBF46EFD392}.Debug|Any CPU.Build.0 = Debug|Any CPU
		{88E38ECC-02C7-4C40-A95C-4BBF46EFD392}.Release|Any CPU.ActiveCfg = Release|Any CPU
		{88E38ECC-02C7-4C40-A95C-4BBF46EFD392}.Release|Any CPU.Build.0 = Release|Any CPU
		{2492A5CB-E0F1-4000-B4AC-B5CCA2DC0694}.Debug|Any CPU.ActiveCfg = Debug|Any CPU
		{2492A5CB-E0F1-4000-B4AC-B5CCA2DC0694}.Debug|Any CPU.Build.0 = Debug|Any CPU
		{2492A5CB-E0F1-4000-B4AC-B5CCA2DC0694}.Release|Any CPU.ActiveCfg = Release|Any CPU
		{2492A5CB-E0F1-4000-B4AC-B5CCA2DC0694}.Release|Any CPU.Build.0 = Release|Any CPU
		{56D54CE6-ACCD-4AB3-BC82-2152E999A567}.Debug|Any CPU.ActiveCfg = Debug|Any CPU
		{56D54CE6-ACCD-4AB3-BC82-2152E999A567}.Debug|Any CPU.Build.0 = Debug|Any CPU
		{56D54CE6-ACCD-4AB3-BC82-2152E999A567}.Release|Any CPU.ActiveCfg = Release|Any CPU
		{56D54CE6-ACCD-4AB3-BC82-2152E999A567}.Release|Any CPU.Build.0 = Release|Any CPU
		{0AA8E02B-5E34-48E6-9189-768F2E38D4A2}.Debug|Any CPU.ActiveCfg = Debug|Any CPU
		{0AA8E02B-5E34-48E6-9189-768F2E38D4A2}.Debug|Any CPU.Build.0 = Debug|Any CPU
		{0AA8E02B-5E34-48E6-9189-768F2E38D4A2}.Release|Any CPU.ActiveCfg = Release|Any CPU
		{0AA8E02B-5E34-48E6-9189-768F2E38D4A2}.Release|Any CPU.Build.0 = Release|Any CPU
		{CA2E83B8-86F7-4A78-B3A1-FA7B863BDDBA}.Debug|Any CPU.ActiveCfg = Debug|Any CPU
		{CA2E83B8-86F7-4A78-B3A1-FA7B863BDDBA}.Debug|Any CPU.Build.0 = Debug|Any CPU
		{CA2E83B8-86F7-4A78-B3A1-FA7B863BDDBA}.Release|Any CPU.ActiveCfg = Release|Any CPU
		{CA2E83B8-86F7-4A78-B3A1-FA7B863BDDBA}.Release|Any CPU.Build.0 = Release|Any CPU
	EndGlobalSection
	GlobalSection(SolutionProperties) = preSolution
		HideSolutionNode = FALSE
	EndGlobalSection
	GlobalSection(NestedProjects) = preSolution
		{88E38ECC-02C7-4C40-A95C-4BBF46EFD392} = {CB89D0D3-0FC5-4A03-B215-F9EA39B6BD4A}
		{2492A5CB-E0F1-4000-B4AC-B5CCA2DC0694} = {CB89D0D3-0FC5-4A03-B215-F9EA39B6BD4A}
		{56D54CE6-ACCD-4AB3-BC82-2152E999A567} = {7342AFF3-8AEE-4B5E-9AC5-57E14DD46C7B}
		{0AA8E02B-5E34-48E6-9189-768F2E38D4A2} = {2CA98BF2-8EC5-41A6-9E2E-BD4CBB88758D}
		{CA2E83B8-86F7-4A78-B3A1-FA7B863BDDBA} = {4E8C5CB7-3C9A-477C-B55E-F9853712CB57}
		{F696CBAD-6544-466E-A498-6A366B2BA33E} = {7F1BE1C9-8525-4BCF-9DCC-AE1F7A672B01}
		{4E2C9007-7EC6-4A4A-8CCE-E3696C24B1B2} = {7F1BE1C9-8525-4BCF-9DCC-AE1F7A672B01}
		{47280D74-C47D-45E1-83D4-73793FE1431B} = {7F1BE1C9-8525-4BCF-9DCC-AE1F7A672B01}
		{39B08844-58A0-4F64-8DD0-35B7794C3937} = {7F1BE1C9-8525-4BCF-9DCC-AE1F7A672B01}
		{B5044843-E2F5-4029-85C1-CCA71F0EED59} = {7F1BE1C9-8525-4BCF-9DCC-AE1F7A672B01}
		{2969A721-DB6C-463F-A3CE-584D5168FF76} = {7F1BE1C9-8525-4BCF-9DCC-AE1F7A672B01}
	EndGlobalSection
	GlobalSection(ExtensibilityGlobals) = postSolution
		SolutionGuid = {CD5EE4EA-DF08-4B21-B2F9-0BE2E37A4516}
	EndGlobalSection
EndGlobal
